// !$*UTF8*$!
{
	archiveVersion = 1;
	classes = {
	};
	objectVersion = 48;
	objects = {

/* Begin PBXBuildFile section */
		4431A05F22AB1CC900865489 /* AeonTextures.swift in Sources */ = {isa = PBXBuildFile; fileRef = 4431A05E22AB1CC900865489 /* AeonTextures.swift */; };
		4431A06022AB1CC900865489 /* AeonTextures.swift in Sources */ = {isa = PBXBuildFile; fileRef = 4431A05E22AB1CC900865489 /* AeonTextures.swift */; };
		4431A06122AB1CC900865489 /* AeonTextures.swift in Sources */ = {isa = PBXBuildFile; fileRef = 4431A05E22AB1CC900865489 /* AeonTextures.swift */; };
		4431A06222AB1CC900865489 /* AeonTextures.swift in Sources */ = {isa = PBXBuildFile; fileRef = 4431A05E22AB1CC900865489 /* AeonTextures.swift */; };
		444A981C234A638A00243BAB /* ManagedCreature+CoreDataClass.swift in Sources */ = {isa = PBXBuildFile; fileRef = 444A9810234A638A00243BAB /* ManagedCreature+CoreDataClass.swift */; };
		444A981D234A638A00243BAB /* ManagedCreature+CoreDataClass.swift in Sources */ = {isa = PBXBuildFile; fileRef = 444A9810234A638A00243BAB /* ManagedCreature+CoreDataClass.swift */; };
		444A981E234A638A00243BAB /* ManagedCreature+CoreDataProperties.swift in Sources */ = {isa = PBXBuildFile; fileRef = 444A9811234A638A00243BAB /* ManagedCreature+CoreDataProperties.swift */; };
		444A981F234A638A00243BAB /* ManagedCreature+CoreDataProperties.swift in Sources */ = {isa = PBXBuildFile; fileRef = 444A9811234A638A00243BAB /* ManagedCreature+CoreDataProperties.swift */; };
		444A9820234A638A00243BAB /* ManagedTankCreature+CoreDataClass.swift in Sources */ = {isa = PBXBuildFile; fileRef = 444A9812234A638A00243BAB /* ManagedTankCreature+CoreDataClass.swift */; };
		444A9821234A638A00243BAB /* ManagedTankCreature+CoreDataClass.swift in Sources */ = {isa = PBXBuildFile; fileRef = 444A9812234A638A00243BAB /* ManagedTankCreature+CoreDataClass.swift */; };
		444A9822234A638A00243BAB /* ManagedTankCreature+CoreDataProperties.swift in Sources */ = {isa = PBXBuildFile; fileRef = 444A9813234A638A00243BAB /* ManagedTankCreature+CoreDataProperties.swift */; };
		444A9823234A638A00243BAB /* ManagedTankCreature+CoreDataProperties.swift in Sources */ = {isa = PBXBuildFile; fileRef = 444A9813234A638A00243BAB /* ManagedTankCreature+CoreDataProperties.swift */; };
		444A9824234A638A00243BAB /* ManagedFood+CoreDataClass.swift in Sources */ = {isa = PBXBuildFile; fileRef = 444A9814234A638A00243BAB /* ManagedFood+CoreDataClass.swift */; };
		444A9825234A638A00243BAB /* ManagedFood+CoreDataClass.swift in Sources */ = {isa = PBXBuildFile; fileRef = 444A9814234A638A00243BAB /* ManagedFood+CoreDataClass.swift */; };
		444A9826234A638A00243BAB /* ManagedFood+CoreDataProperties.swift in Sources */ = {isa = PBXBuildFile; fileRef = 444A9815234A638A00243BAB /* ManagedFood+CoreDataProperties.swift */; };
		444A9827234A638A00243BAB /* ManagedFood+CoreDataProperties.swift in Sources */ = {isa = PBXBuildFile; fileRef = 444A9815234A638A00243BAB /* ManagedFood+CoreDataProperties.swift */; };
		444A9828234A638A00243BAB /* ManagedTank+CoreDataClass.swift in Sources */ = {isa = PBXBuildFile; fileRef = 444A9816234A638A00243BAB /* ManagedTank+CoreDataClass.swift */; };
		444A9829234A638A00243BAB /* ManagedTank+CoreDataClass.swift in Sources */ = {isa = PBXBuildFile; fileRef = 444A9816234A638A00243BAB /* ManagedTank+CoreDataClass.swift */; };
		444A982A234A638A00243BAB /* ManagedTank+CoreDataProperties.swift in Sources */ = {isa = PBXBuildFile; fileRef = 444A9817234A638A00243BAB /* ManagedTank+CoreDataProperties.swift */; };
		444A982B234A638A00243BAB /* ManagedTank+CoreDataProperties.swift in Sources */ = {isa = PBXBuildFile; fileRef = 444A9817234A638A00243BAB /* ManagedTank+CoreDataProperties.swift */; };
		444A982C234A638A00243BAB /* ManagedTankSettings+CoreDataClass.swift in Sources */ = {isa = PBXBuildFile; fileRef = 444A9818234A638A00243BAB /* ManagedTankSettings+CoreDataClass.swift */; };
		444A982D234A638A00243BAB /* ManagedTankSettings+CoreDataClass.swift in Sources */ = {isa = PBXBuildFile; fileRef = 444A9818234A638A00243BAB /* ManagedTankSettings+CoreDataClass.swift */; };
		444A982E234A638A00243BAB /* ManagedTankSettings+CoreDataProperties.swift in Sources */ = {isa = PBXBuildFile; fileRef = 444A9819234A638A00243BAB /* ManagedTankSettings+CoreDataProperties.swift */; };
		444A982F234A638A00243BAB /* ManagedTankSettings+CoreDataProperties.swift in Sources */ = {isa = PBXBuildFile; fileRef = 444A9819234A638A00243BAB /* ManagedTankSettings+CoreDataProperties.swift */; };
		444A9830234A638A00243BAB /* ManagedBubble+CoreDataClass.swift in Sources */ = {isa = PBXBuildFile; fileRef = 444A981A234A638A00243BAB /* ManagedBubble+CoreDataClass.swift */; };
		444A9831234A638A00243BAB /* ManagedBubble+CoreDataClass.swift in Sources */ = {isa = PBXBuildFile; fileRef = 444A981A234A638A00243BAB /* ManagedBubble+CoreDataClass.swift */; };
		444A9832234A638A00243BAB /* ManagedBubble+CoreDataProperties.swift in Sources */ = {isa = PBXBuildFile; fileRef = 444A981B234A638A00243BAB /* ManagedBubble+CoreDataProperties.swift */; };
		444A9833234A638A00243BAB /* ManagedBubble+CoreDataProperties.swift in Sources */ = {isa = PBXBuildFile; fileRef = 444A981B234A638A00243BAB /* ManagedBubble+CoreDataProperties.swift */; };
		444A9835234A68AB00243BAB /* Logging.swift in Sources */ = {isa = PBXBuildFile; fileRef = 444A9834234A68AB00243BAB /* Logging.swift */; };
		444A9836234A68AB00243BAB /* Logging.swift in Sources */ = {isa = PBXBuildFile; fileRef = 444A9834234A68AB00243BAB /* Logging.swift */; };
		444A9839234A6D4700243BAB /* ManagedLimb+CoreDataClass.swift in Sources */ = {isa = PBXBuildFile; fileRef = 444A9837234A6D4700243BAB /* ManagedLimb+CoreDataClass.swift */; };
		444A983A234A6D4700243BAB /* ManagedLimb+CoreDataClass.swift in Sources */ = {isa = PBXBuildFile; fileRef = 444A9837234A6D4700243BAB /* ManagedLimb+CoreDataClass.swift */; };
		444A983B234A6D4700243BAB /* ManagedLimb+CoreDataProperties.swift in Sources */ = {isa = PBXBuildFile; fileRef = 444A9838234A6D4700243BAB /* ManagedLimb+CoreDataProperties.swift */; };
		444A983C234A6D4700243BAB /* ManagedLimb+CoreDataProperties.swift in Sources */ = {isa = PBXBuildFile; fileRef = 444A9838234A6D4700243BAB /* ManagedLimb+CoreDataProperties.swift */; };
		4456E3BD234D76A800A9E401 /* Logging.swift in Sources */ = {isa = PBXBuildFile; fileRef = 444A9834234A68AB00243BAB /* Logging.swift */; };
		4456E3BE234D776600A9E401 /* Logging.swift in Sources */ = {isa = PBXBuildFile; fileRef = 444A9834234A68AB00243BAB /* Logging.swift */; };
		4456E3C0234D779900A9E401 /* Structs.swift in Sources */ = {isa = PBXBuildFile; fileRef = 447C8BB22347C47700DC7971 /* Structs.swift */; };
		447C8BAD2347BDA900DC7971 /* AeonGarden.xcdatamodeld in Sources */ = {isa = PBXBuildFile; fileRef = 447C8BAB2347BDA900DC7971 /* AeonGarden.xcdatamodeld */; };
		447C8BAE2347BDA900DC7971 /* AeonGarden.xcdatamodeld in Sources */ = {isa = PBXBuildFile; fileRef = 447C8BAB2347BDA900DC7971 /* AeonGarden.xcdatamodeld */; };
		447C8BB02347BDE700DC7971 /* CoreDataStore.swift in Sources */ = {isa = PBXBuildFile; fileRef = 447C8BAF2347BDE700DC7971 /* CoreDataStore.swift */; };
		447C8BB12347BDE700DC7971 /* CoreDataStore.swift in Sources */ = {isa = PBXBuildFile; fileRef = 447C8BAF2347BDE700DC7971 /* CoreDataStore.swift */; };
		447C8BB32347C47700DC7971 /* Structs.swift in Sources */ = {isa = PBXBuildFile; fileRef = 447C8BB22347C47700DC7971 /* Structs.swift */; };
		447C8BB42347C47700DC7971 /* Structs.swift in Sources */ = {isa = PBXBuildFile; fileRef = 447C8BB22347C47700DC7971 /* Structs.swift */; };
		447C8BB52347C47C00DC7971 /* Structs.swift in Sources */ = {isa = PBXBuildFile; fileRef = 447C8BB22347C47700DC7971 /* Structs.swift */; };
		447C8BB82347F72400DC7971 /* AeonViewModel.swift in Sources */ = {isa = PBXBuildFile; fileRef = 447C8BB72347F72400DC7971 /* AeonViewModel.swift */; };
		447C8BB92347F72400DC7971 /* AeonViewModel.swift in Sources */ = {isa = PBXBuildFile; fileRef = 447C8BB72347F72400DC7971 /* AeonViewModel.swift */; };
		449FF757226FD92900704D7C /* AeonFonts.swift in Sources */ = {isa = PBXBuildFile; fileRef = 449FF756226FD92900704D7C /* AeonFonts.swift */; };
		449FF758226FD92900704D7C /* AeonFonts.swift in Sources */ = {isa = PBXBuildFile; fileRef = 449FF756226FD92900704D7C /* AeonFonts.swift */; };
		44D73684227A68FF006A25B6 /* AeonButton.swift in Sources */ = {isa = PBXBuildFile; fileRef = B4B2D1F2226BD9A40050F14C /* AeonButton.swift */; };
		44D73685227A6903006A25B6 /* AeonDataView.swift in Sources */ = {isa = PBXBuildFile; fileRef = B4B2D1F4226BD9D20050F14C /* AeonDataView.swift */; };
		44D73686227A6F6B006A25B6 /* AeonViewController.swift in Sources */ = {isa = PBXBuildFile; fileRef = B48DDABC1F80943500DEA908 /* AeonViewController.swift */; };
		44EC7E2C2282591A00F2BA3E /* Launch Screen.storyboard in Resources */ = {isa = PBXBuildFile; fileRef = 44EC7E2B2282591A00F2BA3E /* Launch Screen.storyboard */; };
		82BF56C3256FB0182D5F3F18 /* Pods_Aeon_Garden_macOS.framework in Frameworks */ = {isa = PBXBuildFile; fileRef = 94FC0A83C46425083E854700 /* Pods_Aeon_Garden_macOS.framework */; };
		8E7E158ACFE2903488CE6E7E /* Pods_Aeon_Garden_iOS.framework in Frameworks */ = {isa = PBXBuildFile; fileRef = A69E33689BDFD1DAC0725B2E /* Pods_Aeon_Garden_iOS.framework */; };
		AF6124CCE6E6FF06CB0E4210 /* Pods_Aeon_Garden_tvOS.framework in Frameworks */ = {isa = PBXBuildFile; fileRef = 5BB5FC94C7B5B26BD77940B9 /* Pods_Aeon_Garden_tvOS.framework */; };
		B409E54D227E326B00546184 /* AeonScreenSaverView.swift in Sources */ = {isa = PBXBuildFile; fileRef = B409E54C227E326B00546184 /* AeonScreenSaverView.swift */; };
		B409E54F227E32FD00546184 /* GameView.swift in Sources */ = {isa = PBXBuildFile; fileRef = B409E54E227E32FD00546184 /* GameView.swift */; };
		B409E590227E3A2000546184 /* AeonNameGenerator.swift in Sources */ = {isa = PBXBuildFile; fileRef = B4364F7D1F8C7A7A0002B2BB /* AeonNameGenerator.swift */; };
		B409E591227E3A2000546184 /* Surnames in Resources */ = {isa = PBXBuildFile; fileRef = B4364F801F8C81C10002B2BB /* Surnames */; };
		B409E592227E3A2000546184 /* FirstNames in Resources */ = {isa = PBXBuildFile; fileRef = B4364F821F8C86020002B2BB /* FirstNames */; };
		B409E593227E3A2000546184 /* AeonUtils.swift in Sources */ = {isa = PBXBuildFile; fileRef = 44868F672231E855009F0460 /* AeonUtils.swift */; };
		B409E594227E3A2000546184 /* AeonColors.swift in Sources */ = {isa = PBXBuildFile; fileRef = B4DEED31224708800026604C /* AeonColors.swift */; };
		B409E596227E3A2000546184 /* SKTextureGradient.swift in Sources */ = {isa = PBXBuildFile; fileRef = B480388D223750DD005AF239 /* SKTextureGradient.swift */; };
		B409E597227E3A3300546184 /* AeonCreatureNode.swift in Sources */ = {isa = PBXBuildFile; fileRef = B48DDACD1F80B2B000DEA908 /* AeonCreatureNode.swift */; };
		B409E598227E3A3300546184 /* AeonLimbNode.swift in Sources */ = {isa = PBXBuildFile; fileRef = 44868F652231C7F5009F0460 /* AeonLimbNode.swift */; };
		B409E599227E3A3300546184 /* AeonCreatureBrain.swift in Sources */ = {isa = PBXBuildFile; fileRef = 44868F632231C2C2009F0460 /* AeonCreatureBrain.swift */; };
		B409E59A227E3A3300546184 /* AeonCreatureBrainStates.swift in Sources */ = {isa = PBXBuildFile; fileRef = 44868F6A223346E3009F0460 /* AeonCreatureBrainStates.swift */; };
		B409E59B227E3A3300546184 /* AeonFoodNode.swift in Sources */ = {isa = PBXBuildFile; fileRef = B48DDACF1F81A1DE00DEA908 /* AeonFoodNode.swift */; };
		B409E59C227E3A3300546184 /* AeonNodeProtocols.swift in Sources */ = {isa = PBXBuildFile; fileRef = B4DEED37224806850026604C /* AeonNodeProtocols.swift */; };
		B409E59D227E3A3300546184 /* AeonBubbleNode.swift in Sources */ = {isa = PBXBuildFile; fileRef = B4DEED39224817D80026604C /* AeonBubbleNode.swift */; };
		B409E59E227E3A3700546184 /* AeonTankScene.swift in Sources */ = {isa = PBXBuildFile; fileRef = B48DDABA1F80943500DEA908 /* AeonTankScene.swift */; };
		B409E5A0227E3A3A00546184 /* AeonOceanSquareBubbles.sks in Resources */ = {isa = PBXBuildFile; fileRef = B48DDADD1F8328E400DEA908 /* AeonOceanSquareBubbles.sks */; };
		B409E5A1227E3A3A00546184 /* AeonCreatureBubbleTrail.sks in Resources */ = {isa = PBXBuildFile; fileRef = 4419E9F02241A557007FE456 /* AeonCreatureBubbleTrail.sks */; };
		B409E5A3227E3A3E00546184 /* aeonBirthSound-C4.wav in Resources */ = {isa = PBXBuildFile; fileRef = B429D7282272C1460069D551 /* aeonBirthSound-C4.wav */; };
		B409E5A4227E3A3E00546184 /* aeonBirthSound-E4.wav in Resources */ = {isa = PBXBuildFile; fileRef = B429D72B2272C1470069D551 /* aeonBirthSound-E4.wav */; };
		B409E5A5227E3A3E00546184 /* aeonBirthSound-G4.wav in Resources */ = {isa = PBXBuildFile; fileRef = B429D7252272C1450069D551 /* aeonBirthSound-G4.wav */; };
		B409E5A6227E3A3E00546184 /* aeonBirthSound.wav in Resources */ = {isa = PBXBuildFile; fileRef = B429D7272272C1460069D551 /* aeonBirthSound.wav */; };
		B409E5A7227E3A3E00546184 /* aeonMateSound-C3.wav in Resources */ = {isa = PBXBuildFile; fileRef = B429D72A2272C1470069D551 /* aeonMateSound-C3.wav */; };
		B409E5A8227E3A3E00546184 /* aeonMateSound-E3.wav in Resources */ = {isa = PBXBuildFile; fileRef = B429D7292272C1470069D551 /* aeonMateSound-E3.wav */; };
		B409E5A9227E3A3E00546184 /* aeonMateSound-G3.wav in Resources */ = {isa = PBXBuildFile; fileRef = B429D7262272C1460069D551 /* aeonMateSound-G3.wav */; };
		B409E5AA227E3A3E00546184 /* pop.wav in Resources */ = {isa = PBXBuildFile; fileRef = B413ABF6224FFD3800E8BDD1 /* pop.wav */; };
		B409E5AB227E3A3E00546184 /* click_04.wav in Resources */ = {isa = PBXBuildFile; fileRef = B413AC032259A3AF00E8BDD1 /* click_04.wav */; };
		B409E5AC227E3A3E00546184 /* pop_drip.wav in Resources */ = {isa = PBXBuildFile; fileRef = B413ABFF22599F6C00E8BDD1 /* pop_drip.wav */; };
		B409E5AD227E3A3E00546184 /* pad_confirm.wav in Resources */ = {isa = PBXBuildFile; fileRef = B413AC072259A3E600E8BDD1 /* pad_confirm.wav */; };
		B409E5AE227E3A3E00546184 /* AeonSoundManager.swift in Sources */ = {isa = PBXBuildFile; fileRef = B413ABFB224FFD7D00E8BDD1 /* AeonSoundManager.swift */; };
		B409E5AF227E3A4000546184 /* Assets.xcassets in Resources */ = {isa = PBXBuildFile; fileRef = B413ABEC224D7E1B00E8BDD1 /* Assets.xcassets */; };
		B413AB78224D73C400E8BDD1 /* AppDelegate.swift in Sources */ = {isa = PBXBuildFile; fileRef = B413AB77224D73C400E8BDD1 /* AppDelegate.swift */; };
		B413AB89224D73C400E8BDD1 /* AppDelegate.swift in Sources */ = {isa = PBXBuildFile; fileRef = B413AB88224D73C400E8BDD1 /* AppDelegate.swift */; };
		B413AB97224D73C400E8BDD1 /* AppDelegate.swift in Sources */ = {isa = PBXBuildFile; fileRef = B413AB96224D73C400E8BDD1 /* AppDelegate.swift */; };
		B413AB99224D73C400E8BDD1 /* AeonViewController.swift in Sources */ = {isa = PBXBuildFile; fileRef = B413AB98224D73C400E8BDD1 /* AeonViewController.swift */; };
		B413AB9C224D73C400E8BDD1 /* Main.storyboard in Resources */ = {isa = PBXBuildFile; fileRef = B413AB9A224D73C400E8BDD1 /* Main.storyboard */; };
		B413ABB5224D7C7100E8BDD1 /* AeonTankScene.swift in Sources */ = {isa = PBXBuildFile; fileRef = B48DDABA1F80943500DEA908 /* AeonTankScene.swift */; };
		B413ABB6224D7C7200E8BDD1 /* AeonTankScene.swift in Sources */ = {isa = PBXBuildFile; fileRef = B48DDABA1F80943500DEA908 /* AeonTankScene.swift */; };
		B413ABB7224D7C7300E8BDD1 /* AeonTankScene.swift in Sources */ = {isa = PBXBuildFile; fileRef = B48DDABA1F80943500DEA908 /* AeonTankScene.swift */; };
		B413ABB8224D7C8100E8BDD1 /* AeonCreatureNode.swift in Sources */ = {isa = PBXBuildFile; fileRef = B48DDACD1F80B2B000DEA908 /* AeonCreatureNode.swift */; };
		B413ABB9224D7C8100E8BDD1 /* AeonLimbNode.swift in Sources */ = {isa = PBXBuildFile; fileRef = 44868F652231C7F5009F0460 /* AeonLimbNode.swift */; };
		B413ABBA224D7C8100E8BDD1 /* AeonCreatureBrain.swift in Sources */ = {isa = PBXBuildFile; fileRef = 44868F632231C2C2009F0460 /* AeonCreatureBrain.swift */; };
		B413ABBB224D7C8100E8BDD1 /* AeonCreatureBrainStates.swift in Sources */ = {isa = PBXBuildFile; fileRef = 44868F6A223346E3009F0460 /* AeonCreatureBrainStates.swift */; };
		B413ABBC224D7C8100E8BDD1 /* AeonFoodNode.swift in Sources */ = {isa = PBXBuildFile; fileRef = B48DDACF1F81A1DE00DEA908 /* AeonFoodNode.swift */; };
		B413ABBD224D7C8100E8BDD1 /* AeonNodeProtocols.swift in Sources */ = {isa = PBXBuildFile; fileRef = B4DEED37224806850026604C /* AeonNodeProtocols.swift */; };
		B413ABBE224D7C8100E8BDD1 /* AeonBubbleNode.swift in Sources */ = {isa = PBXBuildFile; fileRef = B4DEED39224817D80026604C /* AeonBubbleNode.swift */; };
		B413ABBF224D7C8200E8BDD1 /* AeonCreatureNode.swift in Sources */ = {isa = PBXBuildFile; fileRef = B48DDACD1F80B2B000DEA908 /* AeonCreatureNode.swift */; };
		B413ABC0224D7C8200E8BDD1 /* AeonLimbNode.swift in Sources */ = {isa = PBXBuildFile; fileRef = 44868F652231C7F5009F0460 /* AeonLimbNode.swift */; };
		B413ABC1224D7C8200E8BDD1 /* AeonCreatureBrain.swift in Sources */ = {isa = PBXBuildFile; fileRef = 44868F632231C2C2009F0460 /* AeonCreatureBrain.swift */; };
		B413ABC2224D7C8200E8BDD1 /* AeonCreatureBrainStates.swift in Sources */ = {isa = PBXBuildFile; fileRef = 44868F6A223346E3009F0460 /* AeonCreatureBrainStates.swift */; };
		B413ABC3224D7C8200E8BDD1 /* AeonFoodNode.swift in Sources */ = {isa = PBXBuildFile; fileRef = B48DDACF1F81A1DE00DEA908 /* AeonFoodNode.swift */; };
		B413ABC4224D7C8200E8BDD1 /* AeonNodeProtocols.swift in Sources */ = {isa = PBXBuildFile; fileRef = B4DEED37224806850026604C /* AeonNodeProtocols.swift */; };
		B413ABC5224D7C8200E8BDD1 /* AeonBubbleNode.swift in Sources */ = {isa = PBXBuildFile; fileRef = B4DEED39224817D80026604C /* AeonBubbleNode.swift */; };
		B413ABC6224D7C8300E8BDD1 /* AeonCreatureNode.swift in Sources */ = {isa = PBXBuildFile; fileRef = B48DDACD1F80B2B000DEA908 /* AeonCreatureNode.swift */; };
		B413ABC7224D7C8300E8BDD1 /* AeonLimbNode.swift in Sources */ = {isa = PBXBuildFile; fileRef = 44868F652231C7F5009F0460 /* AeonLimbNode.swift */; };
		B413ABC8224D7C8300E8BDD1 /* AeonCreatureBrain.swift in Sources */ = {isa = PBXBuildFile; fileRef = 44868F632231C2C2009F0460 /* AeonCreatureBrain.swift */; };
		B413ABC9224D7C8300E8BDD1 /* AeonCreatureBrainStates.swift in Sources */ = {isa = PBXBuildFile; fileRef = 44868F6A223346E3009F0460 /* AeonCreatureBrainStates.swift */; };
		B413ABCA224D7C8300E8BDD1 /* AeonFoodNode.swift in Sources */ = {isa = PBXBuildFile; fileRef = B48DDACF1F81A1DE00DEA908 /* AeonFoodNode.swift */; };
		B413ABCB224D7C8300E8BDD1 /* AeonNodeProtocols.swift in Sources */ = {isa = PBXBuildFile; fileRef = B4DEED37224806850026604C /* AeonNodeProtocols.swift */; };
		B413ABCC224D7C8300E8BDD1 /* AeonBubbleNode.swift in Sources */ = {isa = PBXBuildFile; fileRef = B4DEED39224817D80026604C /* AeonBubbleNode.swift */; };
		B413ABCD224D7C8A00E8BDD1 /* AeonNameGenerator.swift in Sources */ = {isa = PBXBuildFile; fileRef = B4364F7D1F8C7A7A0002B2BB /* AeonNameGenerator.swift */; };
		B413ABCE224D7C8A00E8BDD1 /* Surnames in Resources */ = {isa = PBXBuildFile; fileRef = B4364F801F8C81C10002B2BB /* Surnames */; };
		B413ABCF224D7C8A00E8BDD1 /* FirstNames in Resources */ = {isa = PBXBuildFile; fileRef = B4364F821F8C86020002B2BB /* FirstNames */; };
		B413ABD0224D7C8A00E8BDD1 /* AeonUtils.swift in Sources */ = {isa = PBXBuildFile; fileRef = 44868F672231E855009F0460 /* AeonUtils.swift */; };
		B413ABD1224D7C8A00E8BDD1 /* AeonColors.swift in Sources */ = {isa = PBXBuildFile; fileRef = B4DEED31224708800026604C /* AeonColors.swift */; };
		B413ABD2224D7C8A00E8BDD1 /* SKTextureGradient.swift in Sources */ = {isa = PBXBuildFile; fileRef = B480388D223750DD005AF239 /* SKTextureGradient.swift */; };
		B413ABD3224D7C8B00E8BDD1 /* AeonNameGenerator.swift in Sources */ = {isa = PBXBuildFile; fileRef = B4364F7D1F8C7A7A0002B2BB /* AeonNameGenerator.swift */; };
		B413ABD4224D7C8B00E8BDD1 /* Surnames in Resources */ = {isa = PBXBuildFile; fileRef = B4364F801F8C81C10002B2BB /* Surnames */; };
		B413ABD5224D7C8B00E8BDD1 /* FirstNames in Resources */ = {isa = PBXBuildFile; fileRef = B4364F821F8C86020002B2BB /* FirstNames */; };
		B413ABD6224D7C8B00E8BDD1 /* AeonUtils.swift in Sources */ = {isa = PBXBuildFile; fileRef = 44868F672231E855009F0460 /* AeonUtils.swift */; };
		B413ABD7224D7C8B00E8BDD1 /* AeonColors.swift in Sources */ = {isa = PBXBuildFile; fileRef = B4DEED31224708800026604C /* AeonColors.swift */; };
		B413ABD8224D7C8B00E8BDD1 /* SKTextureGradient.swift in Sources */ = {isa = PBXBuildFile; fileRef = B480388D223750DD005AF239 /* SKTextureGradient.swift */; };
		B413ABD9224D7C8C00E8BDD1 /* AeonNameGenerator.swift in Sources */ = {isa = PBXBuildFile; fileRef = B4364F7D1F8C7A7A0002B2BB /* AeonNameGenerator.swift */; };
		B413ABDA224D7C8C00E8BDD1 /* Surnames in Resources */ = {isa = PBXBuildFile; fileRef = B4364F801F8C81C10002B2BB /* Surnames */; };
		B413ABDB224D7C8C00E8BDD1 /* FirstNames in Resources */ = {isa = PBXBuildFile; fileRef = B4364F821F8C86020002B2BB /* FirstNames */; };
		B413ABDC224D7C8C00E8BDD1 /* AeonUtils.swift in Sources */ = {isa = PBXBuildFile; fileRef = 44868F672231E855009F0460 /* AeonUtils.swift */; };
		B413ABDE224D7C8C00E8BDD1 /* SKTextureGradient.swift in Sources */ = {isa = PBXBuildFile; fileRef = B480388D223750DD005AF239 /* SKTextureGradient.swift */; };
		B413ABDF224D7CC000E8BDD1 /* AeonViewController.swift in Sources */ = {isa = PBXBuildFile; fileRef = B48DDABC1F80943500DEA908 /* AeonViewController.swift */; };
		B413ABE3224D7D4F00E8BDD1 /* AeonOceanSquareBubbles.sks in Resources */ = {isa = PBXBuildFile; fileRef = B48DDADD1F8328E400DEA908 /* AeonOceanSquareBubbles.sks */; };
		B413ABE4224D7D4F00E8BDD1 /* AeonCreatureBubbleTrail.sks in Resources */ = {isa = PBXBuildFile; fileRef = 4419E9F02241A557007FE456 /* AeonCreatureBubbleTrail.sks */; };
		B413ABE6224D7D4F00E8BDD1 /* AeonOceanSquareBubbles.sks in Resources */ = {isa = PBXBuildFile; fileRef = B48DDADD1F8328E400DEA908 /* AeonOceanSquareBubbles.sks */; };
		B413ABE7224D7D4F00E8BDD1 /* AeonCreatureBubbleTrail.sks in Resources */ = {isa = PBXBuildFile; fileRef = 4419E9F02241A557007FE456 /* AeonCreatureBubbleTrail.sks */; };
		B413ABE9224D7D5000E8BDD1 /* AeonOceanSquareBubbles.sks in Resources */ = {isa = PBXBuildFile; fileRef = B48DDADD1F8328E400DEA908 /* AeonOceanSquareBubbles.sks */; };
		B413ABEA224D7D5000E8BDD1 /* AeonCreatureBubbleTrail.sks in Resources */ = {isa = PBXBuildFile; fileRef = 4419E9F02241A557007FE456 /* AeonCreatureBubbleTrail.sks */; };
		B413ABF3224D847B00E8BDD1 /* Assets.xcassets in Resources */ = {isa = PBXBuildFile; fileRef = B413ABEC224D7E1B00E8BDD1 /* Assets.xcassets */; };
		B413ABF4224DC6A000E8BDD1 /* AeonColors.swift in Sources */ = {isa = PBXBuildFile; fileRef = B4DEED31224708800026604C /* AeonColors.swift */; };
		B413ABF7224FFD3800E8BDD1 /* pop.wav in Resources */ = {isa = PBXBuildFile; fileRef = B413ABF6224FFD3800E8BDD1 /* pop.wav */; };
		B413ABF8224FFD3800E8BDD1 /* pop.wav in Resources */ = {isa = PBXBuildFile; fileRef = B413ABF6224FFD3800E8BDD1 /* pop.wav */; };
		B413ABF9224FFD3800E8BDD1 /* pop.wav in Resources */ = {isa = PBXBuildFile; fileRef = B413ABF6224FFD3800E8BDD1 /* pop.wav */; };
		B413ABFC224FFD7D00E8BDD1 /* AeonSoundManager.swift in Sources */ = {isa = PBXBuildFile; fileRef = B413ABFB224FFD7D00E8BDD1 /* AeonSoundManager.swift */; };
		B413ABFD225002A300E8BDD1 /* AeonSoundManager.swift in Sources */ = {isa = PBXBuildFile; fileRef = B413ABFB224FFD7D00E8BDD1 /* AeonSoundManager.swift */; };
		B413ABFE225002A400E8BDD1 /* AeonSoundManager.swift in Sources */ = {isa = PBXBuildFile; fileRef = B413ABFB224FFD7D00E8BDD1 /* AeonSoundManager.swift */; };
		B413AC0022599F6D00E8BDD1 /* pop_drip.wav in Resources */ = {isa = PBXBuildFile; fileRef = B413ABFF22599F6C00E8BDD1 /* pop_drip.wav */; };
		B413AC0122599F6D00E8BDD1 /* pop_drip.wav in Resources */ = {isa = PBXBuildFile; fileRef = B413ABFF22599F6C00E8BDD1 /* pop_drip.wav */; };
		B413AC0222599F6D00E8BDD1 /* pop_drip.wav in Resources */ = {isa = PBXBuildFile; fileRef = B413ABFF22599F6C00E8BDD1 /* pop_drip.wav */; };
		B413AC042259A3AF00E8BDD1 /* click_04.wav in Resources */ = {isa = PBXBuildFile; fileRef = B413AC032259A3AF00E8BDD1 /* click_04.wav */; };
		B413AC052259A3AF00E8BDD1 /* click_04.wav in Resources */ = {isa = PBXBuildFile; fileRef = B413AC032259A3AF00E8BDD1 /* click_04.wav */; };
		B413AC062259A3AF00E8BDD1 /* click_04.wav in Resources */ = {isa = PBXBuildFile; fileRef = B413AC032259A3AF00E8BDD1 /* click_04.wav */; };
		B413AC082259A3E600E8BDD1 /* pad_confirm.wav in Resources */ = {isa = PBXBuildFile; fileRef = B413AC072259A3E600E8BDD1 /* pad_confirm.wav */; };
		B413AC092259A3E600E8BDD1 /* pad_confirm.wav in Resources */ = {isa = PBXBuildFile; fileRef = B413AC072259A3E600E8BDD1 /* pad_confirm.wav */; };
		B413AC0A2259A3E600E8BDD1 /* pad_confirm.wav in Resources */ = {isa = PBXBuildFile; fileRef = B413AC072259A3E600E8BDD1 /* pad_confirm.wav */; };
		B4250BFF2272B16300551424 /* Assets.xcassets in Resources */ = {isa = PBXBuildFile; fileRef = B413ABEC224D7E1B00E8BDD1 /* Assets.xcassets */; };
		B4250C002272B16400551424 /* Assets.xcassets in Resources */ = {isa = PBXBuildFile; fileRef = B413ABEC224D7E1B00E8BDD1 /* Assets.xcassets */; };
		B429D72C2272C1480069D551 /* aeonBirthSound-G4.wav in Resources */ = {isa = PBXBuildFile; fileRef = B429D7252272C1450069D551 /* aeonBirthSound-G4.wav */; };
		B429D72D2272C1480069D551 /* aeonBirthSound-G4.wav in Resources */ = {isa = PBXBuildFile; fileRef = B429D7252272C1450069D551 /* aeonBirthSound-G4.wav */; };
		B429D72E2272C1480069D551 /* aeonBirthSound-G4.wav in Resources */ = {isa = PBXBuildFile; fileRef = B429D7252272C1450069D551 /* aeonBirthSound-G4.wav */; };
		B429D72F2272C1480069D551 /* aeonMateSound-G3.wav in Resources */ = {isa = PBXBuildFile; fileRef = B429D7262272C1460069D551 /* aeonMateSound-G3.wav */; };
		B429D7302272C1480069D551 /* aeonMateSound-G3.wav in Resources */ = {isa = PBXBuildFile; fileRef = B429D7262272C1460069D551 /* aeonMateSound-G3.wav */; };
		B429D7312272C1480069D551 /* aeonMateSound-G3.wav in Resources */ = {isa = PBXBuildFile; fileRef = B429D7262272C1460069D551 /* aeonMateSound-G3.wav */; };
		B429D7322272C1480069D551 /* aeonBirthSound.wav in Resources */ = {isa = PBXBuildFile; fileRef = B429D7272272C1460069D551 /* aeonBirthSound.wav */; };
		B429D7332272C1480069D551 /* aeonBirthSound.wav in Resources */ = {isa = PBXBuildFile; fileRef = B429D7272272C1460069D551 /* aeonBirthSound.wav */; };
		B429D7342272C1480069D551 /* aeonBirthSound.wav in Resources */ = {isa = PBXBuildFile; fileRef = B429D7272272C1460069D551 /* aeonBirthSound.wav */; };
		B429D7352272C1480069D551 /* aeonBirthSound-C4.wav in Resources */ = {isa = PBXBuildFile; fileRef = B429D7282272C1460069D551 /* aeonBirthSound-C4.wav */; };
		B429D7362272C1480069D551 /* aeonBirthSound-C4.wav in Resources */ = {isa = PBXBuildFile; fileRef = B429D7282272C1460069D551 /* aeonBirthSound-C4.wav */; };
		B429D7372272C1480069D551 /* aeonBirthSound-C4.wav in Resources */ = {isa = PBXBuildFile; fileRef = B429D7282272C1460069D551 /* aeonBirthSound-C4.wav */; };
		B429D7382272C1480069D551 /* aeonMateSound-E3.wav in Resources */ = {isa = PBXBuildFile; fileRef = B429D7292272C1470069D551 /* aeonMateSound-E3.wav */; };
		B429D7392272C1480069D551 /* aeonMateSound-E3.wav in Resources */ = {isa = PBXBuildFile; fileRef = B429D7292272C1470069D551 /* aeonMateSound-E3.wav */; };
		B429D73A2272C1480069D551 /* aeonMateSound-E3.wav in Resources */ = {isa = PBXBuildFile; fileRef = B429D7292272C1470069D551 /* aeonMateSound-E3.wav */; };
		B429D73B2272C1480069D551 /* aeonMateSound-C3.wav in Resources */ = {isa = PBXBuildFile; fileRef = B429D72A2272C1470069D551 /* aeonMateSound-C3.wav */; };
		B429D73C2272C1480069D551 /* aeonMateSound-C3.wav in Resources */ = {isa = PBXBuildFile; fileRef = B429D72A2272C1470069D551 /* aeonMateSound-C3.wav */; };
		B429D73D2272C1480069D551 /* aeonMateSound-C3.wav in Resources */ = {isa = PBXBuildFile; fileRef = B429D72A2272C1470069D551 /* aeonMateSound-C3.wav */; };
		B429D73E2272C1480069D551 /* aeonBirthSound-E4.wav in Resources */ = {isa = PBXBuildFile; fileRef = B429D72B2272C1470069D551 /* aeonBirthSound-E4.wav */; };
		B429D73F2272C1480069D551 /* aeonBirthSound-E4.wav in Resources */ = {isa = PBXBuildFile; fileRef = B429D72B2272C1470069D551 /* aeonBirthSound-E4.wav */; };
		B429D7402272C1480069D551 /* aeonBirthSound-E4.wav in Resources */ = {isa = PBXBuildFile; fileRef = B429D72B2272C1470069D551 /* aeonBirthSound-E4.wav */; };
		B42E6090227E19B8001EC013 /* AeonUISettings.swift in Sources */ = {isa = PBXBuildFile; fileRef = B42E608F227E19B8001EC013 /* AeonUISettings.swift */; };
		B42E6091227E19B8001EC013 /* AeonUISettings.swift in Sources */ = {isa = PBXBuildFile; fileRef = B42E608F227E19B8001EC013 /* AeonUISettings.swift */; };
		B46CA6B5227F8F0800FAAAA6 /* AeonAssetGrabber.swift in Sources */ = {isa = PBXBuildFile; fileRef = B46CA6B4227F8F0800FAAAA6 /* AeonAssetGrabber.swift */; };
		B46CA6B6227F8F0800FAAAA6 /* AeonAssetGrabber.swift in Sources */ = {isa = PBXBuildFile; fileRef = B46CA6B4227F8F0800FAAAA6 /* AeonAssetGrabber.swift */; };
		B46CA6B7227F8F0800FAAAA6 /* AeonAssetGrabber.swift in Sources */ = {isa = PBXBuildFile; fileRef = B46CA6B4227F8F0800FAAAA6 /* AeonAssetGrabber.swift */; };
		B46CA6B8227F8F0800FAAAA6 /* AeonAssetGrabber.swift in Sources */ = {isa = PBXBuildFile; fileRef = B46CA6B4227F8F0800FAAAA6 /* AeonAssetGrabber.swift */; };
		B4B2D1F3226BD9A40050F14C /* AeonButton.swift in Sources */ = {isa = PBXBuildFile; fileRef = B4B2D1F2226BD9A40050F14C /* AeonButton.swift */; };
		B4B2D1F5226BD9D20050F14C /* AeonDataView.swift in Sources */ = {isa = PBXBuildFile; fileRef = B4B2D1F4226BD9D20050F14C /* AeonDataView.swift */; };
/* End PBXBuildFile section */

/* Begin PBXFileReference section */
		05B57AE72325131A628E17E6 /* Pods-Aeon Garden macOS.release.xcconfig */ = {isa = PBXFileReference; includeInIndex = 1; lastKnownFileType = text.xcconfig; name = "Pods-Aeon Garden macOS.release.xcconfig"; path = "Target Support Files/Pods-Aeon Garden macOS/Pods-Aeon Garden macOS.release.xcconfig"; sourceTree = "<group>"; };
		1921664E2469C290D4148C61 /* Pods-Aeon Garden Original iOS.debug.xcconfig */ = {isa = PBXFileReference; includeInIndex = 1; lastKnownFileType = text.xcconfig; name = "Pods-Aeon Garden Original iOS.debug.xcconfig"; path = "Target Support Files/Pods-Aeon Garden Original iOS/Pods-Aeon Garden Original iOS.debug.xcconfig"; sourceTree = "<group>"; };
		36FD16856D813C5EFD6431ED /* Pods-Aeon Garden iOS.release.xcconfig */ = {isa = PBXFileReference; includeInIndex = 1; lastKnownFileType = text.xcconfig; name = "Pods-Aeon Garden iOS.release.xcconfig"; path = "Target Support Files/Pods-Aeon Garden iOS/Pods-Aeon Garden iOS.release.xcconfig"; sourceTree = "<group>"; };
		4419E9F02241A557007FE456 /* AeonCreatureBubbleTrail.sks */ = {isa = PBXFileReference; lastKnownFileType = file.sks; path = AeonCreatureBubbleTrail.sks; sourceTree = "<group>"; };
		4431A05E22AB1CC900865489 /* AeonTextures.swift */ = {isa = PBXFileReference; lastKnownFileType = sourcecode.swift; path = AeonTextures.swift; sourceTree = "<group>"; };
		444A9810234A638A00243BAB /* ManagedCreature+CoreDataClass.swift */ = {isa = PBXFileReference; lastKnownFileType = sourcecode.swift; path = "ManagedCreature+CoreDataClass.swift"; sourceTree = "<group>"; };
		444A9811234A638A00243BAB /* ManagedCreature+CoreDataProperties.swift */ = {isa = PBXFileReference; lastKnownFileType = sourcecode.swift; path = "ManagedCreature+CoreDataProperties.swift"; sourceTree = "<group>"; };
		444A9812234A638A00243BAB /* ManagedTankCreature+CoreDataClass.swift */ = {isa = PBXFileReference; lastKnownFileType = sourcecode.swift; path = "ManagedTankCreature+CoreDataClass.swift"; sourceTree = "<group>"; };
		444A9813234A638A00243BAB /* ManagedTankCreature+CoreDataProperties.swift */ = {isa = PBXFileReference; lastKnownFileType = sourcecode.swift; path = "ManagedTankCreature+CoreDataProperties.swift"; sourceTree = "<group>"; };
		444A9814234A638A00243BAB /* ManagedFood+CoreDataClass.swift */ = {isa = PBXFileReference; lastKnownFileType = sourcecode.swift; path = "ManagedFood+CoreDataClass.swift"; sourceTree = "<group>"; };
		444A9815234A638A00243BAB /* ManagedFood+CoreDataProperties.swift */ = {isa = PBXFileReference; lastKnownFileType = sourcecode.swift; path = "ManagedFood+CoreDataProperties.swift"; sourceTree = "<group>"; };
		444A9816234A638A00243BAB /* ManagedTank+CoreDataClass.swift */ = {isa = PBXFileReference; lastKnownFileType = sourcecode.swift; path = "ManagedTank+CoreDataClass.swift"; sourceTree = "<group>"; };
		444A9817234A638A00243BAB /* ManagedTank+CoreDataProperties.swift */ = {isa = PBXFileReference; lastKnownFileType = sourcecode.swift; path = "ManagedTank+CoreDataProperties.swift"; sourceTree = "<group>"; };
		444A9818234A638A00243BAB /* ManagedTankSettings+CoreDataClass.swift */ = {isa = PBXFileReference; lastKnownFileType = sourcecode.swift; path = "ManagedTankSettings+CoreDataClass.swift"; sourceTree = "<group>"; };
		444A9819234A638A00243BAB /* ManagedTankSettings+CoreDataProperties.swift */ = {isa = PBXFileReference; lastKnownFileType = sourcecode.swift; path = "ManagedTankSettings+CoreDataProperties.swift"; sourceTree = "<group>"; };
		444A981A234A638A00243BAB /* ManagedBubble+CoreDataClass.swift */ = {isa = PBXFileReference; lastKnownFileType = sourcecode.swift; path = "ManagedBubble+CoreDataClass.swift"; sourceTree = "<group>"; };
		444A981B234A638A00243BAB /* ManagedBubble+CoreDataProperties.swift */ = {isa = PBXFileReference; lastKnownFileType = sourcecode.swift; path = "ManagedBubble+CoreDataProperties.swift"; sourceTree = "<group>"; };
		444A9834234A68AB00243BAB /* Logging.swift */ = {isa = PBXFileReference; lastKnownFileType = sourcecode.swift; path = Logging.swift; sourceTree = "<group>"; };
		444A9837234A6D4700243BAB /* ManagedLimb+CoreDataClass.swift */ = {isa = PBXFileReference; lastKnownFileType = sourcecode.swift; path = "ManagedLimb+CoreDataClass.swift"; sourceTree = "<group>"; };
		444A9838234A6D4700243BAB /* ManagedLimb+CoreDataProperties.swift */ = {isa = PBXFileReference; lastKnownFileType = sourcecode.swift; path = "ManagedLimb+CoreDataProperties.swift"; sourceTree = "<group>"; };
		447C8BAC2347BDA900DC7971 /* AeonGarden.xcdatamodel */ = {isa = PBXFileReference; lastKnownFileType = wrapper.xcdatamodel; path = AeonGarden.xcdatamodel; sourceTree = "<group>"; };
		447C8BAF2347BDE700DC7971 /* CoreDataStore.swift */ = {isa = PBXFileReference; lastKnownFileType = sourcecode.swift; path = CoreDataStore.swift; sourceTree = "<group>"; };
		447C8BB22347C47700DC7971 /* Structs.swift */ = {isa = PBXFileReference; lastKnownFileType = sourcecode.swift; path = Structs.swift; sourceTree = "<group>"; };
		447C8BB72347F72400DC7971 /* AeonViewModel.swift */ = {isa = PBXFileReference; lastKnownFileType = sourcecode.swift; path = AeonViewModel.swift; sourceTree = "<group>"; };
		44868F632231C2C2009F0460 /* AeonCreatureBrain.swift */ = {isa = PBXFileReference; lastKnownFileType = sourcecode.swift; path = AeonCreatureBrain.swift; sourceTree = "<group>"; };
		44868F652231C7F5009F0460 /* AeonLimbNode.swift */ = {isa = PBXFileReference; lastKnownFileType = sourcecode.swift; path = AeonLimbNode.swift; sourceTree = "<group>"; };
		44868F672231E855009F0460 /* AeonUtils.swift */ = {isa = PBXFileReference; lastKnownFileType = sourcecode.swift; path = AeonUtils.swift; sourceTree = "<group>"; };
		44868F6A223346E3009F0460 /* AeonCreatureBrainStates.swift */ = {isa = PBXFileReference; lastKnownFileType = sourcecode.swift; path = AeonCreatureBrainStates.swift; sourceTree = "<group>"; };
		449FF756226FD92900704D7C /* AeonFonts.swift */ = {isa = PBXFileReference; lastKnownFileType = sourcecode.swift; path = AeonFonts.swift; sourceTree = "<group>"; };
		44EC7E2B2282591A00F2BA3E /* Launch Screen.storyboard */ = {isa = PBXFileReference; lastKnownFileType = file.storyboard; path = "Launch Screen.storyboard"; sourceTree = "<group>"; };
		55106F82B8367E59A3F6FC58 /* Pods_Aeon_Garden.framework */ = {isa = PBXFileReference; explicitFileType = wrapper.framework; includeInIndex = 0; path = Pods_Aeon_Garden.framework; sourceTree = BUILT_PRODUCTS_DIR; };
		5BB5FC94C7B5B26BD77940B9 /* Pods_Aeon_Garden_tvOS.framework */ = {isa = PBXFileReference; explicitFileType = wrapper.framework; includeInIndex = 0; path = Pods_Aeon_Garden_tvOS.framework; sourceTree = BUILT_PRODUCTS_DIR; };
		8DEDF779719125253E8C1592 /* Pods-Aeon Garden.release.xcconfig */ = {isa = PBXFileReference; includeInIndex = 1; lastKnownFileType = text.xcconfig; name = "Pods-Aeon Garden.release.xcconfig"; path = "Target Support Files/Pods-Aeon Garden/Pods-Aeon Garden.release.xcconfig"; sourceTree = "<group>"; };
		94FC0A83C46425083E854700 /* Pods_Aeon_Garden_macOS.framework */ = {isa = PBXFileReference; explicitFileType = wrapper.framework; includeInIndex = 0; path = Pods_Aeon_Garden_macOS.framework; sourceTree = BUILT_PRODUCTS_DIR; };
		961DCC078C765B757AA3FC21 /* Pods-Aeon Garden macOS.debug.xcconfig */ = {isa = PBXFileReference; includeInIndex = 1; lastKnownFileType = text.xcconfig; name = "Pods-Aeon Garden macOS.debug.xcconfig"; path = "Target Support Files/Pods-Aeon Garden macOS/Pods-Aeon Garden macOS.debug.xcconfig"; sourceTree = "<group>"; };
		9DA5FBDDF894B044FA1831F3 /* Pods-Aeon Garden iOS.debug.xcconfig */ = {isa = PBXFileReference; includeInIndex = 1; lastKnownFileType = text.xcconfig; name = "Pods-Aeon Garden iOS.debug.xcconfig"; path = "Target Support Files/Pods-Aeon Garden iOS/Pods-Aeon Garden iOS.debug.xcconfig"; sourceTree = "<group>"; };
		A69E33689BDFD1DAC0725B2E /* Pods_Aeon_Garden_iOS.framework */ = {isa = PBXFileReference; explicitFileType = wrapper.framework; includeInIndex = 0; path = Pods_Aeon_Garden_iOS.framework; sourceTree = BUILT_PRODUCTS_DIR; };
		AD05DABBB678E736592C175E /* Pods-Aeon Garden Original iOS.release.xcconfig */ = {isa = PBXFileReference; includeInIndex = 1; lastKnownFileType = text.xcconfig; name = "Pods-Aeon Garden Original iOS.release.xcconfig"; path = "Target Support Files/Pods-Aeon Garden Original iOS/Pods-Aeon Garden Original iOS.release.xcconfig"; sourceTree = "<group>"; };
		B409E541227E31D000546184 /* Aeon Garden Screensaver.saver */ = {isa = PBXFileReference; explicitFileType = wrapper.cfbundle; includeInIndex = 0; path = "Aeon Garden Screensaver.saver"; sourceTree = BUILT_PRODUCTS_DIR; };
		B409E547227E31D000546184 /* Info.plist */ = {isa = PBXFileReference; lastKnownFileType = text.plist.xml; path = Info.plist; sourceTree = "<group>"; };
		B409E54C227E326B00546184 /* AeonScreenSaverView.swift */ = {isa = PBXFileReference; lastKnownFileType = sourcecode.swift; path = AeonScreenSaverView.swift; sourceTree = "<group>"; };
		B409E54E227E32FD00546184 /* GameView.swift */ = {isa = PBXFileReference; lastKnownFileType = sourcecode.swift; path = GameView.swift; sourceTree = "<group>"; };
		B413AB75224D73C400E8BDD1 /* Aeon Garden.app */ = {isa = PBXFileReference; explicitFileType = wrapper.application; includeInIndex = 0; path = "Aeon Garden.app"; sourceTree = BUILT_PRODUCTS_DIR; };
		B413AB77224D73C400E8BDD1 /* AppDelegate.swift */ = {isa = PBXFileReference; lastKnownFileType = sourcecode.swift; path = AppDelegate.swift; sourceTree = "<group>"; };
		B413AB81224D73C400E8BDD1 /* Info.plist */ = {isa = PBXFileReference; lastKnownFileType = text.plist.xml; path = Info.plist; sourceTree = "<group>"; };
		B413AB86224D73C400E8BDD1 /* Aeon Garden.app */ = {isa = PBXFileReference; explicitFileType = wrapper.application; includeInIndex = 0; path = "Aeon Garden.app"; sourceTree = BUILT_PRODUCTS_DIR; };
		B413AB88224D73C400E8BDD1 /* AppDelegate.swift */ = {isa = PBXFileReference; lastKnownFileType = sourcecode.swift; path = AppDelegate.swift; sourceTree = "<group>"; };
		B413AB8F224D73C400E8BDD1 /* Info.plist */ = {isa = PBXFileReference; lastKnownFileType = text.plist.xml; path = Info.plist; sourceTree = "<group>"; };
		B413AB94224D73C400E8BDD1 /* Aeon Garden.app */ = {isa = PBXFileReference; explicitFileType = wrapper.application; includeInIndex = 0; path = "Aeon Garden.app"; sourceTree = BUILT_PRODUCTS_DIR; };
		B413AB96224D73C400E8BDD1 /* AppDelegate.swift */ = {isa = PBXFileReference; lastKnownFileType = sourcecode.swift; path = AppDelegate.swift; sourceTree = "<group>"; };
		B413AB98224D73C400E8BDD1 /* AeonViewController.swift */ = {isa = PBXFileReference; lastKnownFileType = sourcecode.swift; path = AeonViewController.swift; sourceTree = "<group>"; };
		B413AB9B224D73C400E8BDD1 /* Base */ = {isa = PBXFileReference; lastKnownFileType = file.storyboard; name = Base; path = Base.lproj/Main.storyboard; sourceTree = "<group>"; };
		B413AB9D224D73C400E8BDD1 /* Info.plist */ = {isa = PBXFileReference; lastKnownFileType = text.plist.xml; path = Info.plist; sourceTree = "<group>"; };
		B413ABEC224D7E1B00E8BDD1 /* Assets.xcassets */ = {isa = PBXFileReference; lastKnownFileType = folder.assetcatalog; path = Assets.xcassets; sourceTree = "<group>"; };
		B413ABF6224FFD3800E8BDD1 /* pop.wav */ = {isa = PBXFileReference; lastKnownFileType = audio.wav; path = pop.wav; sourceTree = "<group>"; };
		B413ABFB224FFD7D00E8BDD1 /* AeonSoundManager.swift */ = {isa = PBXFileReference; lastKnownFileType = sourcecode.swift; path = AeonSoundManager.swift; sourceTree = "<group>"; };
		B413ABFF22599F6C00E8BDD1 /* pop_drip.wav */ = {isa = PBXFileReference; lastKnownFileType = audio.wav; path = pop_drip.wav; sourceTree = "<group>"; };
		B413AC032259A3AF00E8BDD1 /* click_04.wav */ = {isa = PBXFileReference; lastKnownFileType = audio.wav; path = click_04.wav; sourceTree = "<group>"; };
		B413AC072259A3E600E8BDD1 /* pad_confirm.wav */ = {isa = PBXFileReference; lastKnownFileType = audio.wav; path = pad_confirm.wav; sourceTree = "<group>"; };
		B429D7252272C1450069D551 /* aeonBirthSound-G4.wav */ = {isa = PBXFileReference; lastKnownFileType = audio.wav; path = "aeonBirthSound-G4.wav"; sourceTree = "<group>"; };
		B429D7262272C1460069D551 /* aeonMateSound-G3.wav */ = {isa = PBXFileReference; lastKnownFileType = audio.wav; path = "aeonMateSound-G3.wav"; sourceTree = "<group>"; };
		B429D7272272C1460069D551 /* aeonBirthSound.wav */ = {isa = PBXFileReference; lastKnownFileType = audio.wav; path = aeonBirthSound.wav; sourceTree = "<group>"; };
		B429D7282272C1460069D551 /* aeonBirthSound-C4.wav */ = {isa = PBXFileReference; lastKnownFileType = audio.wav; path = "aeonBirthSound-C4.wav"; sourceTree = "<group>"; };
		B429D7292272C1470069D551 /* aeonMateSound-E3.wav */ = {isa = PBXFileReference; lastKnownFileType = audio.wav; path = "aeonMateSound-E3.wav"; sourceTree = "<group>"; };
		B429D72A2272C1470069D551 /* aeonMateSound-C3.wav */ = {isa = PBXFileReference; lastKnownFileType = audio.wav; path = "aeonMateSound-C3.wav"; sourceTree = "<group>"; };
		B429D72B2272C1470069D551 /* aeonBirthSound-E4.wav */ = {isa = PBXFileReference; lastKnownFileType = audio.wav; path = "aeonBirthSound-E4.wav"; sourceTree = "<group>"; };
		B42E608F227E19B8001EC013 /* AeonUISettings.swift */ = {isa = PBXFileReference; lastKnownFileType = sourcecode.swift; path = AeonUISettings.swift; sourceTree = "<group>"; };
		B4364F7D1F8C7A7A0002B2BB /* AeonNameGenerator.swift */ = {isa = PBXFileReference; lastKnownFileType = sourcecode.swift; path = AeonNameGenerator.swift; sourceTree = "<group>"; };
		B4364F801F8C81C10002B2BB /* Surnames */ = {isa = PBXFileReference; lastKnownFileType = text; path = Surnames; sourceTree = "<group>"; };
		B4364F821F8C86020002B2BB /* FirstNames */ = {isa = PBXFileReference; lastKnownFileType = text; path = FirstNames; sourceTree = "<group>"; };
		B46CA6B4227F8F0800FAAAA6 /* AeonAssetGrabber.swift */ = {isa = PBXFileReference; lastKnownFileType = sourcecode.swift; path = AeonAssetGrabber.swift; sourceTree = "<group>"; };
		B480388D223750DD005AF239 /* SKTextureGradient.swift */ = {isa = PBXFileReference; lastKnownFileType = sourcecode.swift; path = SKTextureGradient.swift; sourceTree = "<group>"; };
		B48DDABA1F80943500DEA908 /* AeonTankScene.swift */ = {isa = PBXFileReference; lastKnownFileType = sourcecode.swift; path = AeonTankScene.swift; sourceTree = "<group>"; };
		B48DDABC1F80943500DEA908 /* AeonViewController.swift */ = {isa = PBXFileReference; lastKnownFileType = sourcecode.swift; path = AeonViewController.swift; sourceTree = "<group>"; };
		B48DDACD1F80B2B000DEA908 /* AeonCreatureNode.swift */ = {isa = PBXFileReference; lastKnownFileType = sourcecode.swift; path = AeonCreatureNode.swift; sourceTree = "<group>"; };
		B48DDACF1F81A1DE00DEA908 /* AeonFoodNode.swift */ = {isa = PBXFileReference; lastKnownFileType = sourcecode.swift; path = AeonFoodNode.swift; sourceTree = "<group>"; };
		B48DDADD1F8328E400DEA908 /* AeonOceanSquareBubbles.sks */ = {isa = PBXFileReference; lastKnownFileType = file.sks; path = AeonOceanSquareBubbles.sks; sourceTree = "<group>"; };
		B4B2D1F2226BD9A40050F14C /* AeonButton.swift */ = {isa = PBXFileReference; lastKnownFileType = sourcecode.swift; path = AeonButton.swift; sourceTree = "<group>"; };
		B4B2D1F4226BD9D20050F14C /* AeonDataView.swift */ = {isa = PBXFileReference; lastKnownFileType = sourcecode.swift; path = AeonDataView.swift; sourceTree = "<group>"; };
		B4DEED31224708800026604C /* AeonColors.swift */ = {isa = PBXFileReference; lastKnownFileType = sourcecode.swift; path = AeonColors.swift; sourceTree = "<group>"; };
		B4DEED37224806850026604C /* AeonNodeProtocols.swift */ = {isa = PBXFileReference; lastKnownFileType = sourcecode.swift; path = AeonNodeProtocols.swift; sourceTree = "<group>"; };
		B4DEED39224817D80026604C /* AeonBubbleNode.swift */ = {isa = PBXFileReference; lastKnownFileType = sourcecode.swift; path = AeonBubbleNode.swift; sourceTree = "<group>"; };
		BBCAC8D12F956FA3F979ADA7 /* Pods-Aeon Garden tvOS.release.xcconfig */ = {isa = PBXFileReference; includeInIndex = 1; lastKnownFileType = text.xcconfig; name = "Pods-Aeon Garden tvOS.release.xcconfig"; path = "Target Support Files/Pods-Aeon Garden tvOS/Pods-Aeon Garden tvOS.release.xcconfig"; sourceTree = "<group>"; };
		C92F255750A6748D9021CCC3 /* Pods-Aeon Garden.debug.xcconfig */ = {isa = PBXFileReference; includeInIndex = 1; lastKnownFileType = text.xcconfig; name = "Pods-Aeon Garden.debug.xcconfig"; path = "Target Support Files/Pods-Aeon Garden/Pods-Aeon Garden.debug.xcconfig"; sourceTree = "<group>"; };
		E0627D97642BD8C1363D7935 /* Pods-Aeon Garden tvOS.debug.xcconfig */ = {isa = PBXFileReference; includeInIndex = 1; lastKnownFileType = text.xcconfig; name = "Pods-Aeon Garden tvOS.debug.xcconfig"; path = "Target Support Files/Pods-Aeon Garden tvOS/Pods-Aeon Garden tvOS.debug.xcconfig"; sourceTree = "<group>"; };
		E7FF2114A3347A2F93E3B678 /* Pods_Aeon_Garden_Original_iOS.framework */ = {isa = PBXFileReference; explicitFileType = wrapper.framework; includeInIndex = 0; path = Pods_Aeon_Garden_Original_iOS.framework; sourceTree = BUILT_PRODUCTS_DIR; };
/* End PBXFileReference section */

/* Begin PBXFrameworksBuildPhase section */
		B409E53E227E31D000546184 /* Frameworks */ = {
			isa = PBXFrameworksBuildPhase;
			buildActionMask = 2147483647;
			files = (
			);
			runOnlyForDeploymentPostprocessing = 0;
		};
		B413AB72224D73C400E8BDD1 /* Frameworks */ = {
			isa = PBXFrameworksBuildPhase;
			buildActionMask = 2147483647;
			files = (
				8E7E158ACFE2903488CE6E7E /* Pods_Aeon_Garden_iOS.framework in Frameworks */,
			);
			runOnlyForDeploymentPostprocessing = 0;
		};
		B413AB83224D73C400E8BDD1 /* Frameworks */ = {
			isa = PBXFrameworksBuildPhase;
			buildActionMask = 2147483647;
			files = (
				AF6124CCE6E6FF06CB0E4210 /* Pods_Aeon_Garden_tvOS.framework in Frameworks */,
			);
			runOnlyForDeploymentPostprocessing = 0;
		};
		B413AB91224D73C400E8BDD1 /* Frameworks */ = {
			isa = PBXFrameworksBuildPhase;
			buildActionMask = 2147483647;
			files = (
				82BF56C3256FB0182D5F3F18 /* Pods_Aeon_Garden_macOS.framework in Frameworks */,
			);
			runOnlyForDeploymentPostprocessing = 0;
		};
/* End PBXFrameworksBuildPhase section */

/* Begin PBXGroup section */
		04FCECD635035E84A37BC818 /* Frameworks */ = {
			isa = PBXGroup;
			children = (
				55106F82B8367E59A3F6FC58 /* Pods_Aeon_Garden.framework */,
				E7FF2114A3347A2F93E3B678 /* Pods_Aeon_Garden_Original_iOS.framework */,
				A69E33689BDFD1DAC0725B2E /* Pods_Aeon_Garden_iOS.framework */,
				94FC0A83C46425083E854700 /* Pods_Aeon_Garden_macOS.framework */,
				5BB5FC94C7B5B26BD77940B9 /* Pods_Aeon_Garden_tvOS.framework */,
			);
			name = Frameworks;
			sourceTree = "<group>";
		};
		44387DD8234D6E390073767A /* Platform Support */ = {
			isa = PBXGroup;
			children = (
				B409E542227E31D000546184 /* macOS Screensaver */,
				B413AB95224D73C400E8BDD1 /* macOS */,
				B413AB87224D73C400E8BDD1 /* tvOS */,
				B413AB76224D73C400E8BDD1 /* iOS */,
			);
			path = "Platform Support";
			sourceTree = "<group>";
		};
		444A97C52349564900243BAB /* Core Data */ = {
			isa = PBXGroup;
			children = (
				444A983D234A82DC00243BAB /* Models */,
				447C8BAF2347BDE700DC7971 /* CoreDataStore.swift */,
			);
			path = "Core Data";
			sourceTree = "<group>";
		};
		444A983D234A82DC00243BAB /* Models */ = {
			isa = PBXGroup;
			children = (
				447C8BAB2347BDA900DC7971 /* AeonGarden.xcdatamodeld */,
				444A9837234A6D4700243BAB /* ManagedLimb+CoreDataClass.swift */,
				444A9838234A6D4700243BAB /* ManagedLimb+CoreDataProperties.swift */,
				444A9810234A638A00243BAB /* ManagedCreature+CoreDataClass.swift */,
				444A9811234A638A00243BAB /* ManagedCreature+CoreDataProperties.swift */,
				444A9812234A638A00243BAB /* ManagedTankCreature+CoreDataClass.swift */,
				444A9813234A638A00243BAB /* ManagedTankCreature+CoreDataProperties.swift */,
				444A9814234A638A00243BAB /* ManagedFood+CoreDataClass.swift */,
				444A9815234A638A00243BAB /* ManagedFood+CoreDataProperties.swift */,
				444A9816234A638A00243BAB /* ManagedTank+CoreDataClass.swift */,
				444A9817234A638A00243BAB /* ManagedTank+CoreDataProperties.swift */,
				444A9818234A638A00243BAB /* ManagedTankSettings+CoreDataClass.swift */,
				444A9819234A638A00243BAB /* ManagedTankSettings+CoreDataProperties.swift */,
				444A981A234A638A00243BAB /* ManagedBubble+CoreDataClass.swift */,
				444A981B234A638A00243BAB /* ManagedBubble+CoreDataProperties.swift */,
			);
			path = Models;
			sourceTree = "<group>";
		};
		447C8BAA2347BD8700DC7971 /* Models */ = {
			isa = PBXGroup;
			children = (
				444A97C52349564900243BAB /* Core Data */,
				447C8BB22347C47700DC7971 /* Structs.swift */,
			);
			path = Models;
			sourceTree = "<group>";
		};
		44868F5F2230B6BA009F0460 /* AeonCreatureNode */ = {
			isa = PBXGroup;
			children = (
				B48DDACD1F80B2B000DEA908 /* AeonCreatureNode.swift */,
				44868F652231C7F5009F0460 /* AeonLimbNode.swift */,
				44868F632231C2C2009F0460 /* AeonCreatureBrain.swift */,
				44868F6A223346E3009F0460 /* AeonCreatureBrainStates.swift */,
			);
			path = AeonCreatureNode;
			sourceTree = "<group>";
		};
		44D36650223B1D63006AB1C7 /* Utilities */ = {
			isa = PBXGroup;
			children = (
				B4364F791F8C78070002B2BB /* AeonNameGenerator */,
				44868F672231E855009F0460 /* AeonUtils.swift */,
				B4DEED31224708800026604C /* AeonColors.swift */,
				449FF756226FD92900704D7C /* AeonFonts.swift */,
				B480388D223750DD005AF239 /* SKTextureGradient.swift */,
				B46CA6B4227F8F0800FAAAA6 /* AeonAssetGrabber.swift */,
				444A9834234A68AB00243BAB /* Logging.swift */,
			);
			name = Utilities;
			path = Core/Utilities;
			sourceTree = SOURCE_ROOT;
		};
		44D73688227A7036006A25B6 /* Views */ = {
			isa = PBXGroup;
			children = (
				B4B2D1F1226BD9250050F14C /* UI Elements */,
				B48DDABC1F80943500DEA908 /* AeonViewController.swift */,
				B42E608F227E19B8001EC013 /* AeonUISettings.swift */,
				447C8BB72347F72400DC7971 /* AeonViewModel.swift */,
			);
			path = Views;
			sourceTree = "<group>";
		};
		B409E542227E31D000546184 /* macOS Screensaver */ = {
			isa = PBXGroup;
			children = (
				B409E547227E31D000546184 /* Info.plist */,
				B409E54C227E326B00546184 /* AeonScreenSaverView.swift */,
				B409E54E227E32FD00546184 /* GameView.swift */,
			);
			path = "macOS Screensaver";
			sourceTree = "<group>";
		};
		B413AB6C224D73C200E8BDD1 /* Core */ = {
			isa = PBXGroup;
			children = (
				B413ABEC224D7E1B00E8BDD1 /* Assets.xcassets */,
				B413ABFA224FFD3B00E8BDD1 /* Sound */,
				B4364F7A1F8C78190002B2BB /* Particles */,
				B4DEED362248065B0026604C /* Scenes */,
				B4DEED3522470E400026604C /* Nodes */,
				44D36650223B1D63006AB1C7 /* Utilities */,
				44D73688227A7036006A25B6 /* Views */,
				447C8BAA2347BD8700DC7971 /* Models */,
			);
			path = Core;
			sourceTree = SOURCE_ROOT;
		};
		B413AB76224D73C400E8BDD1 /* iOS */ = {
			isa = PBXGroup;
			children = (
				B413AB77224D73C400E8BDD1 /* AppDelegate.swift */,
				B413AB81224D73C400E8BDD1 /* Info.plist */,
				44EC7E2B2282591A00F2BA3E /* Launch Screen.storyboard */,
			);
			path = iOS;
			sourceTree = "<group>";
		};
		B413AB87224D73C400E8BDD1 /* tvOS */ = {
			isa = PBXGroup;
			children = (
				B413AB88224D73C400E8BDD1 /* AppDelegate.swift */,
				B413AB8F224D73C400E8BDD1 /* Info.plist */,
			);
			path = tvOS;
			sourceTree = "<group>";
		};
		B413AB95224D73C400E8BDD1 /* macOS */ = {
			isa = PBXGroup;
			children = (
				B413AB96224D73C400E8BDD1 /* AppDelegate.swift */,
				B413AB98224D73C400E8BDD1 /* AeonViewController.swift */,
				B413AB9A224D73C400E8BDD1 /* Main.storyboard */,
				B413AB9D224D73C400E8BDD1 /* Info.plist */,
			);
			path = macOS;
			sourceTree = "<group>";
		};
		B413ABFA224FFD3B00E8BDD1 /* Sound */ = {
			isa = PBXGroup;
			children = (
				B429D7282272C1460069D551 /* aeonBirthSound-C4.wav */,
				B429D72B2272C1470069D551 /* aeonBirthSound-E4.wav */,
				B429D7252272C1450069D551 /* aeonBirthSound-G4.wav */,
				B429D7272272C1460069D551 /* aeonBirthSound.wav */,
				B429D72A2272C1470069D551 /* aeonMateSound-C3.wav */,
				B429D7292272C1470069D551 /* aeonMateSound-E3.wav */,
				B429D7262272C1460069D551 /* aeonMateSound-G3.wav */,
				B413ABF6224FFD3800E8BDD1 /* pop.wav */,
				B413AC032259A3AF00E8BDD1 /* click_04.wav */,
				B413ABFF22599F6C00E8BDD1 /* pop_drip.wav */,
				B413AC072259A3E600E8BDD1 /* pad_confirm.wav */,
				B413ABFB224FFD7D00E8BDD1 /* AeonSoundManager.swift */,
			);
			path = Sound;
			sourceTree = "<group>";
		};
		B4364F791F8C78070002B2BB /* AeonNameGenerator */ = {
			isa = PBXGroup;
			children = (
				B4364F7D1F8C7A7A0002B2BB /* AeonNameGenerator.swift */,
				B4364F801F8C81C10002B2BB /* Surnames */,
				B4364F821F8C86020002B2BB /* FirstNames */,
			);
			path = AeonNameGenerator;
			sourceTree = "<group>";
		};
		B4364F7A1F8C78190002B2BB /* Particles */ = {
			isa = PBXGroup;
			children = (
				B48DDADD1F8328E400DEA908 /* AeonOceanSquareBubbles.sks */,
				4419E9F02241A557007FE456 /* AeonCreatureBubbleTrail.sks */,
			);
			name = Particles;
			path = Core/Particles;
			sourceTree = SOURCE_ROOT;
		};
		B48DDAA81F80943500DEA908 = {
			isa = PBXGroup;
			children = (
				B413AB6C224D73C200E8BDD1 /* Core */,
				44387DD8234D6E390073767A /* Platform Support */,
				B48DDAB21F80943500DEA908 /* Products */,
				C3FE8F8E96A673E848F74E7E /* Pods */,
				04FCECD635035E84A37BC818 /* Frameworks */,
			);
			sourceTree = "<group>";
		};
		B48DDAB21F80943500DEA908 /* Products */ = {
			isa = PBXGroup;
			children = (
				B413AB75224D73C400E8BDD1 /* Aeon Garden.app */,
				B413AB86224D73C400E8BDD1 /* Aeon Garden.app */,
				B413AB94224D73C400E8BDD1 /* Aeon Garden.app */,
				B409E541227E31D000546184 /* Aeon Garden Screensaver.saver */,
			);
			name = Products;
			sourceTree = "<group>";
		};
		B4B2D1F1226BD9250050F14C /* UI Elements */ = {
			isa = PBXGroup;
			children = (
				B4B2D1F2226BD9A40050F14C /* AeonButton.swift */,
				B4B2D1F4226BD9D20050F14C /* AeonDataView.swift */,
			);
			path = "UI Elements";
			sourceTree = "<group>";
		};
		B4DEED3522470E400026604C /* Nodes */ = {
			isa = PBXGroup;
			children = (
				44868F5F2230B6BA009F0460 /* AeonCreatureNode */,
				B48DDACF1F81A1DE00DEA908 /* AeonFoodNode.swift */,
				B4DEED37224806850026604C /* AeonNodeProtocols.swift */,
				B4DEED39224817D80026604C /* AeonBubbleNode.swift */,
				4431A05E22AB1CC900865489 /* AeonTextures.swift */,
			);
			name = Nodes;
			path = Core/Nodes;
			sourceTree = SOURCE_ROOT;
		};
		B4DEED362248065B0026604C /* Scenes */ = {
			isa = PBXGroup;
			children = (
				B48DDABA1F80943500DEA908 /* AeonTankScene.swift */,
			);
			name = Scenes;
			path = Core/Scenes;
			sourceTree = SOURCE_ROOT;
		};
		C3FE8F8E96A673E848F74E7E /* Pods */ = {
			isa = PBXGroup;
			children = (
				C92F255750A6748D9021CCC3 /* Pods-Aeon Garden.debug.xcconfig */,
				8DEDF779719125253E8C1592 /* Pods-Aeon Garden.release.xcconfig */,
				1921664E2469C290D4148C61 /* Pods-Aeon Garden Original iOS.debug.xcconfig */,
				AD05DABBB678E736592C175E /* Pods-Aeon Garden Original iOS.release.xcconfig */,
				9DA5FBDDF894B044FA1831F3 /* Pods-Aeon Garden iOS.debug.xcconfig */,
				36FD16856D813C5EFD6431ED /* Pods-Aeon Garden iOS.release.xcconfig */,
				961DCC078C765B757AA3FC21 /* Pods-Aeon Garden macOS.debug.xcconfig */,
				05B57AE72325131A628E17E6 /* Pods-Aeon Garden macOS.release.xcconfig */,
				E0627D97642BD8C1363D7935 /* Pods-Aeon Garden tvOS.debug.xcconfig */,
				BBCAC8D12F956FA3F979ADA7 /* Pods-Aeon Garden tvOS.release.xcconfig */,
			);
			path = Pods;
			sourceTree = "<group>";
		};
/* End PBXGroup section */

/* Begin PBXHeadersBuildPhase section */
		B409E53C227E31D000546184 /* Headers */ = {
			isa = PBXHeadersBuildPhase;
			buildActionMask = 2147483647;
			files = (
			);
			runOnlyForDeploymentPostprocessing = 0;
		};
/* End PBXHeadersBuildPhase section */

/* Begin PBXNativeTarget section */
		B409E540227E31D000546184 /* Aeon Garden Screensaver */ = {
			isa = PBXNativeTarget;
			buildConfigurationList = B409E54A227E31D000546184 /* Build configuration list for PBXNativeTarget "Aeon Garden Screensaver" */;
			buildPhases = (
				B409E53C227E31D000546184 /* Headers */,
				B409E53D227E31D000546184 /* Sources */,
				B409E53E227E31D000546184 /* Frameworks */,
				B409E53F227E31D000546184 /* Resources */,
			);
			buildRules = (
			);
			dependencies = (
			);
			name = "Aeon Garden Screensaver";
			productName = "Aeon Garden";
			productReference = B409E541227E31D000546184 /* Aeon Garden Screensaver.saver */;
			productType = "com.apple.product-type.bundle";
		};
		B413AB74224D73C400E8BDD1 /* Aeon Garden iOS */ = {
			isa = PBXNativeTarget;
			buildConfigurationList = B413ABB0224D73C400E8BDD1 /* Build configuration list for PBXNativeTarget "Aeon Garden iOS" */;
			buildPhases = (
				219FFC9F148B3EEBF1CF4463 /* [CP] Check Pods Manifest.lock */,
				B413AB71224D73C400E8BDD1 /* Sources */,
				B413AB72224D73C400E8BDD1 /* Frameworks */,
				B413AB73224D73C400E8BDD1 /* Resources */,
			);
			buildRules = (
			);
			dependencies = (
			);
			name = "Aeon Garden iOS";
			productName = "Aeon Garden iOS";
			productReference = B413AB75224D73C400E8BDD1 /* Aeon Garden.app */;
			productType = "com.apple.product-type.application";
		};
		B413AB85224D73C400E8BDD1 /* Aeon Garden tvOS */ = {
			isa = PBXNativeTarget;
			buildConfigurationList = B413ABB1224D73C400E8BDD1 /* Build configuration list for PBXNativeTarget "Aeon Garden tvOS" */;
			buildPhases = (
				E39BA31A484E8546D44F9DE5 /* [CP] Check Pods Manifest.lock */,
				B413AB82224D73C400E8BDD1 /* Sources */,
				B413AB83224D73C400E8BDD1 /* Frameworks */,
				B413AB84224D73C400E8BDD1 /* Resources */,
			);
			buildRules = (
			);
			dependencies = (
			);
			name = "Aeon Garden tvOS";
			productName = "Aeon Garden tvOS";
			productReference = B413AB86224D73C400E8BDD1 /* Aeon Garden.app */;
			productType = "com.apple.product-type.application";
		};
		B413AB93224D73C400E8BDD1 /* Aeon Garden macOS */ = {
			isa = PBXNativeTarget;
			buildConfigurationList = B413ABB2224D73C400E8BDD1 /* Build configuration list for PBXNativeTarget "Aeon Garden macOS" */;
			buildPhases = (
				D3764C1375C7211F95FE3A1D /* [CP] Check Pods Manifest.lock */,
				B413AB90224D73C400E8BDD1 /* Sources */,
				B413AB91224D73C400E8BDD1 /* Frameworks */,
				B413AB92224D73C400E8BDD1 /* Resources */,
			);
			buildRules = (
			);
			dependencies = (
			);
			name = "Aeon Garden macOS";
			productName = "Aeon Garden macOS";
			productReference = B413AB94224D73C400E8BDD1 /* Aeon Garden.app */;
			productType = "com.apple.product-type.application";
		};
/* End PBXNativeTarget section */

/* Begin PBXProject section */
		B48DDAA91F80943500DEA908 /* Project object */ = {
			isa = PBXProject;
			attributes = {
				LastSwiftUpdateCheck = 1020;
				LastUpgradeCheck = 1000;
				ORGANIZATIONNAME = "Brad Root";
				TargetAttributes = {
					B409E540227E31D000546184 = {
						CreatedOnToolsVersion = 10.2.1;
						LastSwiftMigration = 1020;
						ProvisioningStyle = Automatic;
					};
					B413AB74224D73C400E8BDD1 = {
						CreatedOnToolsVersion = 10.2;
						ProvisioningStyle = Automatic;
					};
					B413AB85224D73C400E8BDD1 = {
						CreatedOnToolsVersion = 10.2;
						ProvisioningStyle = Automatic;
					};
					B413AB93224D73C400E8BDD1 = {
						CreatedOnToolsVersion = 10.2;
						ProvisioningStyle = Automatic;
					};
				};
			};
			buildConfigurationList = B48DDAAC1F80943500DEA908 /* Build configuration list for PBXProject "Aeon Garden" */;
			compatibilityVersion = "Xcode 8.0";
			developmentRegion = en;
			hasScannedForEncodings = 0;
			knownRegions = (
				en,
				Base,
			);
			mainGroup = B48DDAA81F80943500DEA908;
			productRefGroup = B48DDAB21F80943500DEA908 /* Products */;
			projectDirPath = "";
			projectRoot = "";
			targets = (
				B413AB74224D73C400E8BDD1 /* Aeon Garden iOS */,
				B413AB85224D73C400E8BDD1 /* Aeon Garden tvOS */,
				B413AB93224D73C400E8BDD1 /* Aeon Garden macOS */,
				B409E540227E31D000546184 /* Aeon Garden Screensaver */,
			);
		};
/* End PBXProject section */

/* Begin PBXResourcesBuildPhase section */
		B409E53F227E31D000546184 /* Resources */ = {
			isa = PBXResourcesBuildPhase;
			buildActionMask = 2147483647;
			files = (
				B409E5A1227E3A3A00546184 /* AeonCreatureBubbleTrail.sks in Resources */,
				B409E592227E3A2000546184 /* FirstNames in Resources */,
				B409E5A9227E3A3E00546184 /* aeonMateSound-G3.wav in Resources */,
				B409E5AB227E3A3E00546184 /* click_04.wav in Resources */,
				B409E591227E3A2000546184 /* Surnames in Resources */,
				B409E5AF227E3A4000546184 /* Assets.xcassets in Resources */,
				B409E5AC227E3A3E00546184 /* pop_drip.wav in Resources */,
				B409E5A6227E3A3E00546184 /* aeonBirthSound.wav in Resources */,
				B409E5A3227E3A3E00546184 /* aeonBirthSound-C4.wav in Resources */,
				B409E5A7227E3A3E00546184 /* aeonMateSound-C3.wav in Resources */,
				B409E5AA227E3A3E00546184 /* pop.wav in Resources */,
				B409E5A0227E3A3A00546184 /* AeonOceanSquareBubbles.sks in Resources */,
				B409E5A5227E3A3E00546184 /* aeonBirthSound-G4.wav in Resources */,
				B409E5AD227E3A3E00546184 /* pad_confirm.wav in Resources */,
				B409E5A4227E3A3E00546184 /* aeonBirthSound-E4.wav in Resources */,
				B409E5A8227E3A3E00546184 /* aeonMateSound-E3.wav in Resources */,
			);
			runOnlyForDeploymentPostprocessing = 0;
		};
		B413AB73224D73C400E8BDD1 /* Resources */ = {
			isa = PBXResourcesBuildPhase;
			buildActionMask = 2147483647;
			files = (
				B413ABE3224D7D4F00E8BDD1 /* AeonOceanSquareBubbles.sks in Resources */,
				B413ABE4224D7D4F00E8BDD1 /* AeonCreatureBubbleTrail.sks in Resources */,
				44EC7E2C2282591A00F2BA3E /* Launch Screen.storyboard in Resources */,
				B4250BFF2272B16300551424 /* Assets.xcassets in Resources */,
				B429D7322272C1480069D551 /* aeonBirthSound.wav in Resources */,
				B413ABF7224FFD3800E8BDD1 /* pop.wav in Resources */,
				B413ABCE224D7C8A00E8BDD1 /* Surnames in Resources */,
				B429D72F2272C1480069D551 /* aeonMateSound-G3.wav in Resources */,
				B429D73B2272C1480069D551 /* aeonMateSound-C3.wav in Resources */,
				B429D7382272C1480069D551 /* aeonMateSound-E3.wav in Resources */,
				B429D73E2272C1480069D551 /* aeonBirthSound-E4.wav in Resources */,
				B413AC082259A3E600E8BDD1 /* pad_confirm.wav in Resources */,
				B413ABCF224D7C8A00E8BDD1 /* FirstNames in Resources */,
				B413AC0022599F6D00E8BDD1 /* pop_drip.wav in Resources */,
				B429D72C2272C1480069D551 /* aeonBirthSound-G4.wav in Resources */,
				B429D7352272C1480069D551 /* aeonBirthSound-C4.wav in Resources */,
				B413AC042259A3AF00E8BDD1 /* click_04.wav in Resources */,
			);
			runOnlyForDeploymentPostprocessing = 0;
		};
		B413AB84224D73C400E8BDD1 /* Resources */ = {
			isa = PBXResourcesBuildPhase;
			buildActionMask = 2147483647;
			files = (
				B413ABE6224D7D4F00E8BDD1 /* AeonOceanSquareBubbles.sks in Resources */,
				B413ABF8224FFD3800E8BDD1 /* pop.wav in Resources */,
				B429D7332272C1480069D551 /* aeonBirthSound.wav in Resources */,
				B413ABE7224D7D4F00E8BDD1 /* AeonCreatureBubbleTrail.sks in Resources */,
				B429D7302272C1480069D551 /* aeonMateSound-G3.wav in Resources */,
				B413ABD4224D7C8B00E8BDD1 /* Surnames in Resources */,
				B429D73C2272C1480069D551 /* aeonMateSound-C3.wav in Resources */,
				B429D7392272C1480069D551 /* aeonMateSound-E3.wav in Resources */,
				B429D73F2272C1480069D551 /* aeonBirthSound-E4.wav in Resources */,
				B413AC092259A3E600E8BDD1 /* pad_confirm.wav in Resources */,
				B413ABD5224D7C8B00E8BDD1 /* FirstNames in Resources */,
				B413AC0122599F6D00E8BDD1 /* pop_drip.wav in Resources */,
				B413ABF3224D847B00E8BDD1 /* Assets.xcassets in Resources */,
				B429D72D2272C1480069D551 /* aeonBirthSound-G4.wav in Resources */,
				B429D7362272C1480069D551 /* aeonBirthSound-C4.wav in Resources */,
				B413AC052259A3AF00E8BDD1 /* click_04.wav in Resources */,
			);
			runOnlyForDeploymentPostprocessing = 0;
		};
		B413AB92224D73C400E8BDD1 /* Resources */ = {
			isa = PBXResourcesBuildPhase;
			buildActionMask = 2147483647;
			files = (
				B413ABE9224D7D5000E8BDD1 /* AeonOceanSquareBubbles.sks in Resources */,
				B413AB9C224D73C400E8BDD1 /* Main.storyboard in Resources */,
				B4250C002272B16400551424 /* Assets.xcassets in Resources */,
				B429D7342272C1480069D551 /* aeonBirthSound.wav in Resources */,
				B413ABF9224FFD3800E8BDD1 /* pop.wav in Resources */,
				B413ABEA224D7D5000E8BDD1 /* AeonCreatureBubbleTrail.sks in Resources */,
				B429D7312272C1480069D551 /* aeonMateSound-G3.wav in Resources */,
				B429D73D2272C1480069D551 /* aeonMateSound-C3.wav in Resources */,
				B429D73A2272C1480069D551 /* aeonMateSound-E3.wav in Resources */,
				B429D7402272C1480069D551 /* aeonBirthSound-E4.wav in Resources */,
				B413ABDA224D7C8C00E8BDD1 /* Surnames in Resources */,
				B413AC0A2259A3E600E8BDD1 /* pad_confirm.wav in Resources */,
				B413ABDB224D7C8C00E8BDD1 /* FirstNames in Resources */,
				B413AC0222599F6D00E8BDD1 /* pop_drip.wav in Resources */,
				B429D72E2272C1480069D551 /* aeonBirthSound-G4.wav in Resources */,
				B429D7372272C1480069D551 /* aeonBirthSound-C4.wav in Resources */,
				B413AC062259A3AF00E8BDD1 /* click_04.wav in Resources */,
			);
			runOnlyForDeploymentPostprocessing = 0;
		};
/* End PBXResourcesBuildPhase section */

/* Begin PBXShellScriptBuildPhase section */
		219FFC9F148B3EEBF1CF4463 /* [CP] Check Pods Manifest.lock */ = {
			isa = PBXShellScriptBuildPhase;
			buildActionMask = 2147483647;
			files = (
			);
			inputFileListPaths = (
			);
			inputPaths = (
				"${PODS_PODFILE_DIR_PATH}/Podfile.lock",
				"${PODS_ROOT}/Manifest.lock",
			);
			name = "[CP] Check Pods Manifest.lock";
			outputFileListPaths = (
			);
			outputPaths = (
				"$(DERIVED_FILE_DIR)/Pods-Aeon Garden iOS-checkManifestLockResult.txt",
			);
			runOnlyForDeploymentPostprocessing = 0;
			shellPath = /bin/sh;
			shellScript = "diff \"${PODS_PODFILE_DIR_PATH}/Podfile.lock\" \"${PODS_ROOT}/Manifest.lock\" > /dev/null\nif [ $? != 0 ] ; then\n    # print error to STDERR\n    echo \"error: The sandbox is not in sync with the Podfile.lock. Run 'pod install' or update your CocoaPods installation.\" >&2\n    exit 1\nfi\n# This output is used by Xcode 'outputs' to avoid re-running this script phase.\necho \"SUCCESS\" > \"${SCRIPT_OUTPUT_FILE_0}\"\n";
			showEnvVarsInLog = 0;
		};
		D3764C1375C7211F95FE3A1D /* [CP] Check Pods Manifest.lock */ = {
			isa = PBXShellScriptBuildPhase;
			buildActionMask = 2147483647;
			files = (
			);
			inputFileListPaths = (
			);
			inputPaths = (
				"${PODS_PODFILE_DIR_PATH}/Podfile.lock",
				"${PODS_ROOT}/Manifest.lock",
			);
			name = "[CP] Check Pods Manifest.lock";
			outputFileListPaths = (
			);
			outputPaths = (
				"$(DERIVED_FILE_DIR)/Pods-Aeon Garden macOS-checkManifestLockResult.txt",
			);
			runOnlyForDeploymentPostprocessing = 0;
			shellPath = /bin/sh;
			shellScript = "diff \"${PODS_PODFILE_DIR_PATH}/Podfile.lock\" \"${PODS_ROOT}/Manifest.lock\" > /dev/null\nif [ $? != 0 ] ; then\n    # print error to STDERR\n    echo \"error: The sandbox is not in sync with the Podfile.lock. Run 'pod install' or update your CocoaPods installation.\" >&2\n    exit 1\nfi\n# This output is used by Xcode 'outputs' to avoid re-running this script phase.\necho \"SUCCESS\" > \"${SCRIPT_OUTPUT_FILE_0}\"\n";
			showEnvVarsInLog = 0;
		};
		E39BA31A484E8546D44F9DE5 /* [CP] Check Pods Manifest.lock */ = {
			isa = PBXShellScriptBuildPhase;
			buildActionMask = 2147483647;
			files = (
			);
			inputFileListPaths = (
			);
			inputPaths = (
				"${PODS_PODFILE_DIR_PATH}/Podfile.lock",
				"${PODS_ROOT}/Manifest.lock",
			);
			name = "[CP] Check Pods Manifest.lock";
			outputFileListPaths = (
			);
			outputPaths = (
				"$(DERIVED_FILE_DIR)/Pods-Aeon Garden tvOS-checkManifestLockResult.txt",
			);
			runOnlyForDeploymentPostprocessing = 0;
			shellPath = /bin/sh;
			shellScript = "diff \"${PODS_PODFILE_DIR_PATH}/Podfile.lock\" \"${PODS_ROOT}/Manifest.lock\" > /dev/null\nif [ $? != 0 ] ; then\n    # print error to STDERR\n    echo \"error: The sandbox is not in sync with the Podfile.lock. Run 'pod install' or update your CocoaPods installation.\" >&2\n    exit 1\nfi\n# This output is used by Xcode 'outputs' to avoid re-running this script phase.\necho \"SUCCESS\" > \"${SCRIPT_OUTPUT_FILE_0}\"\n";
			showEnvVarsInLog = 0;
		};
/* End PBXShellScriptBuildPhase section */

/* Begin PBXSourcesBuildPhase section */
		B409E53D227E31D000546184 /* Sources */ = {
			isa = PBXSourcesBuildPhase;
			buildActionMask = 2147483647;
			files = (
				B409E59C227E3A3300546184 /* AeonNodeProtocols.swift in Sources */,
				B409E59E227E3A3700546184 /* AeonTankScene.swift in Sources */,
				4456E3BE234D776600A9E401 /* Logging.swift in Sources */,
				B409E59B227E3A3300546184 /* AeonFoodNode.swift in Sources */,
				B46CA6B8227F8F0800FAAAA6 /* AeonAssetGrabber.swift in Sources */,
				4431A06222AB1CC900865489 /* AeonTextures.swift in Sources */,
				B409E59A227E3A3300546184 /* AeonCreatureBrainStates.swift in Sources */,
				B409E59D227E3A3300546184 /* AeonBubbleNode.swift in Sources */,
				B409E597227E3A3300546184 /* AeonCreatureNode.swift in Sources */,
				B409E594227E3A2000546184 /* AeonColors.swift in Sources */,
				B409E5AE227E3A3E00546184 /* AeonSoundManager.swift in Sources */,
				4456E3C0234D779900A9E401 /* Structs.swift in Sources */,
				B409E598227E3A3300546184 /* AeonLimbNode.swift in Sources */,
				B409E599227E3A3300546184 /* AeonCreatureBrain.swift in Sources */,
				B409E54F227E32FD00546184 /* GameView.swift in Sources */,
				B409E590227E3A2000546184 /* AeonNameGenerator.swift in Sources */,
				B409E593227E3A2000546184 /* AeonUtils.swift in Sources */,
				B409E596227E3A2000546184 /* SKTextureGradient.swift in Sources */,
				B409E54D227E326B00546184 /* AeonScreenSaverView.swift in Sources */,
			);
			runOnlyForDeploymentPostprocessing = 0;
		};
		B413AB71224D73C400E8BDD1 /* Sources */ = {
			isa = PBXSourcesBuildPhase;
			buildActionMask = 2147483647;
			files = (
				447C8BAD2347BDA900DC7971 /* AeonGarden.xcdatamodeld in Sources */,
				B413ABD1224D7C8A00E8BDD1 /* AeonColors.swift in Sources */,
				B413ABB9224D7C8100E8BDD1 /* AeonLimbNode.swift in Sources */,
				444A9830234A638A00243BAB /* ManagedBubble+CoreDataClass.swift in Sources */,
				B413ABCD224D7C8A00E8BDD1 /* AeonNameGenerator.swift in Sources */,
				444A9820234A638A00243BAB /* ManagedTankCreature+CoreDataClass.swift in Sources */,
				4431A05F22AB1CC900865489 /* AeonTextures.swift in Sources */,
				447C8BB02347BDE700DC7971 /* CoreDataStore.swift in Sources */,
				44D73684227A68FF006A25B6 /* AeonButton.swift in Sources */,
				B413ABB8224D7C8100E8BDD1 /* AeonCreatureNode.swift in Sources */,
				444A981C234A638A00243BAB /* ManagedCreature+CoreDataClass.swift in Sources */,
				444A983B234A6D4700243BAB /* ManagedLimb+CoreDataProperties.swift in Sources */,
				449FF757226FD92900704D7C /* AeonFonts.swift in Sources */,
				44D73685227A6903006A25B6 /* AeonDataView.swift in Sources */,
				B46CA6B5227F8F0800FAAAA6 /* AeonAssetGrabber.swift in Sources */,
				444A982E234A638A00243BAB /* ManagedTankSettings+CoreDataProperties.swift in Sources */,
				B413ABDF224D7CC000E8BDD1 /* AeonViewController.swift in Sources */,
				B42E6090227E19B8001EC013 /* AeonUISettings.swift in Sources */,
				B413ABD2224D7C8A00E8BDD1 /* SKTextureGradient.swift in Sources */,
				444A9839234A6D4700243BAB /* ManagedLimb+CoreDataClass.swift in Sources */,
				444A9822234A638A00243BAB /* ManagedTankCreature+CoreDataProperties.swift in Sources */,
				B413ABB5224D7C7100E8BDD1 /* AeonTankScene.swift in Sources */,
				444A9826234A638A00243BAB /* ManagedFood+CoreDataProperties.swift in Sources */,
				444A9835234A68AB00243BAB /* Logging.swift in Sources */,
				B413ABBA224D7C8100E8BDD1 /* AeonCreatureBrain.swift in Sources */,
				444A9832234A638A00243BAB /* ManagedBubble+CoreDataProperties.swift in Sources */,
				444A981E234A638A00243BAB /* ManagedCreature+CoreDataProperties.swift in Sources */,
				447C8BB32347C47700DC7971 /* Structs.swift in Sources */,
				B413ABBC224D7C8100E8BDD1 /* AeonFoodNode.swift in Sources */,
				B413ABBD224D7C8100E8BDD1 /* AeonNodeProtocols.swift in Sources */,
				444A9824234A638A00243BAB /* ManagedFood+CoreDataClass.swift in Sources */,
				444A9828234A638A00243BAB /* ManagedTank+CoreDataClass.swift in Sources */,
				B413ABBB224D7C8100E8BDD1 /* AeonCreatureBrainStates.swift in Sources */,
				B413ABFC224FFD7D00E8BDD1 /* AeonSoundManager.swift in Sources */,
				444A982C234A638A00243BAB /* ManagedTankSettings+CoreDataClass.swift in Sources */,
				444A982A234A638A00243BAB /* ManagedTank+CoreDataProperties.swift in Sources */,
				B413ABBE224D7C8100E8BDD1 /* AeonBubbleNode.swift in Sources */,
				B413ABD0224D7C8A00E8BDD1 /* AeonUtils.swift in Sources */,
				B413AB78224D73C400E8BDD1 /* AppDelegate.swift in Sources */,
				447C8BB82347F72400DC7971 /* AeonViewModel.swift in Sources */,
			);
			runOnlyForDeploymentPostprocessing = 0;
		};
		B413AB82224D73C400E8BDD1 /* Sources */ = {
			isa = PBXSourcesBuildPhase;
			buildActionMask = 2147483647;
			files = (
				447C8BAE2347BDA900DC7971 /* AeonGarden.xcdatamodeld in Sources */,
				B413ABD7224D7C8B00E8BDD1 /* AeonColors.swift in Sources */,
				B413ABC0224D7C8200E8BDD1 /* AeonLimbNode.swift in Sources */,
				444A9831234A638A00243BAB /* ManagedBubble+CoreDataClass.swift in Sources */,
				B413ABD3224D7C8B00E8BDD1 /* AeonNameGenerator.swift in Sources */,
				444A9821234A638A00243BAB /* ManagedTankCreature+CoreDataClass.swift in Sources */,
				4431A06022AB1CC900865489 /* AeonTextures.swift in Sources */,
				B4B2D1F5226BD9D20050F14C /* AeonDataView.swift in Sources */,
				447C8BB12347BDE700DC7971 /* CoreDataStore.swift in Sources */,
				B413ABBF224D7C8200E8BDD1 /* AeonCreatureNode.swift in Sources */,
				444A981D234A638A00243BAB /* ManagedCreature+CoreDataClass.swift in Sources */,
				444A983C234A6D4700243BAB /* ManagedLimb+CoreDataProperties.swift in Sources */,
				B413ABD8224D7C8B00E8BDD1 /* SKTextureGradient.swift in Sources */,
				B413ABB6224D7C7200E8BDD1 /* AeonTankScene.swift in Sources */,
				B46CA6B6227F8F0800FAAAA6 /* AeonAssetGrabber.swift in Sources */,
				444A982F234A638A00243BAB /* ManagedTankSettings+CoreDataProperties.swift in Sources */,
				B413ABC1224D7C8200E8BDD1 /* AeonCreatureBrain.swift in Sources */,
				B42E6091227E19B8001EC013 /* AeonUISettings.swift in Sources */,
				B413ABC3224D7C8200E8BDD1 /* AeonFoodNode.swift in Sources */,
				444A983A234A6D4700243BAB /* ManagedLimb+CoreDataClass.swift in Sources */,
				444A9823234A638A00243BAB /* ManagedTankCreature+CoreDataProperties.swift in Sources */,
				B413ABFD225002A300E8BDD1 /* AeonSoundManager.swift in Sources */,
				444A9827234A638A00243BAB /* ManagedFood+CoreDataProperties.swift in Sources */,
				444A9836234A68AB00243BAB /* Logging.swift in Sources */,
				449FF758226FD92900704D7C /* AeonFonts.swift in Sources */,
				444A9833234A638A00243BAB /* ManagedBubble+CoreDataProperties.swift in Sources */,
				444A981F234A638A00243BAB /* ManagedCreature+CoreDataProperties.swift in Sources */,
				447C8BB42347C47700DC7971 /* Structs.swift in Sources */,
				B413ABC4224D7C8200E8BDD1 /* AeonNodeProtocols.swift in Sources */,
				B413ABC2224D7C8200E8BDD1 /* AeonCreatureBrainStates.swift in Sources */,
				444A9825234A638A00243BAB /* ManagedFood+CoreDataClass.swift in Sources */,
				444A9829234A638A00243BAB /* ManagedTank+CoreDataClass.swift in Sources */,
				B413ABC5224D7C8200E8BDD1 /* AeonBubbleNode.swift in Sources */,
				B413ABD6224D7C8B00E8BDD1 /* AeonUtils.swift in Sources */,
				444A982D234A638A00243BAB /* ManagedTankSettings+CoreDataClass.swift in Sources */,
				444A982B234A638A00243BAB /* ManagedTank+CoreDataProperties.swift in Sources */,
				B4B2D1F3226BD9A40050F14C /* AeonButton.swift in Sources */,
				B413AB89224D73C400E8BDD1 /* AppDelegate.swift in Sources */,
				44D73686227A6F6B006A25B6 /* AeonViewController.swift in Sources */,
				447C8BB92347F72400DC7971 /* AeonViewModel.swift in Sources */,
			);
			runOnlyForDeploymentPostprocessing = 0;
		};
		B413AB90224D73C400E8BDD1 /* Sources */ = {
			isa = PBXSourcesBuildPhase;
			buildActionMask = 2147483647;
			files = (
				B413ABF4224DC6A000E8BDD1 /* AeonColors.swift in Sources */,
				B413ABC7224D7C8300E8BDD1 /* AeonLimbNode.swift in Sources */,
				4456E3BD234D76A800A9E401 /* Logging.swift in Sources */,
				B413ABD9224D7C8C00E8BDD1 /* AeonNameGenerator.swift in Sources */,
				B413ABC6224D7C8300E8BDD1 /* AeonCreatureNode.swift in Sources */,
				4431A06122AB1CC900865489 /* AeonTextures.swift in Sources */,
				B413ABDE224D7C8C00E8BDD1 /* SKTextureGradient.swift in Sources */,
				B413ABB7224D7C7300E8BDD1 /* AeonTankScene.swift in Sources */,
				B413ABC8224D7C8300E8BDD1 /* AeonCreatureBrain.swift in Sources */,
				B46CA6B7227F8F0800FAAAA6 /* AeonAssetGrabber.swift in Sources */,
				B413ABCA224D7C8300E8BDD1 /* AeonFoodNode.swift in Sources */,
				447C8BB52347C47C00DC7971 /* Structs.swift in Sources */,
				B413ABFE225002A400E8BDD1 /* AeonSoundManager.swift in Sources */,
				B413ABCB224D7C8300E8BDD1 /* AeonNodeProtocols.swift in Sources */,
				B413AB99224D73C400E8BDD1 /* AeonViewController.swift in Sources */,
				B413ABC9224D7C8300E8BDD1 /* AeonCreatureBrainStates.swift in Sources */,
				B413ABCC224D7C8300E8BDD1 /* AeonBubbleNode.swift in Sources */,
				B413ABDC224D7C8C00E8BDD1 /* AeonUtils.swift in Sources */,
				B413AB97224D73C400E8BDD1 /* AppDelegate.swift in Sources */,
			);
			runOnlyForDeploymentPostprocessing = 0;
		};
/* End PBXSourcesBuildPhase section */

/* Begin PBXVariantGroup section */
		B413AB9A224D73C400E8BDD1 /* Main.storyboard */ = {
			isa = PBXVariantGroup;
			children = (
				B413AB9B224D73C400E8BDD1 /* Base */,
			);
			name = Main.storyboard;
			sourceTree = "<group>";
		};
/* End PBXVariantGroup section */

/* Begin XCBuildConfiguration section */
		B409E548227E31D000546184 /* Debug */ = {
			isa = XCBuildConfiguration;
			buildSettings = {
				CLANG_ENABLE_MODULES = YES;
				CLANG_ENABLE_OBJC_WEAK = YES;
				CODE_SIGN_IDENTITY = "Mac Developer";
				CODE_SIGN_STYLE = Automatic;
				COMBINE_HIDPI_IMAGES = YES;
				DEVELOPMENT_TEAM = 2Y9M69QJKZ;
				INFOPLIST_FILE = "$(SRCROOT)/Platform Support/macOS Screensaver/Info.plist";
				INSTALL_PATH = "$(HOME)/Library/Screen Savers";
				LD_RUNPATH_SEARCH_PATHS = "$(inherited) @executable_path/../Frameworks @loader_path/../Frameworks";
				MACOSX_DEPLOYMENT_TARGET = 10.14;
				MTL_ENABLE_DEBUG_INFO = INCLUDE_SOURCE;
				MTL_FAST_MATH = YES;
				PRODUCT_BUNDLE_IDENTIFIER = "net.amiantos.Aeon-Garden";
				PRODUCT_NAME = "$(TARGET_NAME)";
				SDKROOT = macosx;
				SWIFT_OPTIMIZATION_LEVEL = "-Onone";
				SWIFT_VERSION = 5.0;
				WRAPPER_EXTENSION = saver;
			};
			name = Debug;
		};
		B409E549227E31D000546184 /* Release */ = {
			isa = XCBuildConfiguration;
			buildSettings = {
				CLANG_ENABLE_MODULES = YES;
				CLANG_ENABLE_OBJC_WEAK = YES;
				CODE_SIGN_IDENTITY = "Mac Developer";
				CODE_SIGN_STYLE = Automatic;
				COMBINE_HIDPI_IMAGES = YES;
				DEVELOPMENT_TEAM = 2Y9M69QJKZ;
				INFOPLIST_FILE = "$(SRCROOT)/Platform Support/macOS Screensaver/Info.plist";
				INSTALL_PATH = "$(HOME)/Library/Screen Savers";
				LD_RUNPATH_SEARCH_PATHS = "$(inherited) @executable_path/../Frameworks @loader_path/../Frameworks";
				MACOSX_DEPLOYMENT_TARGET = 10.14;
				MTL_FAST_MATH = YES;
				PRODUCT_BUNDLE_IDENTIFIER = "net.amiantos.Aeon-Garden";
				PRODUCT_NAME = "$(TARGET_NAME)";
				SDKROOT = macosx;
				SWIFT_VERSION = 5.0;
				WRAPPER_EXTENSION = saver;
			};
			name = Release;
		};
		B413ABAA224D73C400E8BDD1 /* Debug */ = {
			isa = XCBuildConfiguration;
			baseConfigurationReference = 9DA5FBDDF894B044FA1831F3 /* Pods-Aeon Garden iOS.debug.xcconfig */;
			buildSettings = {
				ASSETCATALOG_COMPILER_APPICON_NAME = AppIcon;
				ASSETCATALOG_COMPILER_LAUNCHIMAGE_NAME = iOSLaunchImage;
				CLANG_ENABLE_OBJC_WEAK = YES;
				CODE_SIGN_IDENTITY = "iPhone Developer";
				CODE_SIGN_STYLE = Automatic;
				DEVELOPMENT_TEAM = 2Y9M69QJKZ;
				INFOPLIST_FILE = "$(SRCROOT)/Platform Support/iOS/Info.plist";
				IPHONEOS_DEPLOYMENT_TARGET = 11.0;
				LD_RUNPATH_SEARCH_PATHS = "$(inherited) @executable_path/Frameworks";
				MTL_ENABLE_DEBUG_INFO = INCLUDE_SOURCE;
				MTL_FAST_MATH = YES;
				PRODUCT_BUNDLE_IDENTIFIER = "net.amiantos.Aeon-Garden";
				PRODUCT_NAME = "Aeon Garden";
				SDKROOT = iphoneos;
				SWIFT_VERSION = 5.0;
				TARGETED_DEVICE_FAMILY = "1,2";
			};
			name = Debug;
		};
		B413ABAB224D73C400E8BDD1 /* Release */ = {
			isa = XCBuildConfiguration;
			baseConfigurationReference = 36FD16856D813C5EFD6431ED /* Pods-Aeon Garden iOS.release.xcconfig */;
			buildSettings = {
				ASSETCATALOG_COMPILER_APPICON_NAME = AppIcon;
				ASSETCATALOG_COMPILER_LAUNCHIMAGE_NAME = iOSLaunchImage;
				CLANG_ENABLE_OBJC_WEAK = YES;
				CODE_SIGN_IDENTITY = "iPhone Developer";
				CODE_SIGN_STYLE = Automatic;
				DEVELOPMENT_TEAM = 2Y9M69QJKZ;
				INFOPLIST_FILE = "$(SRCROOT)/Platform Support/iOS/Info.plist";
				IPHONEOS_DEPLOYMENT_TARGET = 11.0;
				LD_RUNPATH_SEARCH_PATHS = "$(inherited) @executable_path/Frameworks";
				MTL_FAST_MATH = YES;
				PRODUCT_BUNDLE_IDENTIFIER = "net.amiantos.Aeon-Garden";
				PRODUCT_NAME = "Aeon Garden";
				SDKROOT = iphoneos;
				SWIFT_VERSION = 5.0;
				TARGETED_DEVICE_FAMILY = "1,2";
				VALIDATE_PRODUCT = YES;
			};
			name = Release;
		};
		B413ABAC224D73C400E8BDD1 /* Debug */ = {
			isa = XCBuildConfiguration;
			baseConfigurationReference = E0627D97642BD8C1363D7935 /* Pods-Aeon Garden tvOS.debug.xcconfig */;
			buildSettings = {
				ASSETCATALOG_COMPILER_APPICON_NAME = AppIcon;
				ASSETCATALOG_COMPILER_LAUNCHIMAGE_NAME = LaunchImage;
				CLANG_ENABLE_OBJC_WEAK = YES;
				CODE_SIGN_STYLE = Automatic;
				CURRENT_PROJECT_VERSION = 7;
				DEVELOPMENT_TEAM = 2Y9M69QJKZ;
				INFOPLIST_FILE = "$(SRCROOT)/Platform Support/tvOS/Info.plist";
				LD_RUNPATH_SEARCH_PATHS = "$(inherited) @executable_path/Frameworks";
				MTL_ENABLE_DEBUG_INFO = INCLUDE_SOURCE;
				MTL_FAST_MATH = YES;
				PRODUCT_BUNDLE_IDENTIFIER = "net.amiantos.Aeon-Garden";
				PRODUCT_NAME = "Aeon Garden";
				SDKROOT = appletvos;
				SWIFT_VERSION = 5.0;
				TARGETED_DEVICE_FAMILY = 3;
				TVOS_DEPLOYMENT_TARGET = 11.0;
			};
			name = Debug;
		};
		B413ABAD224D73C400E8BDD1 /* Release */ = {
			isa = XCBuildConfiguration;
			baseConfigurationReference = BBCAC8D12F956FA3F979ADA7 /* Pods-Aeon Garden tvOS.release.xcconfig */;
			buildSettings = {
				ASSETCATALOG_COMPILER_APPICON_NAME = AppIcon;
				ASSETCATALOG_COMPILER_LAUNCHIMAGE_NAME = LaunchImage;
				CLANG_ENABLE_OBJC_WEAK = YES;
				CODE_SIGN_STYLE = Automatic;
				CURRENT_PROJECT_VERSION = 7;
				DEVELOPMENT_TEAM = 2Y9M69QJKZ;
				INFOPLIST_FILE = "$(SRCROOT)/Platform Support/tvOS/Info.plist";
				LD_RUNPATH_SEARCH_PATHS = "$(inherited) @executable_path/Frameworks";
				MTL_FAST_MATH = YES;
				PRODUCT_BUNDLE_IDENTIFIER = "net.amiantos.Aeon-Garden";
				PRODUCT_NAME = "Aeon Garden";
				SDKROOT = appletvos;
				SWIFT_VERSION = 5.0;
				TARGETED_DEVICE_FAMILY = 3;
				TVOS_DEPLOYMENT_TARGET = 11.0;
				VALIDATE_PRODUCT = YES;
			};
			name = Release;
		};
		B413ABAE224D73C400E8BDD1 /* Debug */ = {
			isa = XCBuildConfiguration;
			baseConfigurationReference = 961DCC078C765B757AA3FC21 /* Pods-Aeon Garden macOS.debug.xcconfig */;
			buildSettings = {
				ASSETCATALOG_COMPILER_APPICON_NAME = AppIcon;
				CLANG_ENABLE_OBJC_WEAK = YES;
				CODE_SIGN_IDENTITY = "-";
				CODE_SIGN_STYLE = Automatic;
				COMBINE_HIDPI_IMAGES = YES;
				DEVELOPMENT_TEAM = 2Y9M69QJKZ;
				INFOPLIST_FILE = "$(SRCROOT)/Platform Support/macOS/Info.plist";
				LD_RUNPATH_SEARCH_PATHS = "$(inherited) @executable_path/../Frameworks";
				MACOSX_DEPLOYMENT_TARGET = 10.14;
				MTL_ENABLE_DEBUG_INFO = INCLUDE_SOURCE;
				MTL_FAST_MATH = YES;
				PRODUCT_BUNDLE_IDENTIFIER = "net.amiantos.Aeon-Garden";
				PRODUCT_NAME = "Aeon Garden";
				SDKROOT = macosx;
				SWIFT_VERSION = 5.0;
			};
			name = Debug;
		};
		B413ABAF224D73C400E8BDD1 /* Release */ = {
			isa = XCBuildConfiguration;
			baseConfigurationReference = 05B57AE72325131A628E17E6 /* Pods-Aeon Garden macOS.release.xcconfig */;
			buildSettings = {
				ASSETCATALOG_COMPILER_APPICON_NAME = AppIcon;
				CLANG_ENABLE_OBJC_WEAK = YES;
				CODE_SIGN_IDENTITY = "-";
				CODE_SIGN_STYLE = Automatic;
				COMBINE_HIDPI_IMAGES = YES;
				DEVELOPMENT_TEAM = 2Y9M69QJKZ;
				INFOPLIST_FILE = "$(SRCROOT)/Platform Support/macOS/Info.plist";
				LD_RUNPATH_SEARCH_PATHS = "$(inherited) @executable_path/../Frameworks";
				MACOSX_DEPLOYMENT_TARGET = 10.14;
				MTL_FAST_MATH = YES;
				PRODUCT_BUNDLE_IDENTIFIER = "net.amiantos.Aeon-Garden";
				PRODUCT_NAME = "Aeon Garden";
				SDKROOT = macosx;
				SWIFT_VERSION = 5.0;
			};
			name = Release;
		};
		B48DDAC71F80943500DEA908 /* Debug */ = {
			isa = XCBuildConfiguration;
			buildSettings = {
				ALWAYS_SEARCH_USER_PATHS = NO;
				CLANG_ANALYZER_NONNULL = YES;
				CLANG_ANALYZER_NUMBER_OBJECT_CONVERSION = YES_AGGRESSIVE;
				CLANG_CXX_LANGUAGE_STANDARD = "gnu++14";
				CLANG_CXX_LIBRARY = "libc++";
				CLANG_ENABLE_MODULES = YES;
				CLANG_ENABLE_OBJC_ARC = YES;
				CLANG_WARN_BLOCK_CAPTURE_AUTORELEASING = YES;
				CLANG_WARN_BOOL_CONVERSION = YES;
				CLANG_WARN_COMMA = YES;
				CLANG_WARN_CONSTANT_CONVERSION = YES;
				CLANG_WARN_DEPRECATED_OBJC_IMPLEMENTATIONS = YES;
				CLANG_WARN_DIRECT_OBJC_ISA_USAGE = YES_ERROR;
				CLANG_WARN_DOCUMENTATION_COMMENTS = YES;
				CLANG_WARN_EMPTY_BODY = YES;
				CLANG_WARN_ENUM_CONVERSION = YES;
				CLANG_WARN_INFINITE_RECURSION = YES;
				CLANG_WARN_INT_CONVERSION = YES;
				CLANG_WARN_NON_LITERAL_NULL_CONVERSION = YES;
				CLANG_WARN_OBJC_IMPLICIT_RETAIN_SELF = YES;
				CLANG_WARN_OBJC_LITERAL_CONVERSION = YES;
				CLANG_WARN_OBJC_ROOT_CLASS = YES_ERROR;
				CLANG_WARN_RANGE_LOOP_ANALYSIS = YES;
				CLANG_WARN_STRICT_PROTOTYPES = YES;
				CLANG_WARN_SUSPICIOUS_MOVE = YES;
				CLANG_WARN_UNGUARDED_AVAILABILITY = YES_AGGRESSIVE;
				CLANG_WARN_UNREACHABLE_CODE = YES;
				CLANG_WARN__DUPLICATE_METHOD_MATCH = YES;
				CODE_SIGN_IDENTITY = "iPhone Developer";
				COPY_PHASE_STRIP = NO;
				DEBUG_INFORMATION_FORMAT = dwarf;
				ENABLE_STRICT_OBJC_MSGSEND = YES;
				ENABLE_TESTABILITY = YES;
				GCC_C_LANGUAGE_STANDARD = gnu11;
				GCC_DYNAMIC_NO_PIC = NO;
				GCC_NO_COMMON_BLOCKS = YES;
				GCC_OPTIMIZATION_LEVEL = 0;
				GCC_PREPROCESSOR_DEFINITIONS = (
					"DEBUG=1",
					"$(inherited)",
				);
				GCC_WARN_64_TO_32_BIT_CONVERSION = YES;
				GCC_WARN_ABOUT_RETURN_TYPE = YES_ERROR;
				GCC_WARN_UNDECLARED_SELECTOR = YES;
				GCC_WARN_UNINITIALIZED_AUTOS = YES_AGGRESSIVE;
				GCC_WARN_UNUSED_FUNCTION = YES;
				GCC_WARN_UNUSED_VARIABLE = YES;
				IPHONEOS_DEPLOYMENT_TARGET = 11.0;
				MTL_ENABLE_DEBUG_INFO = YES;
				ONLY_ACTIVE_ARCH = YES;
				SDKROOT = iphoneos;
				SWIFT_ACTIVE_COMPILATION_CONDITIONS = DEBUG;
				SWIFT_OPTIMIZATION_LEVEL = "-Onone";
			};
			name = Debug;
		};
		B48DDAC81F80943500DEA908 /* Release */ = {
			isa = XCBuildConfiguration;
			buildSettings = {
				ALWAYS_SEARCH_USER_PATHS = NO;
				CLANG_ANALYZER_NONNULL = YES;
				CLANG_ANALYZER_NUMBER_OBJECT_CONVERSION = YES_AGGRESSIVE;
				CLANG_CXX_LANGUAGE_STANDARD = "gnu++14";
				CLANG_CXX_LIBRARY = "libc++";
				CLANG_ENABLE_MODULES = YES;
				CLANG_ENABLE_OBJC_ARC = YES;
				CLANG_WARN_BLOCK_CAPTURE_AUTORELEASING = YES;
				CLANG_WARN_BOOL_CONVERSION = YES;
				CLANG_WARN_COMMA = YES;
				CLANG_WARN_CONSTANT_CONVERSION = YES;
				CLANG_WARN_DEPRECATED_OBJC_IMPLEMENTATIONS = YES;
				CLANG_WARN_DIRECT_OBJC_ISA_USAGE = YES_ERROR;
				CLANG_WARN_DOCUMENTATION_COMMENTS = YES;
				CLANG_WARN_EMPTY_BODY = YES;
				CLANG_WARN_ENUM_CONVERSION = YES;
				CLANG_WARN_INFINITE_RECURSION = YES;
				CLANG_WARN_INT_CONVERSION = YES;
				CLANG_WARN_NON_LITERAL_NULL_CONVERSION = YES;
				CLANG_WARN_OBJC_IMPLICIT_RETAIN_SELF = YES;
				CLANG_WARN_OBJC_LITERAL_CONVERSION = YES;
				CLANG_WARN_OBJC_ROOT_CLASS = YES_ERROR;
				CLANG_WARN_RANGE_LOOP_ANALYSIS = YES;
				CLANG_WARN_STRICT_PROTOTYPES = YES;
				CLANG_WARN_SUSPICIOUS_MOVE = YES;
				CLANG_WARN_UNGUARDED_AVAILABILITY = YES_AGGRESSIVE;
				CLANG_WARN_UNREACHABLE_CODE = YES;
				CLANG_WARN__DUPLICATE_METHOD_MATCH = YES;
				CODE_SIGN_IDENTITY = "iPhone Developer";
				COPY_PHASE_STRIP = NO;
				DEBUG_INFORMATION_FORMAT = "dwarf-with-dsym";
				ENABLE_NS_ASSERTIONS = NO;
				ENABLE_STRICT_OBJC_MSGSEND = YES;
				GCC_C_LANGUAGE_STANDARD = gnu11;
				GCC_NO_COMMON_BLOCKS = YES;
				GCC_WARN_64_TO_32_BIT_CONVERSION = YES;
				GCC_WARN_ABOUT_RETURN_TYPE = YES_ERROR;
				GCC_WARN_UNDECLARED_SELECTOR = YES;
				GCC_WARN_UNINITIALIZED_AUTOS = YES_AGGRESSIVE;
				GCC_WARN_UNUSED_FUNCTION = YES;
				GCC_WARN_UNUSED_VARIABLE = YES;
				IPHONEOS_DEPLOYMENT_TARGET = 11.0;
				MTL_ENABLE_DEBUG_INFO = NO;
				SDKROOT = iphoneos;
				SWIFT_OPTIMIZATION_LEVEL = "-Owholemodule";
				VALIDATE_PRODUCT = YES;
			};
			name = Release;
		};
/* End XCBuildConfiguration section */

/* Begin XCConfigurationList section */
		B409E54A227E31D000546184 /* Build configuration list for PBXNativeTarget "Aeon Garden Screensaver" */ = {
			isa = XCConfigurationList;
			buildConfigurations = (
				B409E548227E31D000546184 /* Debug */,
				B409E549227E31D000546184 /* Release */,
			);
			defaultConfigurationIsVisible = 0;
			defaultConfigurationName = Release;
		};
		B413ABB0224D73C400E8BDD1 /* Build configuration list for PBXNativeTarget "Aeon Garden iOS" */ = {
			isa = XCConfigurationList;
			buildConfigurations = (
				B413ABAA224D73C400E8BDD1 /* Debug */,
				B413ABAB224D73C400E8BDD1 /* Release */,
			);
			defaultConfigurationIsVisible = 0;
			defaultConfigurationName = Release;
		};
		B413ABB1224D73C400E8BDD1 /* Build configuration list for PBXNativeTarget "Aeon Garden tvOS" */ = {
			isa = XCConfigurationList;
			buildConfigurations = (
				B413ABAC224D73C400E8BDD1 /* Debug */,
				B413ABAD224D73C400E8BDD1 /* Release */,
			);
			defaultConfigurationIsVisible = 0;
			defaultConfigurationName = Release;
		};
		B413ABB2224D73C400E8BDD1 /* Build configuration list for PBXNativeTarget "Aeon Garden macOS" */ = {
			isa = XCConfigurationList;
			buildConfigurations = (
				B413ABAE224D73C400E8BDD1 /* Debug */,
				B413ABAF224D73C400E8BDD1 /* Release */,
			);
			defaultConfigurationIsVisible = 0;
			defaultConfigurationName = Release;
		};
		B48DDAAC1F80943500DEA908 /* Build configuration list for PBXProject "Aeon Garden" */ = {
			isa = XCConfigurationList;
			buildConfigurations = (
				B48DDAC71F80943500DEA908 /* Debug */,
				B48DDAC81F80943500DEA908 /* Release */,
			);
			defaultConfigurationIsVisible = 0;
			defaultConfigurationName = Release;
		};
/* End XCConfigurationList section */

/* Begin XCVersionGroup section */
		447C8BAB2347BDA900DC7971 /* AeonGarden.xcdatamodeld */ = {
			isa = XCVersionGroup;
			children = (
				447C8BAC2347BDA900DC7971 /* AeonGarden.xcdatamodel */,
			);
			currentVersion = 447C8BAC2347BDA900DC7971 /* AeonGarden.xcdatamodel */;
			path = AeonGarden.xcdatamodeld;
			sourceTree = "<group>";
			versionGroupType = wrapper.xcdatamodel;
		};
/* End XCVersionGroup section */
	};
	rootObject = B48DDAA91F80943500DEA908 /* Project object */;
}
