// !$*UTF8*$!
{
	archiveVersion = 1;
	classes = {
	};
	objectVersion = 48;
	objects = {

/* Begin PBXBuildFile section */
		20BB5F4AE80B3F6309F0B3C8 /* Pods_Aeon_Garden_Original_iOS.framework in Frameworks */ = {isa = PBXBuildFile; fileRef = E7FF2114A3347A2F93E3B678 /* Pods_Aeon_Garden_Original_iOS.framework */; };
		4419E9F22241A557007FE456 /* AeonSmokeParticle.sks in Resources */ = {isa = PBXBuildFile; fileRef = 4419E9F02241A557007FE456 /* AeonSmokeParticle.sks */; };
		4419E9F32241A557007FE456 /* Assets.xcassets in Resources */ = {isa = PBXBuildFile; fileRef = 4419E9F12241A557007FE456 /* Assets.xcassets */; };
		44868F642231C2C2009F0460 /* AeonCreatureBrain.swift in Sources */ = {isa = PBXBuildFile; fileRef = 44868F632231C2C2009F0460 /* AeonCreatureBrain.swift */; };
		44868F662231C7F5009F0460 /* AeonLimbNode.swift in Sources */ = {isa = PBXBuildFile; fileRef = 44868F652231C7F5009F0460 /* AeonLimbNode.swift */; };
		44868F682231E855009F0460 /* AeonUtils.swift in Sources */ = {isa = PBXBuildFile; fileRef = 44868F672231E855009F0460 /* AeonUtils.swift */; };
		44868F6B223346E3009F0460 /* AeonCreatureBrainStates.swift in Sources */ = {isa = PBXBuildFile; fileRef = 44868F6A223346E3009F0460 /* AeonCreatureBrainStates.swift */; };
		44A1711A2245B70F00890D32 /* AeonDataPillView.swift in Sources */ = {isa = PBXBuildFile; fileRef = 44A171192245B70F00890D32 /* AeonDataPillView.swift */; };
		44A1711C2245B72800890D32 /* AeonMenuButton.swift in Sources */ = {isa = PBXBuildFile; fileRef = 44A1711B2245B72800890D32 /* AeonMenuButton.swift */; };
		8E7E158ACFE2903488CE6E7E /* Pods_Aeon_Garden_iOS.framework in Frameworks */ = {isa = PBXBuildFile; fileRef = A69E33689BDFD1DAC0725B2E /* Pods_Aeon_Garden_iOS.framework */; };
		B413AB78224D73C400E8BDD1 /* AppDelegate.swift in Sources */ = {isa = PBXBuildFile; fileRef = B413AB77224D73C400E8BDD1 /* AppDelegate.swift */; };
		B413AB7A224D73C400E8BDD1 /* GameViewController.swift in Sources */ = {isa = PBXBuildFile; fileRef = B413AB79224D73C400E8BDD1 /* GameViewController.swift */; };
		B413AB80224D73C400E8BDD1 /* LaunchScreen.storyboard in Resources */ = {isa = PBXBuildFile; fileRef = B413AB7E224D73C400E8BDD1 /* LaunchScreen.storyboard */; };
		B413AB89224D73C400E8BDD1 /* AppDelegate.swift in Sources */ = {isa = PBXBuildFile; fileRef = B413AB88224D73C400E8BDD1 /* AppDelegate.swift */; };
		B413AB8B224D73C400E8BDD1 /* GameViewController.swift in Sources */ = {isa = PBXBuildFile; fileRef = B413AB8A224D73C400E8BDD1 /* GameViewController.swift */; };
		B413AB8E224D73C400E8BDD1 /* Main.storyboard in Resources */ = {isa = PBXBuildFile; fileRef = B413AB8C224D73C400E8BDD1 /* Main.storyboard */; };
		B413AB97224D73C400E8BDD1 /* AppDelegate.swift in Sources */ = {isa = PBXBuildFile; fileRef = B413AB96224D73C400E8BDD1 /* AppDelegate.swift */; };
		B413AB99224D73C400E8BDD1 /* GameViewController.swift in Sources */ = {isa = PBXBuildFile; fileRef = B413AB98224D73C400E8BDD1 /* GameViewController.swift */; };
		B413AB9C224D73C400E8BDD1 /* Main.storyboard in Resources */ = {isa = PBXBuildFile; fileRef = B413AB9A224D73C400E8BDD1 /* Main.storyboard */; };
		B413AB9E224D73C400E8BDD1 /* Actions.sks in Resources */ = {isa = PBXBuildFile; fileRef = B413AB6D224D73C200E8BDD1 /* Actions.sks */; };
		B413AB9F224D73C400E8BDD1 /* Actions.sks in Resources */ = {isa = PBXBuildFile; fileRef = B413AB6D224D73C200E8BDD1 /* Actions.sks */; };
		B413ABA0224D73C400E8BDD1 /* Actions.sks in Resources */ = {isa = PBXBuildFile; fileRef = B413AB6D224D73C200E8BDD1 /* Actions.sks */; };
		B413ABA1224D73C400E8BDD1 /* GameScene.sks in Resources */ = {isa = PBXBuildFile; fileRef = B413AB6E224D73C200E8BDD1 /* GameScene.sks */; };
		B413ABA2224D73C400E8BDD1 /* GameScene.sks in Resources */ = {isa = PBXBuildFile; fileRef = B413AB6E224D73C200E8BDD1 /* GameScene.sks */; };
		B413ABA3224D73C400E8BDD1 /* GameScene.sks in Resources */ = {isa = PBXBuildFile; fileRef = B413AB6E224D73C200E8BDD1 /* GameScene.sks */; };
		B413ABA4224D73C400E8BDD1 /* GameScene.swift in Sources */ = {isa = PBXBuildFile; fileRef = B413AB6F224D73C200E8BDD1 /* GameScene.swift */; };
		B413ABA5224D73C400E8BDD1 /* GameScene.swift in Sources */ = {isa = PBXBuildFile; fileRef = B413AB6F224D73C200E8BDD1 /* GameScene.swift */; };
		B413ABA6224D73C400E8BDD1 /* GameScene.swift in Sources */ = {isa = PBXBuildFile; fileRef = B413AB6F224D73C200E8BDD1 /* GameScene.swift */; };
		B413ABB5224D7C7100E8BDD1 /* AeonTankScene.swift in Sources */ = {isa = PBXBuildFile; fileRef = B48DDABA1F80943500DEA908 /* AeonTankScene.swift */; };
		B413ABB6224D7C7200E8BDD1 /* AeonTankScene.swift in Sources */ = {isa = PBXBuildFile; fileRef = B48DDABA1F80943500DEA908 /* AeonTankScene.swift */; };
		B413ABB7224D7C7300E8BDD1 /* AeonTankScene.swift in Sources */ = {isa = PBXBuildFile; fileRef = B48DDABA1F80943500DEA908 /* AeonTankScene.swift */; };
		B413ABB8224D7C8100E8BDD1 /* AeonCreatureNode.swift in Sources */ = {isa = PBXBuildFile; fileRef = B48DDACD1F80B2B000DEA908 /* AeonCreatureNode.swift */; };
		B413ABB9224D7C8100E8BDD1 /* AeonLimbNode.swift in Sources */ = {isa = PBXBuildFile; fileRef = 44868F652231C7F5009F0460 /* AeonLimbNode.swift */; };
		B413ABBA224D7C8100E8BDD1 /* AeonCreatureBrain.swift in Sources */ = {isa = PBXBuildFile; fileRef = 44868F632231C2C2009F0460 /* AeonCreatureBrain.swift */; };
		B413ABBB224D7C8100E8BDD1 /* AeonCreatureBrainStates.swift in Sources */ = {isa = PBXBuildFile; fileRef = 44868F6A223346E3009F0460 /* AeonCreatureBrainStates.swift */; };
		B413ABBC224D7C8100E8BDD1 /* AeonFoodNode.swift in Sources */ = {isa = PBXBuildFile; fileRef = B48DDACF1F81A1DE00DEA908 /* AeonFoodNode.swift */; };
		B413ABBD224D7C8100E8BDD1 /* AeonNodeProtocols.swift in Sources */ = {isa = PBXBuildFile; fileRef = B4DEED37224806850026604C /* AeonNodeProtocols.swift */; };
		B413ABBE224D7C8100E8BDD1 /* AeonBubbleNode.swift in Sources */ = {isa = PBXBuildFile; fileRef = B4DEED39224817D80026604C /* AeonBubbleNode.swift */; };
		B413ABBF224D7C8200E8BDD1 /* AeonCreatureNode.swift in Sources */ = {isa = PBXBuildFile; fileRef = B48DDACD1F80B2B000DEA908 /* AeonCreatureNode.swift */; };
		B413ABC0224D7C8200E8BDD1 /* AeonLimbNode.swift in Sources */ = {isa = PBXBuildFile; fileRef = 44868F652231C7F5009F0460 /* AeonLimbNode.swift */; };
		B413ABC1224D7C8200E8BDD1 /* AeonCreatureBrain.swift in Sources */ = {isa = PBXBuildFile; fileRef = 44868F632231C2C2009F0460 /* AeonCreatureBrain.swift */; };
		B413ABC2224D7C8200E8BDD1 /* AeonCreatureBrainStates.swift in Sources */ = {isa = PBXBuildFile; fileRef = 44868F6A223346E3009F0460 /* AeonCreatureBrainStates.swift */; };
		B413ABC3224D7C8200E8BDD1 /* AeonFoodNode.swift in Sources */ = {isa = PBXBuildFile; fileRef = B48DDACF1F81A1DE00DEA908 /* AeonFoodNode.swift */; };
		B413ABC4224D7C8200E8BDD1 /* AeonNodeProtocols.swift in Sources */ = {isa = PBXBuildFile; fileRef = B4DEED37224806850026604C /* AeonNodeProtocols.swift */; };
		B413ABC5224D7C8200E8BDD1 /* AeonBubbleNode.swift in Sources */ = {isa = PBXBuildFile; fileRef = B4DEED39224817D80026604C /* AeonBubbleNode.swift */; };
		B413ABC6224D7C8300E8BDD1 /* AeonCreatureNode.swift in Sources */ = {isa = PBXBuildFile; fileRef = B48DDACD1F80B2B000DEA908 /* AeonCreatureNode.swift */; };
		B413ABC7224D7C8300E8BDD1 /* AeonLimbNode.swift in Sources */ = {isa = PBXBuildFile; fileRef = 44868F652231C7F5009F0460 /* AeonLimbNode.swift */; };
		B413ABC8224D7C8300E8BDD1 /* AeonCreatureBrain.swift in Sources */ = {isa = PBXBuildFile; fileRef = 44868F632231C2C2009F0460 /* AeonCreatureBrain.swift */; };
		B413ABC9224D7C8300E8BDD1 /* AeonCreatureBrainStates.swift in Sources */ = {isa = PBXBuildFile; fileRef = 44868F6A223346E3009F0460 /* AeonCreatureBrainStates.swift */; };
		B413ABCA224D7C8300E8BDD1 /* AeonFoodNode.swift in Sources */ = {isa = PBXBuildFile; fileRef = B48DDACF1F81A1DE00DEA908 /* AeonFoodNode.swift */; };
		B413ABCB224D7C8300E8BDD1 /* AeonNodeProtocols.swift in Sources */ = {isa = PBXBuildFile; fileRef = B4DEED37224806850026604C /* AeonNodeProtocols.swift */; };
		B413ABCC224D7C8300E8BDD1 /* AeonBubbleNode.swift in Sources */ = {isa = PBXBuildFile; fileRef = B4DEED39224817D80026604C /* AeonBubbleNode.swift */; };
		B413ABCD224D7C8A00E8BDD1 /* AeonNameGenerator.swift in Sources */ = {isa = PBXBuildFile; fileRef = B4364F7D1F8C7A7A0002B2BB /* AeonNameGenerator.swift */; };
		B413ABCE224D7C8A00E8BDD1 /* Surnames in Resources */ = {isa = PBXBuildFile; fileRef = B4364F801F8C81C10002B2BB /* Surnames */; };
		B413ABCF224D7C8A00E8BDD1 /* FirstNames in Resources */ = {isa = PBXBuildFile; fileRef = B4364F821F8C86020002B2BB /* FirstNames */; };
		B413ABD0224D7C8A00E8BDD1 /* AeonUtils.swift in Sources */ = {isa = PBXBuildFile; fileRef = 44868F672231E855009F0460 /* AeonUtils.swift */; };
		B413ABD1224D7C8A00E8BDD1 /* AeonColors.swift in Sources */ = {isa = PBXBuildFile; fileRef = B4DEED31224708800026604C /* AeonColors.swift */; };
		B413ABD2224D7C8A00E8BDD1 /* SKTextureGradient.swift in Sources */ = {isa = PBXBuildFile; fileRef = B480388D223750DD005AF239 /* SKTextureGradient.swift */; };
		B413ABD3224D7C8B00E8BDD1 /* AeonNameGenerator.swift in Sources */ = {isa = PBXBuildFile; fileRef = B4364F7D1F8C7A7A0002B2BB /* AeonNameGenerator.swift */; };
		B413ABD4224D7C8B00E8BDD1 /* Surnames in Resources */ = {isa = PBXBuildFile; fileRef = B4364F801F8C81C10002B2BB /* Surnames */; };
		B413ABD5224D7C8B00E8BDD1 /* FirstNames in Resources */ = {isa = PBXBuildFile; fileRef = B4364F821F8C86020002B2BB /* FirstNames */; };
		B413ABD6224D7C8B00E8BDD1 /* AeonUtils.swift in Sources */ = {isa = PBXBuildFile; fileRef = 44868F672231E855009F0460 /* AeonUtils.swift */; };
		B413ABD7224D7C8B00E8BDD1 /* AeonColors.swift in Sources */ = {isa = PBXBuildFile; fileRef = B4DEED31224708800026604C /* AeonColors.swift */; };
		B413ABD8224D7C8B00E8BDD1 /* SKTextureGradient.swift in Sources */ = {isa = PBXBuildFile; fileRef = B480388D223750DD005AF239 /* SKTextureGradient.swift */; };
		B413ABD9224D7C8C00E8BDD1 /* AeonNameGenerator.swift in Sources */ = {isa = PBXBuildFile; fileRef = B4364F7D1F8C7A7A0002B2BB /* AeonNameGenerator.swift */; };
		B413ABDA224D7C8C00E8BDD1 /* Surnames in Resources */ = {isa = PBXBuildFile; fileRef = B4364F801F8C81C10002B2BB /* Surnames */; };
		B413ABDB224D7C8C00E8BDD1 /* FirstNames in Resources */ = {isa = PBXBuildFile; fileRef = B4364F821F8C86020002B2BB /* FirstNames */; };
		B413ABDC224D7C8C00E8BDD1 /* AeonUtils.swift in Sources */ = {isa = PBXBuildFile; fileRef = 44868F672231E855009F0460 /* AeonUtils.swift */; };
		B413ABDD224D7C8C00E8BDD1 /* AeonColors.swift in Sources */ = {isa = PBXBuildFile; fileRef = B4DEED31224708800026604C /* AeonColors.swift */; };
		B413ABDE224D7C8C00E8BDD1 /* SKTextureGradient.swift in Sources */ = {isa = PBXBuildFile; fileRef = B480388D223750DD005AF239 /* SKTextureGradient.swift */; };
		B413ABDF224D7CC000E8BDD1 /* AeonViewController.swift in Sources */ = {isa = PBXBuildFile; fileRef = B48DDABC1F80943500DEA908 /* AeonViewController.swift */; };
		B413ABE0224D7CC000E8BDD1 /* AeonDataPillView.swift in Sources */ = {isa = PBXBuildFile; fileRef = 44A171192245B70F00890D32 /* AeonDataPillView.swift */; };
		B413ABE1224D7CC000E8BDD1 /* AeonMenuButton.swift in Sources */ = {isa = PBXBuildFile; fileRef = 44A1711B2245B72800890D32 /* AeonMenuButton.swift */; };
		B413ABE2224D7CC000E8BDD1 /* AeonMenuView.swift in Sources */ = {isa = PBXBuildFile; fileRef = B4DEED3322470B980026604C /* AeonMenuView.swift */; };
		B413ABE3224D7D4F00E8BDD1 /* AeonOceanSparkle.sks in Resources */ = {isa = PBXBuildFile; fileRef = B48DDADD1F8328E400DEA908 /* AeonOceanSparkle.sks */; };
		B413ABE4224D7D4F00E8BDD1 /* AeonSmokeParticle.sks in Resources */ = {isa = PBXBuildFile; fileRef = 4419E9F02241A557007FE456 /* AeonSmokeParticle.sks */; };
		B413ABE5224D7D4F00E8BDD1 /* Assets.xcassets in Resources */ = {isa = PBXBuildFile; fileRef = 4419E9F12241A557007FE456 /* Assets.xcassets */; };
		B413ABE6224D7D4F00E8BDD1 /* AeonOceanSparkle.sks in Resources */ = {isa = PBXBuildFile; fileRef = B48DDADD1F8328E400DEA908 /* AeonOceanSparkle.sks */; };
		B413ABE7224D7D4F00E8BDD1 /* AeonSmokeParticle.sks in Resources */ = {isa = PBXBuildFile; fileRef = 4419E9F02241A557007FE456 /* AeonSmokeParticle.sks */; };
		B413ABE8224D7D4F00E8BDD1 /* Assets.xcassets in Resources */ = {isa = PBXBuildFile; fileRef = 4419E9F12241A557007FE456 /* Assets.xcassets */; };
		B413ABE9224D7D5000E8BDD1 /* AeonOceanSparkle.sks in Resources */ = {isa = PBXBuildFile; fileRef = B48DDADD1F8328E400DEA908 /* AeonOceanSparkle.sks */; };
		B413ABEA224D7D5000E8BDD1 /* AeonSmokeParticle.sks in Resources */ = {isa = PBXBuildFile; fileRef = 4419E9F02241A557007FE456 /* AeonSmokeParticle.sks */; };
		B413ABEB224D7D5000E8BDD1 /* Assets.xcassets in Resources */ = {isa = PBXBuildFile; fileRef = 4419E9F12241A557007FE456 /* Assets.xcassets */; };
		B413ABED224D7E1B00E8BDD1 /* Assets.xcassets in Resources */ = {isa = PBXBuildFile; fileRef = B413ABEC224D7E1B00E8BDD1 /* Assets.xcassets */; };
		B413ABEE224D7E1B00E8BDD1 /* Assets.xcassets in Resources */ = {isa = PBXBuildFile; fileRef = B413ABEC224D7E1B00E8BDD1 /* Assets.xcassets */; };
		B413ABEF224D7E1B00E8BDD1 /* Assets.xcassets in Resources */ = {isa = PBXBuildFile; fileRef = B413ABEC224D7E1B00E8BDD1 /* Assets.xcassets */; };
		B413ABF0224D7E1B00E8BDD1 /* Assets.xcassets in Resources */ = {isa = PBXBuildFile; fileRef = B413ABEC224D7E1B00E8BDD1 /* Assets.xcassets */; };
		B4364F7E1F8C7A7A0002B2BB /* AeonNameGenerator.swift in Sources */ = {isa = PBXBuildFile; fileRef = B4364F7D1F8C7A7A0002B2BB /* AeonNameGenerator.swift */; };
		B4364F811F8C81C20002B2BB /* Surnames in Resources */ = {isa = PBXBuildFile; fileRef = B4364F801F8C81C10002B2BB /* Surnames */; };
		B4364F831F8C86020002B2BB /* FirstNames in Resources */ = {isa = PBXBuildFile; fileRef = B4364F821F8C86020002B2BB /* FirstNames */; };
		B480388E223750DD005AF239 /* SKTextureGradient.swift in Sources */ = {isa = PBXBuildFile; fileRef = B480388D223750DD005AF239 /* SKTextureGradient.swift */; };
		B48DDAB51F80943500DEA908 /* AppDelegate.swift in Sources */ = {isa = PBXBuildFile; fileRef = B48DDAB41F80943500DEA908 /* AppDelegate.swift */; };
		B48DDABB1F80943500DEA908 /* AeonTankScene.swift in Sources */ = {isa = PBXBuildFile; fileRef = B48DDABA1F80943500DEA908 /* AeonTankScene.swift */; };
		B48DDABD1F80943500DEA908 /* AeonViewController.swift in Sources */ = {isa = PBXBuildFile; fileRef = B48DDABC1F80943500DEA908 /* AeonViewController.swift */; };
		B48DDAC21F80943500DEA908 /* Assets.xcassets in Resources */ = {isa = PBXBuildFile; fileRef = B48DDAC11F80943500DEA908 /* Assets.xcassets */; };
		B48DDAC51F80943500DEA908 /* LaunchScreen.storyboard in Resources */ = {isa = PBXBuildFile; fileRef = B48DDAC31F80943500DEA908 /* LaunchScreen.storyboard */; };
		B48DDACE1F80B2B000DEA908 /* AeonCreatureNode.swift in Sources */ = {isa = PBXBuildFile; fileRef = B48DDACD1F80B2B000DEA908 /* AeonCreatureNode.swift */; };
		B48DDAD01F81A1DE00DEA908 /* AeonFoodNode.swift in Sources */ = {isa = PBXBuildFile; fileRef = B48DDACF1F81A1DE00DEA908 /* AeonFoodNode.swift */; };
		B48DDADE1F8328E400DEA908 /* AeonOceanSparkle.sks in Resources */ = {isa = PBXBuildFile; fileRef = B48DDADD1F8328E400DEA908 /* AeonOceanSparkle.sks */; };
		B4DEED32224708800026604C /* AeonColors.swift in Sources */ = {isa = PBXBuildFile; fileRef = B4DEED31224708800026604C /* AeonColors.swift */; };
		B4DEED3422470B980026604C /* AeonMenuView.swift in Sources */ = {isa = PBXBuildFile; fileRef = B4DEED3322470B980026604C /* AeonMenuView.swift */; };
		B4DEED38224806850026604C /* AeonNodeProtocols.swift in Sources */ = {isa = PBXBuildFile; fileRef = B4DEED37224806850026604C /* AeonNodeProtocols.swift */; };
		B4DEED3A224817D80026604C /* AeonBubbleNode.swift in Sources */ = {isa = PBXBuildFile; fileRef = B4DEED39224817D80026604C /* AeonBubbleNode.swift */; };
/* End PBXBuildFile section */

/* Begin PBXFileReference section */
		1921664E2469C290D4148C61 /* Pods-Aeon Garden Original iOS.debug.xcconfig */ = {isa = PBXFileReference; includeInIndex = 1; lastKnownFileType = text.xcconfig; name = "Pods-Aeon Garden Original iOS.debug.xcconfig"; path = "Target Support Files/Pods-Aeon Garden Original iOS/Pods-Aeon Garden Original iOS.debug.xcconfig"; sourceTree = "<group>"; };
		36FD16856D813C5EFD6431ED /* Pods-Aeon Garden iOS.release.xcconfig */ = {isa = PBXFileReference; includeInIndex = 1; lastKnownFileType = text.xcconfig; name = "Pods-Aeon Garden iOS.release.xcconfig"; path = "Target Support Files/Pods-Aeon Garden iOS/Pods-Aeon Garden iOS.release.xcconfig"; sourceTree = "<group>"; };
		4419E9F02241A557007FE456 /* AeonSmokeParticle.sks */ = {isa = PBXFileReference; lastKnownFileType = file.sks; path = AeonSmokeParticle.sks; sourceTree = "<group>"; };
		4419E9F12241A557007FE456 /* Assets.xcassets */ = {isa = PBXFileReference; lastKnownFileType = folder.assetcatalog; path = Assets.xcassets; sourceTree = "<group>"; };
		44868F632231C2C2009F0460 /* AeonCreatureBrain.swift */ = {isa = PBXFileReference; lastKnownFileType = sourcecode.swift; path = AeonCreatureBrain.swift; sourceTree = "<group>"; };
		44868F652231C7F5009F0460 /* AeonLimbNode.swift */ = {isa = PBXFileReference; lastKnownFileType = sourcecode.swift; path = AeonLimbNode.swift; sourceTree = "<group>"; };
		44868F672231E855009F0460 /* AeonUtils.swift */ = {isa = PBXFileReference; lastKnownFileType = sourcecode.swift; path = AeonUtils.swift; sourceTree = "<group>"; };
		44868F6A223346E3009F0460 /* AeonCreatureBrainStates.swift */ = {isa = PBXFileReference; lastKnownFileType = sourcecode.swift; path = AeonCreatureBrainStates.swift; sourceTree = "<group>"; };
		44A171192245B70F00890D32 /* AeonDataPillView.swift */ = {isa = PBXFileReference; lastKnownFileType = sourcecode.swift; path = AeonDataPillView.swift; sourceTree = "<group>"; };
		44A1711B2245B72800890D32 /* AeonMenuButton.swift */ = {isa = PBXFileReference; lastKnownFileType = sourcecode.swift; path = AeonMenuButton.swift; sourceTree = "<group>"; };
		55106F82B8367E59A3F6FC58 /* Pods_Aeon_Garden.framework */ = {isa = PBXFileReference; explicitFileType = wrapper.framework; includeInIndex = 0; path = Pods_Aeon_Garden.framework; sourceTree = BUILT_PRODUCTS_DIR; };
		8DEDF779719125253E8C1592 /* Pods-Aeon Garden.release.xcconfig */ = {isa = PBXFileReference; includeInIndex = 1; lastKnownFileType = text.xcconfig; name = "Pods-Aeon Garden.release.xcconfig"; path = "Target Support Files/Pods-Aeon Garden/Pods-Aeon Garden.release.xcconfig"; sourceTree = "<group>"; };
		9DA5FBDDF894B044FA1831F3 /* Pods-Aeon Garden iOS.debug.xcconfig */ = {isa = PBXFileReference; includeInIndex = 1; lastKnownFileType = text.xcconfig; name = "Pods-Aeon Garden iOS.debug.xcconfig"; path = "Target Support Files/Pods-Aeon Garden iOS/Pods-Aeon Garden iOS.debug.xcconfig"; sourceTree = "<group>"; };
		A69E33689BDFD1DAC0725B2E /* Pods_Aeon_Garden_iOS.framework */ = {isa = PBXFileReference; explicitFileType = wrapper.framework; includeInIndex = 0; path = Pods_Aeon_Garden_iOS.framework; sourceTree = BUILT_PRODUCTS_DIR; };
		AD05DABBB678E736592C175E /* Pods-Aeon Garden Original iOS.release.xcconfig */ = {isa = PBXFileReference; includeInIndex = 1; lastKnownFileType = text.xcconfig; name = "Pods-Aeon Garden Original iOS.release.xcconfig"; path = "Target Support Files/Pods-Aeon Garden Original iOS/Pods-Aeon Garden Original iOS.release.xcconfig"; sourceTree = "<group>"; };
		B413AB6D224D73C200E8BDD1 /* Actions.sks */ = {isa = PBXFileReference; lastKnownFileType = file.sks; path = Actions.sks; sourceTree = "<group>"; };
		B413AB6E224D73C200E8BDD1 /* GameScene.sks */ = {isa = PBXFileReference; lastKnownFileType = file.sks; path = GameScene.sks; sourceTree = "<group>"; };
		B413AB6F224D73C200E8BDD1 /* GameScene.swift */ = {isa = PBXFileReference; lastKnownFileType = sourcecode.swift; path = GameScene.swift; sourceTree = "<group>"; };
		B413AB75224D73C400E8BDD1 /* Aeon Garden.app */ = {isa = PBXFileReference; explicitFileType = wrapper.application; includeInIndex = 0; path = "Aeon Garden.app"; sourceTree = BUILT_PRODUCTS_DIR; };
		B413AB77224D73C400E8BDD1 /* AppDelegate.swift */ = {isa = PBXFileReference; lastKnownFileType = sourcecode.swift; path = AppDelegate.swift; sourceTree = "<group>"; };
		B413AB79224D73C400E8BDD1 /* GameViewController.swift */ = {isa = PBXFileReference; lastKnownFileType = sourcecode.swift; path = GameViewController.swift; sourceTree = "<group>"; };
		B413AB7F224D73C400E8BDD1 /* Base */ = {isa = PBXFileReference; lastKnownFileType = file.storyboard; name = Base; path = Base.lproj/LaunchScreen.storyboard; sourceTree = "<group>"; };
		B413AB81224D73C400E8BDD1 /* Info.plist */ = {isa = PBXFileReference; lastKnownFileType = text.plist.xml; path = Info.plist; sourceTree = "<group>"; };
		B413AB86224D73C400E8BDD1 /* Aeon Garden.app */ = {isa = PBXFileReference; explicitFileType = wrapper.application; includeInIndex = 0; path = "Aeon Garden.app"; sourceTree = BUILT_PRODUCTS_DIR; };
		B413AB88224D73C400E8BDD1 /* AppDelegate.swift */ = {isa = PBXFileReference; lastKnownFileType = sourcecode.swift; path = AppDelegate.swift; sourceTree = "<group>"; };
		B413AB8A224D73C400E8BDD1 /* GameViewController.swift */ = {isa = PBXFileReference; lastKnownFileType = sourcecode.swift; path = GameViewController.swift; sourceTree = "<group>"; };
		B413AB8D224D73C400E8BDD1 /* Base */ = {isa = PBXFileReference; lastKnownFileType = file.storyboard; name = Base; path = Base.lproj/Main.storyboard; sourceTree = "<group>"; };
		B413AB8F224D73C400E8BDD1 /* Info.plist */ = {isa = PBXFileReference; lastKnownFileType = text.plist.xml; path = Info.plist; sourceTree = "<group>"; };
		B413AB94224D73C400E8BDD1 /* Aeon Garden.app */ = {isa = PBXFileReference; explicitFileType = wrapper.application; includeInIndex = 0; path = "Aeon Garden.app"; sourceTree = BUILT_PRODUCTS_DIR; };
		B413AB96224D73C400E8BDD1 /* AppDelegate.swift */ = {isa = PBXFileReference; lastKnownFileType = sourcecode.swift; path = AppDelegate.swift; sourceTree = "<group>"; };
		B413AB98224D73C400E8BDD1 /* GameViewController.swift */ = {isa = PBXFileReference; lastKnownFileType = sourcecode.swift; path = GameViewController.swift; sourceTree = "<group>"; };
		B413AB9B224D73C400E8BDD1 /* Base */ = {isa = PBXFileReference; lastKnownFileType = file.storyboard; name = Base; path = Base.lproj/Main.storyboard; sourceTree = "<group>"; };
		B413AB9D224D73C400E8BDD1 /* Info.plist */ = {isa = PBXFileReference; lastKnownFileType = text.plist.xml; path = Info.plist; sourceTree = "<group>"; };
		B413ABEC224D7E1B00E8BDD1 /* Assets.xcassets */ = {isa = PBXFileReference; lastKnownFileType = folder.assetcatalog; path = Assets.xcassets; sourceTree = "<group>"; };
		B4364F7D1F8C7A7A0002B2BB /* AeonNameGenerator.swift */ = {isa = PBXFileReference; lastKnownFileType = sourcecode.swift; path = AeonNameGenerator.swift; sourceTree = "<group>"; };
		B4364F801F8C81C10002B2BB /* Surnames */ = {isa = PBXFileReference; lastKnownFileType = text; path = Surnames; sourceTree = "<group>"; };
		B4364F821F8C86020002B2BB /* FirstNames */ = {isa = PBXFileReference; lastKnownFileType = text; path = FirstNames; sourceTree = "<group>"; };
		B480388D223750DD005AF239 /* SKTextureGradient.swift */ = {isa = PBXFileReference; lastKnownFileType = sourcecode.swift; path = SKTextureGradient.swift; sourceTree = "<group>"; };
		B48DDAB11F80943500DEA908 /* Aeon Garden Original iOS.app */ = {isa = PBXFileReference; explicitFileType = wrapper.application; includeInIndex = 0; path = "Aeon Garden Original iOS.app"; sourceTree = BUILT_PRODUCTS_DIR; };
		B48DDAB41F80943500DEA908 /* AppDelegate.swift */ = {isa = PBXFileReference; lastKnownFileType = sourcecode.swift; path = AppDelegate.swift; sourceTree = "<group>"; };
		B48DDABA1F80943500DEA908 /* AeonTankScene.swift */ = {isa = PBXFileReference; lastKnownFileType = sourcecode.swift; path = AeonTankScene.swift; sourceTree = "<group>"; };
		B48DDABC1F80943500DEA908 /* AeonViewController.swift */ = {isa = PBXFileReference; lastKnownFileType = sourcecode.swift; path = AeonViewController.swift; sourceTree = "<group>"; };
		B48DDAC11F80943500DEA908 /* Assets.xcassets */ = {isa = PBXFileReference; lastKnownFileType = folder.assetcatalog; path = Assets.xcassets; sourceTree = "<group>"; };
		B48DDAC41F80943500DEA908 /* Base */ = {isa = PBXFileReference; lastKnownFileType = file.storyboard; name = Base; path = Base.lproj/LaunchScreen.storyboard; sourceTree = "<group>"; };
		B48DDAC61F80943500DEA908 /* Info.plist */ = {isa = PBXFileReference; lastKnownFileType = text.plist.xml; path = Info.plist; sourceTree = "<group>"; };
		B48DDACD1F80B2B000DEA908 /* AeonCreatureNode.swift */ = {isa = PBXFileReference; lastKnownFileType = sourcecode.swift; path = AeonCreatureNode.swift; sourceTree = "<group>"; };
		B48DDACF1F81A1DE00DEA908 /* AeonFoodNode.swift */ = {isa = PBXFileReference; lastKnownFileType = sourcecode.swift; path = AeonFoodNode.swift; sourceTree = "<group>"; };
		B48DDADD1F8328E400DEA908 /* AeonOceanSparkle.sks */ = {isa = PBXFileReference; lastKnownFileType = file.sks; path = AeonOceanSparkle.sks; sourceTree = "<group>"; };
		B4DEED31224708800026604C /* AeonColors.swift */ = {isa = PBXFileReference; lastKnownFileType = sourcecode.swift; path = AeonColors.swift; sourceTree = "<group>"; };
		B4DEED3322470B980026604C /* AeonMenuView.swift */ = {isa = PBXFileReference; lastKnownFileType = sourcecode.swift; path = AeonMenuView.swift; sourceTree = "<group>"; };
		B4DEED37224806850026604C /* AeonNodeProtocols.swift */ = {isa = PBXFileReference; lastKnownFileType = sourcecode.swift; path = AeonNodeProtocols.swift; sourceTree = "<group>"; };
		B4DEED39224817D80026604C /* AeonBubbleNode.swift */ = {isa = PBXFileReference; lastKnownFileType = sourcecode.swift; path = AeonBubbleNode.swift; sourceTree = "<group>"; };
		C92F255750A6748D9021CCC3 /* Pods-Aeon Garden.debug.xcconfig */ = {isa = PBXFileReference; includeInIndex = 1; lastKnownFileType = text.xcconfig; name = "Pods-Aeon Garden.debug.xcconfig"; path = "Target Support Files/Pods-Aeon Garden/Pods-Aeon Garden.debug.xcconfig"; sourceTree = "<group>"; };
		E7FF2114A3347A2F93E3B678 /* Pods_Aeon_Garden_Original_iOS.framework */ = {isa = PBXFileReference; explicitFileType = wrapper.framework; includeInIndex = 0; path = Pods_Aeon_Garden_Original_iOS.framework; sourceTree = BUILT_PRODUCTS_DIR; };
/* End PBXFileReference section */

/* Begin PBXFrameworksBuildPhase section */
		B413AB72224D73C400E8BDD1 /* Frameworks */ = {
			isa = PBXFrameworksBuildPhase;
			buildActionMask = 2147483647;
			files = (
				8E7E158ACFE2903488CE6E7E /* Pods_Aeon_Garden_iOS.framework in Frameworks */,
			);
			runOnlyForDeploymentPostprocessing = 0;
		};
		B413AB83224D73C400E8BDD1 /* Frameworks */ = {
			isa = PBXFrameworksBuildPhase;
			buildActionMask = 2147483647;
			files = (
			);
			runOnlyForDeploymentPostprocessing = 0;
		};
		B413AB91224D73C400E8BDD1 /* Frameworks */ = {
			isa = PBXFrameworksBuildPhase;
			buildActionMask = 2147483647;
			files = (
			);
			runOnlyForDeploymentPostprocessing = 0;
		};
		B48DDAAE1F80943500DEA908 /* Frameworks */ = {
			isa = PBXFrameworksBuildPhase;
			buildActionMask = 2147483647;
			files = (
				20BB5F4AE80B3F6309F0B3C8 /* Pods_Aeon_Garden_Original_iOS.framework in Frameworks */,
			);
			runOnlyForDeploymentPostprocessing = 0;
		};
/* End PBXFrameworksBuildPhase section */

/* Begin PBXGroup section */
		04FCECD635035E84A37BC818 /* Frameworks */ = {
			isa = PBXGroup;
			children = (
				55106F82B8367E59A3F6FC58 /* Pods_Aeon_Garden.framework */,
				E7FF2114A3347A2F93E3B678 /* Pods_Aeon_Garden_Original_iOS.framework */,
				A69E33689BDFD1DAC0725B2E /* Pods_Aeon_Garden_iOS.framework */,
			);
			name = Frameworks;
			sourceTree = "<group>";
		};
		44868F5F2230B6BA009F0460 /* AeonCreatureNode */ = {
			isa = PBXGroup;
			children = (
				B48DDACD1F80B2B000DEA908 /* AeonCreatureNode.swift */,
				44868F652231C7F5009F0460 /* AeonLimbNode.swift */,
				44868F632231C2C2009F0460 /* AeonCreatureBrain.swift */,
				44868F6A223346E3009F0460 /* AeonCreatureBrainStates.swift */,
			);
			path = AeonCreatureNode;
			sourceTree = "<group>";
		};
		44868F622230B706009F0460 /* Assets */ = {
			isa = PBXGroup;
			children = (
				B48DDAC11F80943500DEA908 /* Assets.xcassets */,
				B48DDAC31F80943500DEA908 /* LaunchScreen.storyboard */,
			);
			path = Assets;
			sourceTree = "<group>";
		};
		44A1711D2245B73200890D32 /* Interface */ = {
			isa = PBXGroup;
			children = (
				B48DDABC1F80943500DEA908 /* AeonViewController.swift */,
				44A171192245B70F00890D32 /* AeonDataPillView.swift */,
				44A1711B2245B72800890D32 /* AeonMenuButton.swift */,
				B4DEED3322470B980026604C /* AeonMenuView.swift */,
			);
			name = Interface;
			path = "Aeon Garden iOS/Interface";
			sourceTree = SOURCE_ROOT;
		};
		44D36650223B1D63006AB1C7 /* Utilities */ = {
			isa = PBXGroup;
			children = (
				B4364F791F8C78070002B2BB /* AeonNameGenerator */,
				44868F672231E855009F0460 /* AeonUtils.swift */,
				B4DEED31224708800026604C /* AeonColors.swift */,
				B480388D223750DD005AF239 /* SKTextureGradient.swift */,
			);
			name = Utilities;
			path = "Aeon Garden Shared/Utilities";
			sourceTree = SOURCE_ROOT;
		};
		B413AB6C224D73C200E8BDD1 /* Aeon Garden Shared */ = {
			isa = PBXGroup;
			children = (
				B413ABEC224D7E1B00E8BDD1 /* Assets.xcassets */,
				B4364F7A1F8C78190002B2BB /* Particles */,
				B4DEED362248065B0026604C /* Scenes */,
				B4DEED3522470E400026604C /* Nodes */,
				44D36650223B1D63006AB1C7 /* Utilities */,
				B413AB6D224D73C200E8BDD1 /* Actions.sks */,
				B413AB6E224D73C200E8BDD1 /* GameScene.sks */,
				B413AB6F224D73C200E8BDD1 /* GameScene.swift */,
			);
			path = "Aeon Garden Shared";
			sourceTree = SOURCE_ROOT;
		};
		B413AB76224D73C400E8BDD1 /* Aeon Garden iOS */ = {
			isa = PBXGroup;
			children = (
				44A1711D2245B73200890D32 /* Interface */,
				B413AB77224D73C400E8BDD1 /* AppDelegate.swift */,
				B413AB79224D73C400E8BDD1 /* GameViewController.swift */,
				B413AB7E224D73C400E8BDD1 /* LaunchScreen.storyboard */,
				B413AB81224D73C400E8BDD1 /* Info.plist */,
			);
			path = "Aeon Garden iOS";
			sourceTree = "<group>";
		};
		B413AB87224D73C400E8BDD1 /* Aeon Garden tvOS */ = {
			isa = PBXGroup;
			children = (
				B413AB88224D73C400E8BDD1 /* AppDelegate.swift */,
				B413AB8A224D73C400E8BDD1 /* GameViewController.swift */,
				B413AB8C224D73C400E8BDD1 /* Main.storyboard */,
				B413AB8F224D73C400E8BDD1 /* Info.plist */,
			);
			path = "Aeon Garden tvOS";
			sourceTree = "<group>";
		};
		B413AB95224D73C400E8BDD1 /* Aeon Garden macOS */ = {
			isa = PBXGroup;
			children = (
				B413AB96224D73C400E8BDD1 /* AppDelegate.swift */,
				B413AB98224D73C400E8BDD1 /* GameViewController.swift */,
				B413AB9A224D73C400E8BDD1 /* Main.storyboard */,
				B413AB9D224D73C400E8BDD1 /* Info.plist */,
			);
			path = "Aeon Garden macOS";
			sourceTree = "<group>";
		};
		B4364F791F8C78070002B2BB /* AeonNameGenerator */ = {
			isa = PBXGroup;
			children = (
				B4364F7D1F8C7A7A0002B2BB /* AeonNameGenerator.swift */,
				B4364F801F8C81C10002B2BB /* Surnames */,
				B4364F821F8C86020002B2BB /* FirstNames */,
			);
			path = AeonNameGenerator;
			sourceTree = "<group>";
		};
		B4364F7A1F8C78190002B2BB /* Particles */ = {
			isa = PBXGroup;
			children = (
				B48DDADD1F8328E400DEA908 /* AeonOceanSparkle.sks */,
				4419E9F02241A557007FE456 /* AeonSmokeParticle.sks */,
				4419E9F12241A557007FE456 /* Assets.xcassets */,
			);
			name = Particles;
			path = "Aeon Garden Shared/Particles";
			sourceTree = SOURCE_ROOT;
		};
		B48DDAA81F80943500DEA908 = {
			isa = PBXGroup;
			children = (
				B48DDAB31F80943500DEA908 /* Aeon Garden Original */,
				B413AB6C224D73C200E8BDD1 /* Aeon Garden Shared */,
				B413AB76224D73C400E8BDD1 /* Aeon Garden iOS */,
				B413AB87224D73C400E8BDD1 /* Aeon Garden tvOS */,
				B413AB95224D73C400E8BDD1 /* Aeon Garden macOS */,
				B48DDAB21F80943500DEA908 /* Products */,
				C3FE8F8E96A673E848F74E7E /* Pods */,
				04FCECD635035E84A37BC818 /* Frameworks */,
			);
			sourceTree = "<group>";
		};
		B48DDAB21F80943500DEA908 /* Products */ = {
			isa = PBXGroup;
			children = (
				B48DDAB11F80943500DEA908 /* Aeon Garden Original iOS.app */,
				B413AB75224D73C400E8BDD1 /* Aeon Garden.app */,
				B413AB86224D73C400E8BDD1 /* Aeon Garden.app */,
				B413AB94224D73C400E8BDD1 /* Aeon Garden.app */,
			);
			name = Products;
			sourceTree = "<group>";
		};
		B48DDAB31F80943500DEA908 /* Aeon Garden Original */ = {
			isa = PBXGroup;
			children = (
				B48DDAB41F80943500DEA908 /* AppDelegate.swift */,
				44868F622230B706009F0460 /* Assets */,
				B48DDAC61F80943500DEA908 /* Info.plist */,
			);
			path = "Aeon Garden Original";
			sourceTree = "<group>";
		};
		B4DEED3522470E400026604C /* Nodes */ = {
			isa = PBXGroup;
			children = (
				44868F5F2230B6BA009F0460 /* AeonCreatureNode */,
				B48DDACF1F81A1DE00DEA908 /* AeonFoodNode.swift */,
				B4DEED37224806850026604C /* AeonNodeProtocols.swift */,
				B4DEED39224817D80026604C /* AeonBubbleNode.swift */,
			);
			name = Nodes;
			path = "Aeon Garden Shared/Nodes";
			sourceTree = SOURCE_ROOT;
		};
		B4DEED362248065B0026604C /* Scenes */ = {
			isa = PBXGroup;
			children = (
				B48DDABA1F80943500DEA908 /* AeonTankScene.swift */,
			);
			name = Scenes;
			path = "Aeon Garden Shared/Scenes";
			sourceTree = SOURCE_ROOT;
		};
		C3FE8F8E96A673E848F74E7E /* Pods */ = {
			isa = PBXGroup;
			children = (
				C92F255750A6748D9021CCC3 /* Pods-Aeon Garden.debug.xcconfig */,
				8DEDF779719125253E8C1592 /* Pods-Aeon Garden.release.xcconfig */,
				1921664E2469C290D4148C61 /* Pods-Aeon Garden Original iOS.debug.xcconfig */,
				AD05DABBB678E736592C175E /* Pods-Aeon Garden Original iOS.release.xcconfig */,
				9DA5FBDDF894B044FA1831F3 /* Pods-Aeon Garden iOS.debug.xcconfig */,
				36FD16856D813C5EFD6431ED /* Pods-Aeon Garden iOS.release.xcconfig */,
			);
			path = Pods;
			sourceTree = "<group>";
		};
/* End PBXGroup section */

/* Begin PBXNativeTarget section */
		B413AB74224D73C400E8BDD1 /* Aeon Garden iOS */ = {
			isa = PBXNativeTarget;
			buildConfigurationList = B413ABB0224D73C400E8BDD1 /* Build configuration list for PBXNativeTarget "Aeon Garden iOS" */;
			buildPhases = (
				219FFC9F148B3EEBF1CF4463 /* [CP] Check Pods Manifest.lock */,
				B413AB71224D73C400E8BDD1 /* Sources */,
				B413AB72224D73C400E8BDD1 /* Frameworks */,
				B413AB73224D73C400E8BDD1 /* Resources */,
				E474D9030D5C7030406D7C4F /* [CP] Embed Pods Frameworks */,
			);
			buildRules = (
			);
			dependencies = (
			);
			name = "Aeon Garden iOS";
			productName = "Aeon Garden iOS";
			productReference = B413AB75224D73C400E8BDD1 /* Aeon Garden.app */;
			productType = "com.apple.product-type.application";
		};
		B413AB85224D73C400E8BDD1 /* Aeon Garden tvOS */ = {
			isa = PBXNativeTarget;
			buildConfigurationList = B413ABB1224D73C400E8BDD1 /* Build configuration list for PBXNativeTarget "Aeon Garden tvOS" */;
			buildPhases = (
				B413AB82224D73C400E8BDD1 /* Sources */,
				B413AB83224D73C400E8BDD1 /* Frameworks */,
				B413AB84224D73C400E8BDD1 /* Resources */,
			);
			buildRules = (
			);
			dependencies = (
			);
			name = "Aeon Garden tvOS";
			productName = "Aeon Garden tvOS";
			productReference = B413AB86224D73C400E8BDD1 /* Aeon Garden.app */;
			productType = "com.apple.product-type.application";
		};
		B413AB93224D73C400E8BDD1 /* Aeon Garden macOS */ = {
			isa = PBXNativeTarget;
			buildConfigurationList = B413ABB2224D73C400E8BDD1 /* Build configuration list for PBXNativeTarget "Aeon Garden macOS" */;
			buildPhases = (
				B413AB90224D73C400E8BDD1 /* Sources */,
				B413AB91224D73C400E8BDD1 /* Frameworks */,
				B413AB92224D73C400E8BDD1 /* Resources */,
			);
			buildRules = (
			);
			dependencies = (
			);
			name = "Aeon Garden macOS";
			productName = "Aeon Garden macOS";
			productReference = B413AB94224D73C400E8BDD1 /* Aeon Garden.app */;
			productType = "com.apple.product-type.application";
		};
		B48DDAB01F80943500DEA908 /* Aeon Garden Original iOS */ = {
			isa = PBXNativeTarget;
			buildConfigurationList = B48DDAC91F80943500DEA908 /* Build configuration list for PBXNativeTarget "Aeon Garden Original iOS" */;
			buildPhases = (
				41E5EB57845D8B78540DEB3F /* [CP] Check Pods Manifest.lock */,
				B48DDAAD1F80943500DEA908 /* Sources */,
				B48DDAAE1F80943500DEA908 /* Frameworks */,
				B48DDAAF1F80943500DEA908 /* Resources */,
				4415998421A631ED00D740DD /* SwiftLint */,
				9FB8E6930040DAF6BC887CDA /* [CP] Embed Pods Frameworks */,
			);
			buildRules = (
			);
			dependencies = (
			);
			name = "Aeon Garden Original iOS";
			productName = "Aeon Garden";
			productReference = B48DDAB11F80943500DEA908 /* Aeon Garden Original iOS.app */;
			productType = "com.apple.product-type.application";
		};
/* End PBXNativeTarget section */

/* Begin PBXProject section */
		B48DDAA91F80943500DEA908 /* Project object */ = {
			isa = PBXProject;
			attributes = {
				LastSwiftUpdateCheck = 1020;
				LastUpgradeCheck = 1000;
				ORGANIZATIONNAME = "Brad Root";
				TargetAttributes = {
					B413AB74224D73C400E8BDD1 = {
						CreatedOnToolsVersion = 10.2;
						ProvisioningStyle = Automatic;
					};
					B413AB85224D73C400E8BDD1 = {
						CreatedOnToolsVersion = 10.2;
						ProvisioningStyle = Automatic;
					};
					B413AB93224D73C400E8BDD1 = {
						CreatedOnToolsVersion = 10.2;
						ProvisioningStyle = Automatic;
					};
					B48DDAB01F80943500DEA908 = {
						CreatedOnToolsVersion = 9.0;
						LastSwiftMigration = 1020;
						ProvisioningStyle = Automatic;
					};
				};
			};
			buildConfigurationList = B48DDAAC1F80943500DEA908 /* Build configuration list for PBXProject "Aeon Garden" */;
			compatibilityVersion = "Xcode 8.0";
			developmentRegion = en;
			hasScannedForEncodings = 0;
			knownRegions = (
				en,
				Base,
			);
			mainGroup = B48DDAA81F80943500DEA908;
			productRefGroup = B48DDAB21F80943500DEA908 /* Products */;
			projectDirPath = "";
			projectRoot = "";
			targets = (
				B48DDAB01F80943500DEA908 /* Aeon Garden Original iOS */,
				B413AB74224D73C400E8BDD1 /* Aeon Garden iOS */,
				B413AB85224D73C400E8BDD1 /* Aeon Garden tvOS */,
				B413AB93224D73C400E8BDD1 /* Aeon Garden macOS */,
			);
		};
/* End PBXProject section */

/* Begin PBXResourcesBuildPhase section */
		B413AB73224D73C400E8BDD1 /* Resources */ = {
			isa = PBXResourcesBuildPhase;
			buildActionMask = 2147483647;
			files = (
				B413ABE3224D7D4F00E8BDD1 /* AeonOceanSparkle.sks in Resources */,
				B413ABA1224D73C400E8BDD1 /* GameScene.sks in Resources */,
				B413ABE4224D7D4F00E8BDD1 /* AeonSmokeParticle.sks in Resources */,
				B413AB9E224D73C400E8BDD1 /* Actions.sks in Resources */,
				B413ABCE224D7C8A00E8BDD1 /* Surnames in Resources */,
				B413AB80224D73C400E8BDD1 /* LaunchScreen.storyboard in Resources */,
				B413ABCF224D7C8A00E8BDD1 /* FirstNames in Resources */,
				B413ABEE224D7E1B00E8BDD1 /* Assets.xcassets in Resources */,
				B413ABE5224D7D4F00E8BDD1 /* Assets.xcassets in Resources */,
			);
			runOnlyForDeploymentPostprocessing = 0;
		};
		B413AB84224D73C400E8BDD1 /* Resources */ = {
			isa = PBXResourcesBuildPhase;
			buildActionMask = 2147483647;
			files = (
				B413ABE6224D7D4F00E8BDD1 /* AeonOceanSparkle.sks in Resources */,
				B413AB8E224D73C400E8BDD1 /* Main.storyboard in Resources */,
				B413ABE7224D7D4F00E8BDD1 /* AeonSmokeParticle.sks in Resources */,
				B413ABA2224D73C400E8BDD1 /* GameScene.sks in Resources */,
				B413ABD4224D7C8B00E8BDD1 /* Surnames in Resources */,
				B413ABD5224D7C8B00E8BDD1 /* FirstNames in Resources */,
				B413ABE8224D7D4F00E8BDD1 /* Assets.xcassets in Resources */,
				B413ABEF224D7E1B00E8BDD1 /* Assets.xcassets in Resources */,
				B413AB9F224D73C400E8BDD1 /* Actions.sks in Resources */,
			);
			runOnlyForDeploymentPostprocessing = 0;
		};
		B413AB92224D73C400E8BDD1 /* Resources */ = {
			isa = PBXResourcesBuildPhase;
			buildActionMask = 2147483647;
			files = (
				B413ABE9224D7D5000E8BDD1 /* AeonOceanSparkle.sks in Resources */,
				B413AB9C224D73C400E8BDD1 /* Main.storyboard in Resources */,
				B413ABEA224D7D5000E8BDD1 /* AeonSmokeParticle.sks in Resources */,
				B413ABA3224D73C400E8BDD1 /* GameScene.sks in Resources */,
				B413ABDA224D7C8C00E8BDD1 /* Surnames in Resources */,
				B413ABDB224D7C8C00E8BDD1 /* FirstNames in Resources */,
				B413ABEB224D7D5000E8BDD1 /* Assets.xcassets in Resources */,
				B413ABF0224D7E1B00E8BDD1 /* Assets.xcassets in Resources */,
				B413ABA0224D73C400E8BDD1 /* Actions.sks in Resources */,
			);
			runOnlyForDeploymentPostprocessing = 0;
		};
		B48DDAAF1F80943500DEA908 /* Resources */ = {
			isa = PBXResourcesBuildPhase;
			buildActionMask = 2147483647;
			files = (
				B4364F811F8C81C20002B2BB /* Surnames in Resources */,
				B48DDADE1F8328E400DEA908 /* AeonOceanSparkle.sks in Resources */,
				4419E9F22241A557007FE456 /* AeonSmokeParticle.sks in Resources */,
				B4364F831F8C86020002B2BB /* FirstNames in Resources */,
				B48DDAC21F80943500DEA908 /* Assets.xcassets in Resources */,
				4419E9F32241A557007FE456 /* Assets.xcassets in Resources */,
				B413ABED224D7E1B00E8BDD1 /* Assets.xcassets in Resources */,
				B48DDAC51F80943500DEA908 /* LaunchScreen.storyboard in Resources */,
			);
			runOnlyForDeploymentPostprocessing = 0;
		};
/* End PBXResourcesBuildPhase section */

/* Begin PBXShellScriptBuildPhase section */
		219FFC9F148B3EEBF1CF4463 /* [CP] Check Pods Manifest.lock */ = {
			isa = PBXShellScriptBuildPhase;
			buildActionMask = 2147483647;
			files = (
			);
			inputFileListPaths = (
			);
			inputPaths = (
				"${PODS_PODFILE_DIR_PATH}/Podfile.lock",
				"${PODS_ROOT}/Manifest.lock",
			);
			name = "[CP] Check Pods Manifest.lock";
			outputFileListPaths = (
			);
			outputPaths = (
				"$(DERIVED_FILE_DIR)/Pods-Aeon Garden iOS-checkManifestLockResult.txt",
			);
			runOnlyForDeploymentPostprocessing = 0;
			shellPath = /bin/sh;
			shellScript = "diff \"${PODS_PODFILE_DIR_PATH}/Podfile.lock\" \"${PODS_ROOT}/Manifest.lock\" > /dev/null\nif [ $? != 0 ] ; then\n    # print error to STDERR\n    echo \"error: The sandbox is not in sync with the Podfile.lock. Run 'pod install' or update your CocoaPods installation.\" >&2\n    exit 1\nfi\n# This output is used by Xcode 'outputs' to avoid re-running this script phase.\necho \"SUCCESS\" > \"${SCRIPT_OUTPUT_FILE_0}\"\n";
			showEnvVarsInLog = 0;
		};
		41E5EB57845D8B78540DEB3F /* [CP] Check Pods Manifest.lock */ = {
			isa = PBXShellScriptBuildPhase;
			buildActionMask = 2147483647;
			files = (
			);
			inputFileListPaths = (
			);
			inputPaths = (
				"${PODS_PODFILE_DIR_PATH}/Podfile.lock",
				"${PODS_ROOT}/Manifest.lock",
			);
			name = "[CP] Check Pods Manifest.lock";
			outputFileListPaths = (
			);
			outputPaths = (
				"$(DERIVED_FILE_DIR)/Pods-Aeon Garden Original iOS-checkManifestLockResult.txt",
			);
			runOnlyForDeploymentPostprocessing = 0;
			shellPath = /bin/sh;
			shellScript = "diff \"${PODS_PODFILE_DIR_PATH}/Podfile.lock\" \"${PODS_ROOT}/Manifest.lock\" > /dev/null\nif [ $? != 0 ] ; then\n    # print error to STDERR\n    echo \"error: The sandbox is not in sync with the Podfile.lock. Run 'pod install' or update your CocoaPods installation.\" >&2\n    exit 1\nfi\n# This output is used by Xcode 'outputs' to avoid re-running this script phase.\necho \"SUCCESS\" > \"${SCRIPT_OUTPUT_FILE_0}\"\n";
			showEnvVarsInLog = 0;
		};
		4415998421A631ED00D740DD /* SwiftLint */ = {
			isa = PBXShellScriptBuildPhase;
			buildActionMask = 2147483647;
			files = (
			);
			inputFileListPaths = (
			);
			inputPaths = (
			);
			name = SwiftLint;
			outputFileListPaths = (
			);
			outputPaths = (
			);
			runOnlyForDeploymentPostprocessing = 0;
			shellPath = /bin/sh;
			shellScript = "\"${PODS_ROOT}/SwiftLint/swiftlint\"\n";
		};
		9FB8E6930040DAF6BC887CDA /* [CP] Embed Pods Frameworks */ = {
			isa = PBXShellScriptBuildPhase;
			buildActionMask = 2147483647;
			files = (
			);
			inputFileListPaths = (
			);
			inputPaths = (
				"${PODS_ROOT}/Target Support Files/Pods-Aeon Garden Original iOS/Pods-Aeon Garden Original iOS-frameworks.sh",
				"${BUILT_PRODUCTS_DIR}/SnapKit/SnapKit.framework",
			);
			name = "[CP] Embed Pods Frameworks";
			outputFileListPaths = (
			);
			outputPaths = (
				"${TARGET_BUILD_DIR}/${FRAMEWORKS_FOLDER_PATH}/SnapKit.framework",
			);
			runOnlyForDeploymentPostprocessing = 0;
			shellPath = /bin/sh;
			shellScript = "\"${PODS_ROOT}/Target Support Files/Pods-Aeon Garden Original iOS/Pods-Aeon Garden Original iOS-frameworks.sh\"\n";
			showEnvVarsInLog = 0;
		};
		E474D9030D5C7030406D7C4F /* [CP] Embed Pods Frameworks */ = {
			isa = PBXShellScriptBuildPhase;
			buildActionMask = 2147483647;
			files = (
			);
			inputFileListPaths = (
			);
			inputPaths = (
				"${PODS_ROOT}/Target Support Files/Pods-Aeon Garden iOS/Pods-Aeon Garden iOS-frameworks.sh",
				"${BUILT_PRODUCTS_DIR}/SnapKit/SnapKit.framework",
			);
			name = "[CP] Embed Pods Frameworks";
			outputFileListPaths = (
			);
			outputPaths = (
				"${TARGET_BUILD_DIR}/${FRAMEWORKS_FOLDER_PATH}/SnapKit.framework",
			);
			runOnlyForDeploymentPostprocessing = 0;
			shellPath = /bin/sh;
			shellScript = "\"${PODS_ROOT}/Target Support Files/Pods-Aeon Garden iOS/Pods-Aeon Garden iOS-frameworks.sh\"\n";
			showEnvVarsInLog = 0;
		};
/* End PBXShellScriptBuildPhase section */

/* Begin PBXSourcesBuildPhase section */
		B413AB71224D73C400E8BDD1 /* Sources */ = {
			isa = PBXSourcesBuildPhase;
			buildActionMask = 2147483647;
			files = (
				B413ABD1224D7C8A00E8BDD1 /* AeonColors.swift in Sources */,
				B413ABB9224D7C8100E8BDD1 /* AeonLimbNode.swift in Sources */,
				B413ABCD224D7C8A00E8BDD1 /* AeonNameGenerator.swift in Sources */,
				B413ABB8224D7C8100E8BDD1 /* AeonCreatureNode.swift in Sources */,
				B413ABA4224D73C400E8BDD1 /* GameScene.swift in Sources */,
				B413ABDF224D7CC000E8BDD1 /* AeonViewController.swift in Sources */,
				B413ABD2224D7C8A00E8BDD1 /* SKTextureGradient.swift in Sources */,
				B413ABB5224D7C7100E8BDD1 /* AeonTankScene.swift in Sources */,
				B413ABBA224D7C8100E8BDD1 /* AeonCreatureBrain.swift in Sources */,
				B413ABE2224D7CC000E8BDD1 /* AeonMenuView.swift in Sources */,
				B413ABBC224D7C8100E8BDD1 /* AeonFoodNode.swift in Sources */,
				B413ABE0224D7CC000E8BDD1 /* AeonDataPillView.swift in Sources */,
				B413ABBD224D7C8100E8BDD1 /* AeonNodeProtocols.swift in Sources */,
				B413AB7A224D73C400E8BDD1 /* GameViewController.swift in Sources */,
				B413ABE1224D7CC000E8BDD1 /* AeonMenuButton.swift in Sources */,
				B413ABBB224D7C8100E8BDD1 /* AeonCreatureBrainStates.swift in Sources */,
				B413ABBE224D7C8100E8BDD1 /* AeonBubbleNode.swift in Sources */,
				B413ABD0224D7C8A00E8BDD1 /* AeonUtils.swift in Sources */,
				B413AB78224D73C400E8BDD1 /* AppDelegate.swift in Sources */,
			);
			runOnlyForDeploymentPostprocessing = 0;
		};
		B413AB82224D73C400E8BDD1 /* Sources */ = {
			isa = PBXSourcesBuildPhase;
			buildActionMask = 2147483647;
			files = (
				B413ABD7224D7C8B00E8BDD1 /* AeonColors.swift in Sources */,
				B413ABC0224D7C8200E8BDD1 /* AeonLimbNode.swift in Sources */,
				B413ABD3224D7C8B00E8BDD1 /* AeonNameGenerator.swift in Sources */,
				B413ABBF224D7C8200E8BDD1 /* AeonCreatureNode.swift in Sources */,
				B413ABA5224D73C400E8BDD1 /* GameScene.swift in Sources */,
				B413ABD8224D7C8B00E8BDD1 /* SKTextureGradient.swift in Sources */,
				B413ABB6224D7C7200E8BDD1 /* AeonTankScene.swift in Sources */,
				B413ABC1224D7C8200E8BDD1 /* AeonCreatureBrain.swift in Sources */,
				B413ABC3224D7C8200E8BDD1 /* AeonFoodNode.swift in Sources */,
				B413ABC4224D7C8200E8BDD1 /* AeonNodeProtocols.swift in Sources */,
				B413AB8B224D73C400E8BDD1 /* GameViewController.swift in Sources */,
				B413ABC2224D7C8200E8BDD1 /* AeonCreatureBrainStates.swift in Sources */,
				B413ABC5224D7C8200E8BDD1 /* AeonBubbleNode.swift in Sources */,
				B413ABD6224D7C8B00E8BDD1 /* AeonUtils.swift in Sources */,
				B413AB89224D73C400E8BDD1 /* AppDelegate.swift in Sources */,
			);
			runOnlyForDeploymentPostprocessing = 0;
		};
		B413AB90224D73C400E8BDD1 /* Sources */ = {
			isa = PBXSourcesBuildPhase;
			buildActionMask = 2147483647;
			files = (
				B413ABDD224D7C8C00E8BDD1 /* AeonColors.swift in Sources */,
				B413ABC7224D7C8300E8BDD1 /* AeonLimbNode.swift in Sources */,
				B413ABD9224D7C8C00E8BDD1 /* AeonNameGenerator.swift in Sources */,
				B413ABC6224D7C8300E8BDD1 /* AeonCreatureNode.swift in Sources */,
				B413ABA6224D73C400E8BDD1 /* GameScene.swift in Sources */,
				B413ABDE224D7C8C00E8BDD1 /* SKTextureGradient.swift in Sources */,
				B413ABB7224D7C7300E8BDD1 /* AeonTankScene.swift in Sources */,
				B413ABC8224D7C8300E8BDD1 /* AeonCreatureBrain.swift in Sources */,
				B413ABCA224D7C8300E8BDD1 /* AeonFoodNode.swift in Sources */,
				B413ABCB224D7C8300E8BDD1 /* AeonNodeProtocols.swift in Sources */,
				B413AB99224D73C400E8BDD1 /* GameViewController.swift in Sources */,
				B413ABC9224D7C8300E8BDD1 /* AeonCreatureBrainStates.swift in Sources */,
				B413ABCC224D7C8300E8BDD1 /* AeonBubbleNode.swift in Sources */,
				B413ABDC224D7C8C00E8BDD1 /* AeonUtils.swift in Sources */,
				B413AB97224D73C400E8BDD1 /* AppDelegate.swift in Sources */,
			);
			runOnlyForDeploymentPostprocessing = 0;
		};
		B48DDAAD1F80943500DEA908 /* Sources */ = {
			isa = PBXSourcesBuildPhase;
			buildActionMask = 2147483647;
			files = (
				B4DEED3A224817D80026604C /* AeonBubbleNode.swift in Sources */,
				B4DEED32224708800026604C /* AeonColors.swift in Sources */,
				B48DDAD01F81A1DE00DEA908 /* AeonFoodNode.swift in Sources */,
				B4364F7E1F8C7A7A0002B2BB /* AeonNameGenerator.swift in Sources */,
				44868F682231E855009F0460 /* AeonUtils.swift in Sources */,
				B48DDABB1F80943500DEA908 /* AeonTankScene.swift in Sources */,
				B48DDACE1F80B2B000DEA908 /* AeonCreatureNode.swift in Sources */,
				44868F6B223346E3009F0460 /* AeonCreatureBrainStates.swift in Sources */,
				44868F642231C2C2009F0460 /* AeonCreatureBrain.swift in Sources */,
				44A1711A2245B70F00890D32 /* AeonDataPillView.swift in Sources */,
				B4DEED38224806850026604C /* AeonNodeProtocols.swift in Sources */,
				B480388E223750DD005AF239 /* SKTextureGradient.swift in Sources */,
				B4DEED3422470B980026604C /* AeonMenuView.swift in Sources */,
				44868F662231C7F5009F0460 /* AeonLimbNode.swift in Sources */,
				B48DDABD1F80943500DEA908 /* AeonViewController.swift in Sources */,
				44A1711C2245B72800890D32 /* AeonMenuButton.swift in Sources */,
				B48DDAB51F80943500DEA908 /* AppDelegate.swift in Sources */,
			);
			runOnlyForDeploymentPostprocessing = 0;
		};
/* End PBXSourcesBuildPhase section */

/* Begin PBXVariantGroup section */
		B413AB7E224D73C400E8BDD1 /* LaunchScreen.storyboard */ = {
			isa = PBXVariantGroup;
			children = (
				B413AB7F224D73C400E8BDD1 /* Base */,
			);
			name = LaunchScreen.storyboard;
			sourceTree = "<group>";
		};
		B413AB8C224D73C400E8BDD1 /* Main.storyboard */ = {
			isa = PBXVariantGroup;
			children = (
				B413AB8D224D73C400E8BDD1 /* Base */,
			);
			name = Main.storyboard;
			sourceTree = "<group>";
		};
		B413AB9A224D73C400E8BDD1 /* Main.storyboard */ = {
			isa = PBXVariantGroup;
			children = (
				B413AB9B224D73C400E8BDD1 /* Base */,
			);
			name = Main.storyboard;
			sourceTree = "<group>";
		};
		B48DDAC31F80943500DEA908 /* LaunchScreen.storyboard */ = {
			isa = PBXVariantGroup;
			children = (
				B48DDAC41F80943500DEA908 /* Base */,
			);
			name = LaunchScreen.storyboard;
			sourceTree = "<group>";
		};
/* End PBXVariantGroup section */

/* Begin XCBuildConfiguration section */
		B413ABAA224D73C400E8BDD1 /* Debug */ = {
			isa = XCBuildConfiguration;
			baseConfigurationReference = 9DA5FBDDF894B044FA1831F3 /* Pods-Aeon Garden iOS.debug.xcconfig */;
			buildSettings = {
				ASSETCATALOG_COMPILER_APPICON_NAME = AppIcon;
				CLANG_ENABLE_OBJC_WEAK = YES;
				CODE_SIGN_IDENTITY = "iPhone Developer";
				CODE_SIGN_STYLE = Automatic;
				DEVELOPMENT_TEAM = 2Y9M69QJKZ;
				INFOPLIST_FILE = "Aeon Garden iOS/Info.plist";
				IPHONEOS_DEPLOYMENT_TARGET = 11.0;
				LD_RUNPATH_SEARCH_PATHS = "$(inherited) @executable_path/Frameworks";
				MTL_ENABLE_DEBUG_INFO = INCLUDE_SOURCE;
				MTL_FAST_MATH = YES;
				PRODUCT_BUNDLE_IDENTIFIER = "net.amiantos.Aeon-Garden";
				PRODUCT_NAME = "Aeon Garden";
				SDKROOT = iphoneos;
				SWIFT_VERSION = 5.0;
				TARGETED_DEVICE_FAMILY = "1,2";
			};
			name = Debug;
		};
		B413ABAB224D73C400E8BDD1 /* Release */ = {
			isa = XCBuildConfiguration;
			baseConfigurationReference = 36FD16856D813C5EFD6431ED /* Pods-Aeon Garden iOS.release.xcconfig */;
			buildSettings = {
				ASSETCATALOG_COMPILER_APPICON_NAME = AppIcon;
				CLANG_ENABLE_OBJC_WEAK = YES;
				CODE_SIGN_IDENTITY = "iPhone Developer";
				CODE_SIGN_STYLE = Automatic;
				DEVELOPMENT_TEAM = 2Y9M69QJKZ;
				INFOPLIST_FILE = "Aeon Garden iOS/Info.plist";
				IPHONEOS_DEPLOYMENT_TARGET = 11.0;
				LD_RUNPATH_SEARCH_PATHS = "$(inherited) @executable_path/Frameworks";
				MTL_FAST_MATH = YES;
				PRODUCT_BUNDLE_IDENTIFIER = "net.amiantos.Aeon-Garden";
				PRODUCT_NAME = "Aeon Garden";
				SDKROOT = iphoneos;
				SWIFT_VERSION = 5.0;
				TARGETED_DEVICE_FAMILY = "1,2";
				VALIDATE_PRODUCT = YES;
			};
			name = Release;
		};
		B413ABAC224D73C400E8BDD1 /* Debug */ = {
			isa = XCBuildConfiguration;
			buildSettings = {
				ASSETCATALOG_COMPILER_APPICON_NAME = "tvOS App Icon & Top Shelf Image";
				ASSETCATALOG_COMPILER_LAUNCHIMAGE_NAME = "tvOS LaunchImage";
				CLANG_ENABLE_OBJC_WEAK = YES;
				CODE_SIGN_STYLE = Automatic;
				DEVELOPMENT_TEAM = 2Y9M69QJKZ;
				INFOPLIST_FILE = "Aeon Garden tvOS/Info.plist";
				LD_RUNPATH_SEARCH_PATHS = "$(inherited) @executable_path/Frameworks";
				MTL_ENABLE_DEBUG_INFO = INCLUDE_SOURCE;
				MTL_FAST_MATH = YES;
				PRODUCT_BUNDLE_IDENTIFIER = "net.amiantos.Aeon-Garden";
				PRODUCT_NAME = "Aeon Garden";
				SDKROOT = appletvos;
				SWIFT_VERSION = 5.0;
				TARGETED_DEVICE_FAMILY = 3;
				TVOS_DEPLOYMENT_TARGET = 12.2;
			};
			name = Debug;
		};
		B413ABAD224D73C400E8BDD1 /* Release */ = {
			isa = XCBuildConfiguration;
			buildSettings = {
				ASSETCATALOG_COMPILER_APPICON_NAME = "tvOS App Icon & Top Shelf Image";
				ASSETCATALOG_COMPILER_LAUNCHIMAGE_NAME = "tvOS LaunchImage";
				CLANG_ENABLE_OBJC_WEAK = YES;
				CODE_SIGN_STYLE = Automatic;
				DEVELOPMENT_TEAM = 2Y9M69QJKZ;
				INFOPLIST_FILE = "Aeon Garden tvOS/Info.plist";
				LD_RUNPATH_SEARCH_PATHS = "$(inherited) @executable_path/Frameworks";
				MTL_FAST_MATH = YES;
				PRODUCT_BUNDLE_IDENTIFIER = "net.amiantos.Aeon-Garden";
				PRODUCT_NAME = "Aeon Garden";
				SDKROOT = appletvos;
				SWIFT_VERSION = 5.0;
				TARGETED_DEVICE_FAMILY = 3;
				TVOS_DEPLOYMENT_TARGET = 12.2;
				VALIDATE_PRODUCT = YES;
			};
			name = Release;
		};
		B413ABAE224D73C400E8BDD1 /* Debug */ = {
			isa = XCBuildConfiguration;
			buildSettings = {
				ASSETCATALOG_COMPILER_APPICON_NAME = AppIcon;
				CLANG_ENABLE_OBJC_WEAK = YES;
				CODE_SIGN_IDENTITY = "-";
				CODE_SIGN_STYLE = Automatic;
				COMBINE_HIDPI_IMAGES = YES;
				DEVELOPMENT_TEAM = 2Y9M69QJKZ;
				INFOPLIST_FILE = "Aeon Garden macOS/Info.plist";
				LD_RUNPATH_SEARCH_PATHS = "$(inherited) @executable_path/../Frameworks";
				MACOSX_DEPLOYMENT_TARGET = 10.14;
				MTL_ENABLE_DEBUG_INFO = INCLUDE_SOURCE;
				MTL_FAST_MATH = YES;
				PRODUCT_BUNDLE_IDENTIFIER = "net.amiantos.Aeon-Garden";
				PRODUCT_NAME = "Aeon Garden";
				SDKROOT = macosx;
				SWIFT_VERSION = 5.0;
			};
			name = Debug;
		};
		B413ABAF224D73C400E8BDD1 /* Release */ = {
			isa = XCBuildConfiguration;
			buildSettings = {
				ASSETCATALOG_COMPILER_APPICON_NAME = AppIcon;
				CLANG_ENABLE_OBJC_WEAK = YES;
				CODE_SIGN_IDENTITY = "-";
				CODE_SIGN_STYLE = Automatic;
				COMBINE_HIDPI_IMAGES = YES;
				DEVELOPMENT_TEAM = 2Y9M69QJKZ;
				INFOPLIST_FILE = "Aeon Garden macOS/Info.plist";
				LD_RUNPATH_SEARCH_PATHS = "$(inherited) @executable_path/../Frameworks";
				MACOSX_DEPLOYMENT_TARGET = 10.14;
				MTL_FAST_MATH = YES;
				PRODUCT_BUNDLE_IDENTIFIER = "net.amiantos.Aeon-Garden";
				PRODUCT_NAME = "Aeon Garden";
				SDKROOT = macosx;
				SWIFT_VERSION = 5.0;
			};
			name = Release;
		};
		B48DDAC71F80943500DEA908 /* Debug */ = {
			isa = XCBuildConfiguration;
			buildSettings = {
				ALWAYS_SEARCH_USER_PATHS = NO;
				CLANG_ANALYZER_NONNULL = YES;
				CLANG_ANALYZER_NUMBER_OBJECT_CONVERSION = YES_AGGRESSIVE;
				CLANG_CXX_LANGUAGE_STANDARD = "gnu++14";
				CLANG_CXX_LIBRARY = "libc++";
				CLANG_ENABLE_MODULES = YES;
				CLANG_ENABLE_OBJC_ARC = YES;
				CLANG_WARN_BLOCK_CAPTURE_AUTORELEASING = YES;
				CLANG_WARN_BOOL_CONVERSION = YES;
				CLANG_WARN_COMMA = YES;
				CLANG_WARN_CONSTANT_CONVERSION = YES;
				CLANG_WARN_DEPRECATED_OBJC_IMPLEMENTATIONS = YES;
				CLANG_WARN_DIRECT_OBJC_ISA_USAGE = YES_ERROR;
				CLANG_WARN_DOCUMENTATION_COMMENTS = YES;
				CLANG_WARN_EMPTY_BODY = YES;
				CLANG_WARN_ENUM_CONVERSION = YES;
				CLANG_WARN_INFINITE_RECURSION = YES;
				CLANG_WARN_INT_CONVERSION = YES;
				CLANG_WARN_NON_LITERAL_NULL_CONVERSION = YES;
				CLANG_WARN_OBJC_IMPLICIT_RETAIN_SELF = YES;
				CLANG_WARN_OBJC_LITERAL_CONVERSION = YES;
				CLANG_WARN_OBJC_ROOT_CLASS = YES_ERROR;
				CLANG_WARN_RANGE_LOOP_ANALYSIS = YES;
				CLANG_WARN_STRICT_PROTOTYPES = YES;
				CLANG_WARN_SUSPICIOUS_MOVE = YES;
				CLANG_WARN_UNGUARDED_AVAILABILITY = YES_AGGRESSIVE;
				CLANG_WARN_UNREACHABLE_CODE = YES;
				CLANG_WARN__DUPLICATE_METHOD_MATCH = YES;
				CODE_SIGN_IDENTITY = "iPhone Developer";
				COPY_PHASE_STRIP = NO;
				DEBUG_INFORMATION_FORMAT = dwarf;
				ENABLE_STRICT_OBJC_MSGSEND = YES;
				ENABLE_TESTABILITY = YES;
				GCC_C_LANGUAGE_STANDARD = gnu11;
				GCC_DYNAMIC_NO_PIC = NO;
				GCC_NO_COMMON_BLOCKS = YES;
				GCC_OPTIMIZATION_LEVEL = 0;
				GCC_PREPROCESSOR_DEFINITIONS = (
					"DEBUG=1",
					"$(inherited)",
				);
				GCC_WARN_64_TO_32_BIT_CONVERSION = YES;
				GCC_WARN_ABOUT_RETURN_TYPE = YES_ERROR;
				GCC_WARN_UNDECLARED_SELECTOR = YES;
				GCC_WARN_UNINITIALIZED_AUTOS = YES_AGGRESSIVE;
				GCC_WARN_UNUSED_FUNCTION = YES;
				GCC_WARN_UNUSED_VARIABLE = YES;
				IPHONEOS_DEPLOYMENT_TARGET = 11.0;
				MTL_ENABLE_DEBUG_INFO = YES;
				ONLY_ACTIVE_ARCH = YES;
				SDKROOT = iphoneos;
				SWIFT_ACTIVE_COMPILATION_CONDITIONS = DEBUG;
				SWIFT_OPTIMIZATION_LEVEL = "-Onone";
			};
			name = Debug;
		};
		B48DDAC81F80943500DEA908 /* Release */ = {
			isa = XCBuildConfiguration;
			buildSettings = {
				ALWAYS_SEARCH_USER_PATHS = NO;
				CLANG_ANALYZER_NONNULL = YES;
				CLANG_ANALYZER_NUMBER_OBJECT_CONVERSION = YES_AGGRESSIVE;
				CLANG_CXX_LANGUAGE_STANDARD = "gnu++14";
				CLANG_CXX_LIBRARY = "libc++";
				CLANG_ENABLE_MODULES = YES;
				CLANG_ENABLE_OBJC_ARC = YES;
				CLANG_WARN_BLOCK_CAPTURE_AUTORELEASING = YES;
				CLANG_WARN_BOOL_CONVERSION = YES;
				CLANG_WARN_COMMA = YES;
				CLANG_WARN_CONSTANT_CONVERSION = YES;
				CLANG_WARN_DEPRECATED_OBJC_IMPLEMENTATIONS = YES;
				CLANG_WARN_DIRECT_OBJC_ISA_USAGE = YES_ERROR;
				CLANG_WARN_DOCUMENTATION_COMMENTS = YES;
				CLANG_WARN_EMPTY_BODY = YES;
				CLANG_WARN_ENUM_CONVERSION = YES;
				CLANG_WARN_INFINITE_RECURSION = YES;
				CLANG_WARN_INT_CONVERSION = YES;
				CLANG_WARN_NON_LITERAL_NULL_CONVERSION = YES;
				CLANG_WARN_OBJC_IMPLICIT_RETAIN_SELF = YES;
				CLANG_WARN_OBJC_LITERAL_CONVERSION = YES;
				CLANG_WARN_OBJC_ROOT_CLASS = YES_ERROR;
				CLANG_WARN_RANGE_LOOP_ANALYSIS = YES;
				CLANG_WARN_STRICT_PROTOTYPES = YES;
				CLANG_WARN_SUSPICIOUS_MOVE = YES;
				CLANG_WARN_UNGUARDED_AVAILABILITY = YES_AGGRESSIVE;
				CLANG_WARN_UNREACHABLE_CODE = YES;
				CLANG_WARN__DUPLICATE_METHOD_MATCH = YES;
				CODE_SIGN_IDENTITY = "iPhone Developer";
				COPY_PHASE_STRIP = NO;
				DEBUG_INFORMATION_FORMAT = "dwarf-with-dsym";
				ENABLE_NS_ASSERTIONS = NO;
				ENABLE_STRICT_OBJC_MSGSEND = YES;
				GCC_C_LANGUAGE_STANDARD = gnu11;
				GCC_NO_COMMON_BLOCKS = YES;
				GCC_WARN_64_TO_32_BIT_CONVERSION = YES;
				GCC_WARN_ABOUT_RETURN_TYPE = YES_ERROR;
				GCC_WARN_UNDECLARED_SELECTOR = YES;
				GCC_WARN_UNINITIALIZED_AUTOS = YES_AGGRESSIVE;
				GCC_WARN_UNUSED_FUNCTION = YES;
				GCC_WARN_UNUSED_VARIABLE = YES;
				IPHONEOS_DEPLOYMENT_TARGET = 11.0;
				MTL_ENABLE_DEBUG_INFO = NO;
				SDKROOT = iphoneos;
				SWIFT_OPTIMIZATION_LEVEL = "-Owholemodule";
				VALIDATE_PRODUCT = YES;
			};
			name = Release;
		};
		B48DDACA1F80943500DEA908 /* Debug */ = {
			isa = XCBuildConfiguration;
			baseConfigurationReference = 1921664E2469C290D4148C61 /* Pods-Aeon Garden Original iOS.debug.xcconfig */;
			buildSettings = {
				ASSETCATALOG_COMPILER_APPICON_NAME = AppIcon;
				CODE_SIGN_STYLE = Automatic;
				DEVELOPMENT_TEAM = 2Y9M69QJKZ;
				INFOPLIST_FILE = "$(SRCROOT)/Aeon Garden Original/Info.plist";
				IPHONEOS_DEPLOYMENT_TARGET = 11.0;
				LD_RUNPATH_SEARCH_PATHS = "$(inherited) @executable_path/Frameworks";
				PRODUCT_BUNDLE_IDENTIFIER = "net.amiantos.Aeon-Garden";
				PRODUCT_NAME = "$(TARGET_NAME)";
				SWIFT_VERSION = 5.0;
				TARGETED_DEVICE_FAMILY = "1,2";
			};
			name = Debug;
		};
		B48DDACB1F80943500DEA908 /* Release */ = {
			isa = XCBuildConfiguration;
			baseConfigurationReference = AD05DABBB678E736592C175E /* Pods-Aeon Garden Original iOS.release.xcconfig */;
			buildSettings = {
				ASSETCATALOG_COMPILER_APPICON_NAME = AppIcon;
				CODE_SIGN_STYLE = Automatic;
				DEVELOPMENT_TEAM = 2Y9M69QJKZ;
				INFOPLIST_FILE = "$(SRCROOT)/Aeon Garden Original/Info.plist";
				IPHONEOS_DEPLOYMENT_TARGET = 11.0;
				LD_RUNPATH_SEARCH_PATHS = "$(inherited) @executable_path/Frameworks";
				PRODUCT_BUNDLE_IDENTIFIER = "net.amiantos.Aeon-Garden";
				PRODUCT_NAME = "$(TARGET_NAME)";
				SWIFT_VERSION = 5.0;
				TARGETED_DEVICE_FAMILY = "1,2";
			};
			name = Release;
		};
/* End XCBuildConfiguration section */

/* Begin XCConfigurationList section */
		B413ABB0224D73C400E8BDD1 /* Build configuration list for PBXNativeTarget "Aeon Garden iOS" */ = {
			isa = XCConfigurationList;
			buildConfigurations = (
				B413ABAA224D73C400E8BDD1 /* Debug */,
				B413ABAB224D73C400E8BDD1 /* Release */,
			);
			defaultConfigurationIsVisible = 0;
			defaultConfigurationName = Release;
		};
		B413ABB1224D73C400E8BDD1 /* Build configuration list for PBXNativeTarget "Aeon Garden tvOS" */ = {
			isa = XCConfigurationList;
			buildConfigurations = (
				B413ABAC224D73C400E8BDD1 /* Debug */,
				B413ABAD224D73C400E8BDD1 /* Release */,
			);
			defaultConfigurationIsVisible = 0;
			defaultConfigurationName = Release;
		};
		B413ABB2224D73C400E8BDD1 /* Build configuration list for PBXNativeTarget "Aeon Garden macOS" */ = {
			isa = XCConfigurationList;
			buildConfigurations = (
				B413ABAE224D73C400E8BDD1 /* Debug */,
				B413ABAF224D73C400E8BDD1 /* Release */,
			);
			defaultConfigurationIsVisible = 0;
			defaultConfigurationName = Release;
		};
		B48DDAAC1F80943500DEA908 /* Build configuration list for PBXProject "Aeon Garden" */ = {
			isa = XCConfigurationList;
			buildConfigurations = (
				B48DDAC71F80943500DEA908 /* Debug */,
				B48DDAC81F80943500DEA908 /* Release */,
			);
			defaultConfigurationIsVisible = 0;
			defaultConfigurationName = Release;
		};
		B48DDAC91F80943500DEA908 /* Build configuration list for PBXNativeTarget "Aeon Garden Original iOS" */ = {
			isa = XCConfigurationList;
			buildConfigurations = (
				B48DDACA1F80943500DEA908 /* Debug */,
				B48DDACB1F80943500DEA908 /* Release */,
			);
			defaultConfigurationIsVisible = 0;
			defaultConfigurationName = Release;
		};
/* End XCConfigurationList section */
	};
	rootObject = B48DDAA91F80943500DEA908 /* Project object */;
}
